// !$*UTF8*$!
{
	archiveVersion = 1;
	classes = {
	};
	objectVersion = 46;
	objects = {

/* Begin PBXBuildFile section */
		039DBBE513BE7D1400BF7A66 /* MoaiVC.mm in Sources */ = {isa = PBXBuildFile; fileRef = 039DBBE413BE7D1400BF7A66 /* MoaiVC.mm */; };
		03CC905813B3C1B700B2724C /* Icon-72.png in Resources */ = {isa = PBXBuildFile; fileRef = 03CC904F13B3C1B700B2724C /* Icon-72.png */; };
		03CC905913B3C1B700B2724C /* Icon-Small-50.png in Resources */ = {isa = PBXBuildFile; fileRef = 03CC905013B3C1B700B2724C /* Icon-Small-50.png */; };
		03CC905A13B3C1B700B2724C /* Icon-Small.png in Resources */ = {isa = PBXBuildFile; fileRef = 03CC905113B3C1B700B2724C /* Icon-Small.png */; };
		03CC905B13B3C1B700B2724C /* Icon-Small@2x.png in Resources */ = {isa = PBXBuildFile; fileRef = 03CC905213B3C1B700B2724C /* Icon-Small@2x.png */; };
		03CC905C13B3C1B700B2724C /* Icon.png in Resources */ = {isa = PBXBuildFile; fileRef = 03CC905313B3C1B700B2724C /* Icon.png */; };
		03CC905D13B3C1B700B2724C /* Icon@2x.png in Resources */ = {isa = PBXBuildFile; fileRef = 03CC905413B3C1B700B2724C /* Icon@2x.png */; };
		03CC905F13B3C1B700B2724C /* MainWindow-iPad.xib in Resources */ = {isa = PBXBuildFile; fileRef = 03CC905613B3C1B700B2724C /* MainWindow-iPad.xib */; };
		03CC906013B3C1B700B2724C /* MainWindow-iPhone.xib in Resources */ = {isa = PBXBuildFile; fileRef = 03CC905713B3C1B700B2724C /* MainWindow-iPhone.xib */; };
		03CC90A413B3C37200B2724C /* AppDelegate.mm in Sources */ = {isa = PBXBuildFile; fileRef = 03CC909C13B3C37200B2724C /* AppDelegate.mm */; };
		03CC90A513B3C37200B2724C /* LocationObserver.mm in Sources */ = {isa = PBXBuildFile; fileRef = 03CC909E13B3C37200B2724C /* LocationObserver.mm */; };
		03CC90A613B3C37200B2724C /* MoaiView.mm in Sources */ = {isa = PBXBuildFile; fileRef = 03CC90A013B3C37200B2724C /* MoaiView.mm */; };
		03CC90A713B3C37200B2724C /* OpenGLView.mm in Sources */ = {isa = PBXBuildFile; fileRef = 03CC90A213B3C37200B2724C /* OpenGLView.mm */; };
		03CC90A913B3C37C00B2724C /* main.mm in Sources */ = {isa = PBXBuildFile; fileRef = 03CC90A813B3C37C00B2724C /* main.mm */; };
		03CC90F813B3C45A00B2724C /* OpenGLES.framework in Frameworks */ = {isa = PBXBuildFile; fileRef = 03CC90F713B3C45A00B2724C /* OpenGLES.framework */; };
		03CC90FE13B3C46A00B2724C /* CoreLocation.framework in Frameworks */ = {isa = PBXBuildFile; fileRef = 03CC90FD13B3C46A00B2724C /* CoreLocation.framework */; };
		03CC910413B3C47600B2724C /* CoreAudio.framework in Frameworks */ = {isa = PBXBuildFile; fileRef = 03CC910313B3C47600B2724C /* CoreAudio.framework */; };
		03CC910C13B3C48400B2724C /* AudioToolbox.framework in Frameworks */ = {isa = PBXBuildFile; fileRef = 03CC910B13B3C48400B2724C /* AudioToolbox.framework */; };
		03CC911C13B3C49400B2724C /* SystemConfiguration.framework in Frameworks */ = {isa = PBXBuildFile; fileRef = 03CC911B13B3C49400B2724C /* SystemConfiguration.framework */; };
		03CC912213B3C4A400B2724C /* QuartzCore.framework in Frameworks */ = {isa = PBXBuildFile; fileRef = 03CC912113B3C4A400B2724C /* QuartzCore.framework */; };
		03CC912813B3C4B100B2724C /* libz.1.2.3.dylib in Frameworks */ = {isa = PBXBuildFile; fileRef = 03CC912713B3C4B100B2724C /* libz.1.2.3.dylib */; };
		03CC912C13B3C4C000B2724C /* StoreKit.framework in Frameworks */ = {isa = PBXBuildFile; fileRef = 03CC912B13B3C4C000B2724C /* StoreKit.framework */; };
		03E280A713C7D22600EE3B0D /* lua in Resources */ = {isa = PBXBuildFile; fileRef = 03E280A513C7D22600EE3B0D /* lua */; };
		03E280BA13C7D31C00EE3B0D /* CoreTelephony.framework in Frameworks */ = {isa = PBXBuildFile; fileRef = 03E280B913C7D31C00EE3B0D /* CoreTelephony.framework */; };
		03EB9FE613BD372600469D9E /* libmoai-ios-3rdparty.a in Frameworks */ = {isa = PBXBuildFile; fileRef = 03EB9FE213BD372600469D9E /* libmoai-ios-3rdparty.a */; };
		03EB9FE713BD372600469D9E /* libmoai-ios-luaext.a in Frameworks */ = {isa = PBXBuildFile; fileRef = 03EB9FE313BD372600469D9E /* libmoai-ios-luaext.a */; };
		03EB9FE813BD372600469D9E /* libmoai-ios-untz.a in Frameworks */ = {isa = PBXBuildFile; fileRef = 03EB9FE413BD372600469D9E /* libmoai-ios-untz.a */; };
		03EB9FE913BD372600469D9E /* libmoai-ios.a in Frameworks */ = {isa = PBXBuildFile; fileRef = 03EB9FE513BD372600469D9E /* libmoai-ios.a */; };
		1D60589F0D05DD5A006BFB54 /* Foundation.framework in Frameworks */ = {isa = PBXBuildFile; fileRef = 1D30AB110D05D00D00671497 /* Foundation.framework */; };
		1DF5F4E00D08C38300B7A737 /* UIKit.framework in Frameworks */ = {isa = PBXBuildFile; fileRef = 1DF5F4DF0D08C38300B7A737 /* UIKit.framework */; };
		288765A50DF7441C002DB57D /* CoreGraphics.framework in Frameworks */ = {isa = PBXBuildFile; fileRef = 288765A40DF7441C002DB57D /* CoreGraphics.framework */; };
/* End PBXBuildFile section */

/* Begin PBXFileReference section */
		039DBBE313BE7D1400BF7A66 /* MoaiVC.h */ = {isa = PBXFileReference; fileEncoding = 4; lastKnownFileType = sourcecode.c.h; path = MoaiVC.h; sourceTree = "<group>"; };
		039DBBE413BE7D1400BF7A66 /* MoaiVC.mm */ = {isa = PBXFileReference; fileEncoding = 4; lastKnownFileType = sourcecode.cpp.objcpp; path = MoaiVC.mm; sourceTree = "<group>"; };
		03CC904F13B3C1B700B2724C /* Icon-72.png */ = {isa = PBXFileReference; lastKnownFileType = image.png; path = "Icon-72.png"; sourceTree = "<group>"; };
		03CC905013B3C1B700B2724C /* Icon-Small-50.png */ = {isa = PBXFileReference; lastKnownFileType = image.png; path = "Icon-Small-50.png"; sourceTree = "<group>"; };
		03CC905113B3C1B700B2724C /* Icon-Small.png */ = {isa = PBXFileReference; lastKnownFileType = image.png; path = "Icon-Small.png"; sourceTree = "<group>"; };
		03CC905213B3C1B700B2724C /* Icon-Small@2x.png */ = {isa = PBXFileReference; lastKnownFileType = image.png; path = "Icon-Small@2x.png"; sourceTree = "<group>"; };
		03CC905313B3C1B700B2724C /* Icon.png */ = {isa = PBXFileReference; lastKnownFileType = image.png; path = Icon.png; sourceTree = "<group>"; };
		03CC905413B3C1B700B2724C /* Icon@2x.png */ = {isa = PBXFileReference; lastKnownFileType = image.png; path = "Icon@2x.png"; sourceTree = "<group>"; };
		03CC905513B3C1B700B2724C /* Info.plist */ = {isa = PBXFileReference; fileEncoding = 4; lastKnownFileType = text.plist.xml; path = Info.plist; sourceTree = "<group>"; };
		03CC905613B3C1B700B2724C /* MainWindow-iPad.xib */ = {isa = PBXFileReference; lastKnownFileType = file.xib; path = "MainWindow-iPad.xib"; sourceTree = "<group>"; };
		03CC905713B3C1B700B2724C /* MainWindow-iPhone.xib */ = {isa = PBXFileReference; lastKnownFileType = file.xib; path = "MainWindow-iPhone.xib"; sourceTree = "<group>"; };
		03CC909B13B3C37200B2724C /* AppDelegate.h */ = {isa = PBXFileReference; fileEncoding = 4; lastKnownFileType = sourcecode.c.h; path = AppDelegate.h; sourceTree = "<group>"; };
		03CC909C13B3C37200B2724C /* AppDelegate.mm */ = {isa = PBXFileReference; fileEncoding = 4; lastKnownFileType = sourcecode.cpp.objcpp; path = AppDelegate.mm; sourceTree = "<group>"; };
		03CC909D13B3C37200B2724C /* LocationObserver.h */ = {isa = PBXFileReference; fileEncoding = 4; lastKnownFileType = sourcecode.c.h; path = LocationObserver.h; sourceTree = "<group>"; };
		03CC909E13B3C37200B2724C /* LocationObserver.mm */ = {isa = PBXFileReference; fileEncoding = 4; lastKnownFileType = sourcecode.cpp.objcpp; path = LocationObserver.mm; sourceTree = "<group>"; };
		03CC909F13B3C37200B2724C /* MoaiView.h */ = {isa = PBXFileReference; fileEncoding = 4; lastKnownFileType = sourcecode.c.h; path = MoaiView.h; sourceTree = "<group>"; };
		03CC90A013B3C37200B2724C /* MoaiView.mm */ = {isa = PBXFileReference; fileEncoding = 4; lastKnownFileType = sourcecode.cpp.objcpp; path = MoaiView.mm; sourceTree = "<group>"; };
		03CC90A113B3C37200B2724C /* OpenGLView.h */ = {isa = PBXFileReference; fileEncoding = 4; lastKnownFileType = sourcecode.c.h; path = OpenGLView.h; sourceTree = "<group>"; };
		03CC90A213B3C37200B2724C /* OpenGLView.mm */ = {isa = PBXFileReference; fileEncoding = 4; lastKnownFileType = sourcecode.cpp.objcpp; path = OpenGLView.mm; sourceTree = "<group>"; };
		03CC90A313B3C37200B2724C /* RefPtr.h */ = {isa = PBXFileReference; fileEncoding = 4; lastKnownFileType = sourcecode.c.h; path = RefPtr.h; sourceTree = "<group>"; };
		03CC90A813B3C37C00B2724C /* main.mm */ = {isa = PBXFileReference; fileEncoding = 4; lastKnownFileType = sourcecode.cpp.objcpp; path = main.mm; sourceTree = "<group>"; };
		03CC90AA13B3C38800B2724C /* Entitlements.plist */ = {isa = PBXFileReference; fileEncoding = 4; lastKnownFileType = text.plist.xml; path = Entitlements.plist; sourceTree = "<group>"; };
		03CC90F713B3C45A00B2724C /* OpenGLES.framework */ = {isa = PBXFileReference; lastKnownFileType = wrapper.framework; name = OpenGLES.framework; path = System/Library/Frameworks/OpenGLES.framework; sourceTree = SDKROOT; };
		03CC90FD13B3C46A00B2724C /* CoreLocation.framework */ = {isa = PBXFileReference; lastKnownFileType = wrapper.framework; name = CoreLocation.framework; path = System/Library/Frameworks/CoreLocation.framework; sourceTree = SDKROOT; };
		03CC910313B3C47600B2724C /* CoreAudio.framework */ = {isa = PBXFileReference; lastKnownFileType = wrapper.framework; name = CoreAudio.framework; path = System/Library/Frameworks/CoreAudio.framework; sourceTree = SDKROOT; };
		03CC910B13B3C48400B2724C /* AudioToolbox.framework */ = {isa = PBXFileReference; lastKnownFileType = wrapper.framework; name = AudioToolbox.framework; path = System/Library/Frameworks/AudioToolbox.framework; sourceTree = SDKROOT; };
		03CC911B13B3C49400B2724C /* SystemConfiguration.framework */ = {isa = PBXFileReference; lastKnownFileType = wrapper.framework; name = SystemConfiguration.framework; path = System/Library/Frameworks/SystemConfiguration.framework; sourceTree = SDKROOT; };
		03CC912113B3C4A400B2724C /* QuartzCore.framework */ = {isa = PBXFileReference; lastKnownFileType = wrapper.framework; name = QuartzCore.framework; path = System/Library/Frameworks/QuartzCore.framework; sourceTree = SDKROOT; };
		03CC912713B3C4B100B2724C /* libz.1.2.3.dylib */ = {isa = PBXFileReference; lastKnownFileType = "compiled.mach-o.dylib"; name = libz.1.2.3.dylib; path = usr/lib/libz.1.2.3.dylib; sourceTree = SDKROOT; };
		03CC912B13B3C4C000B2724C /* StoreKit.framework */ = {isa = PBXFileReference; lastKnownFileType = wrapper.framework; name = StoreKit.framework; path = System/Library/Frameworks/StoreKit.framework; sourceTree = SDKROOT; };
		03E280A513C7D22600EE3B0D /* lua */ = {isa = PBXFileReference; lastKnownFileType = folder; path = lua; sourceTree = "<group>"; };
		03E280B913C7D31C00EE3B0D /* CoreTelephony.framework */ = {isa = PBXFileReference; lastKnownFileType = wrapper.framework; name = CoreTelephony.framework; path = System/Library/Frameworks/CoreTelephony.framework; sourceTree = SDKROOT; };
		03E280C213C7D35D00EE3B0D /* moai-target */ = {isa = PBXFileReference; fileEncoding = 4; lastKnownFileType = text; path = "moai-target"; sourceTree = "<group>"; };
		03EB9FE213BD372600469D9E /* libmoai-ios-3rdparty.a */ = {isa = PBXFileReference; lastKnownFileType = archive.ar; name = "libmoai-ios-3rdparty.a"; path = "../../bin/ios/libmoai-ios-3rdparty.a"; sourceTree = SOURCE_ROOT; };
		03EB9FE313BD372600469D9E /* libmoai-ios-luaext.a */ = {isa = PBXFileReference; lastKnownFileType = archive.ar; name = "libmoai-ios-luaext.a"; path = "../../bin/ios/libmoai-ios-luaext.a"; sourceTree = SOURCE_ROOT; };
		03EB9FE413BD372600469D9E /* libmoai-ios-untz.a */ = {isa = PBXFileReference; lastKnownFileType = archive.ar; name = "libmoai-ios-untz.a"; path = "../../bin/ios/libmoai-ios-untz.a"; sourceTree = SOURCE_ROOT; };
		03EB9FE513BD372600469D9E /* libmoai-ios.a */ = {isa = PBXFileReference; lastKnownFileType = archive.ar; name = "libmoai-ios.a"; path = "../../bin/ios/libmoai-ios.a"; sourceTree = SOURCE_ROOT; };
		1D30AB110D05D00D00671497 /* Foundation.framework */ = {isa = PBXFileReference; lastKnownFileType = wrapper.framework; name = Foundation.framework; path = System/Library/Frameworks/Foundation.framework; sourceTree = SDKROOT; };
		1D6058910D05DD3D006BFB54 /* MoaiSample.app */ = {isa = PBXFileReference; explicitFileType = wrapper.application; includeInIndex = 0; path = MoaiSample.app; sourceTree = BUILT_PRODUCTS_DIR; };
		1DF5F4DF0D08C38300B7A737 /* UIKit.framework */ = {isa = PBXFileReference; lastKnownFileType = wrapper.framework; name = UIKit.framework; path = System/Library/Frameworks/UIKit.framework; sourceTree = SDKROOT; };
		288765A40DF7441C002DB57D /* CoreGraphics.framework */ = {isa = PBXFileReference; lastKnownFileType = wrapper.framework; name = CoreGraphics.framework; path = System/Library/Frameworks/CoreGraphics.framework; sourceTree = SDKROOT; };
		32CA4F630368D1EE00C91783 /* moai_Prefix.pch */ = {isa = PBXFileReference; fileEncoding = 4; lastKnownFileType = sourcecode.c.h; path = moai_Prefix.pch; sourceTree = "<group>"; };
/* End PBXFileReference section */

/* Begin PBXFrameworksBuildPhase section */
		1D60588F0D05DD3D006BFB54 /* Frameworks */ = {
			isa = PBXFrameworksBuildPhase;
			buildActionMask = 2147483647;
			files = (
				1D60589F0D05DD5A006BFB54 /* Foundation.framework in Frameworks */,
				1DF5F4E00D08C38300B7A737 /* UIKit.framework in Frameworks */,
				288765A50DF7441C002DB57D /* CoreGraphics.framework in Frameworks */,
				03CC90F813B3C45A00B2724C /* OpenGLES.framework in Frameworks */,
				03CC90FE13B3C46A00B2724C /* CoreLocation.framework in Frameworks */,
				03CC910413B3C47600B2724C /* CoreAudio.framework in Frameworks */,
				03CC910C13B3C48400B2724C /* AudioToolbox.framework in Frameworks */,
				03CC911C13B3C49400B2724C /* SystemConfiguration.framework in Frameworks */,
				03CC912213B3C4A400B2724C /* QuartzCore.framework in Frameworks */,
				03CC912813B3C4B100B2724C /* libz.1.2.3.dylib in Frameworks */,
				03CC912C13B3C4C000B2724C /* StoreKit.framework in Frameworks */,
				03EB9FE613BD372600469D9E /* libmoai-ios-3rdparty.a in Frameworks */,
				03EB9FE713BD372600469D9E /* libmoai-ios-luaext.a in Frameworks */,
				03EB9FE813BD372600469D9E /* libmoai-ios-untz.a in Frameworks */,
				03EB9FE913BD372600469D9E /* libmoai-ios.a in Frameworks */,
				03E280BA13C7D31C00EE3B0D /* CoreTelephony.framework in Frameworks */,
			);
			runOnlyForDeploymentPostprocessing = 0;
		};
/* End PBXFrameworksBuildPhase section */

/* Begin PBXGroup section */
		03E280A413C7D16200EE3B0D /* build */ = {
			isa = PBXGroup;
			children = (
				03E280C213C7D35D00EE3B0D /* moai-target */,
				03E280A513C7D22600EE3B0D /* lua */,
			);
			name = build;
			sourceTree = "<group>";
		};
		080E96DDFE201D6D7F000001 /* Classes */ = {
			isa = PBXGroup;
			children = (
				03CC909B13B3C37200B2724C /* AppDelegate.h */,
				03CC909C13B3C37200B2724C /* AppDelegate.mm */,
				03CC909D13B3C37200B2724C /* LocationObserver.h */,
				03CC909E13B3C37200B2724C /* LocationObserver.mm */,
				039DBBE313BE7D1400BF7A66 /* MoaiVC.h */,
				039DBBE413BE7D1400BF7A66 /* MoaiVC.mm */,
				03CC909F13B3C37200B2724C /* MoaiView.h */,
				03CC90A013B3C37200B2724C /* MoaiView.mm */,
				03CC90A113B3C37200B2724C /* OpenGLView.h */,
				03CC90A213B3C37200B2724C /* OpenGLView.mm */,
				03CC90A313B3C37200B2724C /* RefPtr.h */,
			);
			path = Classes;
			sourceTree = "<group>";
		};
		19C28FACFE9D520D11CA2CBB /* Products */ = {
			isa = PBXGroup;
			children = (
				1D6058910D05DD3D006BFB54 /* MoaiSample.app */,
			);
			name = Products;
			sourceTree = "<group>";
		};
		29B97314FDCFA39411CA2CEA /* CustomTemplate */ = {
			isa = PBXGroup;
			children = (
				080E96DDFE201D6D7F000001 /* Classes */,
				29B97315FDCFA39411CA2CEA /* Other Sources */,
				29B97317FDCFA39411CA2CEA /* Resources */,
				29B97323FDCFA39411CA2CEA /* Frameworks */,
				19C28FACFE9D520D11CA2CBB /* Products */,
			);
			name = CustomTemplate;
			sourceTree = "<group>";
		};
		29B97315FDCFA39411CA2CEA /* Other Sources */ = {
			isa = PBXGroup;
			children = (
				32CA4F630368D1EE00C91783 /* moai_Prefix.pch */,
				03CC90A813B3C37C00B2724C /* main.mm */,
			);
			name = "Other Sources";
			sourceTree = "<group>";
		};
		29B97317FDCFA39411CA2CEA /* Resources */ = {
			isa = PBXGroup;
			children = (
				03E280A413C7D16200EE3B0D /* build */,
				03CC90AA13B3C38800B2724C /* Entitlements.plist */,
				03CC904F13B3C1B700B2724C /* Icon-72.png */,
				03CC905013B3C1B700B2724C /* Icon-Small-50.png */,
				03CC905113B3C1B700B2724C /* Icon-Small.png */,
				03CC905213B3C1B700B2724C /* Icon-Small@2x.png */,
				03CC905313B3C1B700B2724C /* Icon.png */,
				03CC905413B3C1B700B2724C /* Icon@2x.png */,
				03CC905513B3C1B700B2724C /* Info.plist */,
				03CC905613B3C1B700B2724C /* MainWindow-iPad.xib */,
				03CC905713B3C1B700B2724C /* MainWindow-iPhone.xib */,
			);
			name = Resources;
			sourceTree = "<group>";
		};
		29B97323FDCFA39411CA2CEA /* Frameworks */ = {
			isa = PBXGroup;
			children = (
				03EB9FE213BD372600469D9E /* libmoai-ios-3rdparty.a */,
				03EB9FE313BD372600469D9E /* libmoai-ios-luaext.a */,
				03EB9FE413BD372600469D9E /* libmoai-ios-untz.a */,
				03EB9FE513BD372600469D9E /* libmoai-ios.a */,
				03CC910B13B3C48400B2724C /* AudioToolbox.framework */,
				03CC910313B3C47600B2724C /* CoreAudio.framework */,
				288765A40DF7441C002DB57D /* CoreGraphics.framework */,
				03CC90FD13B3C46A00B2724C /* CoreLocation.framework */,
				1D30AB110D05D00D00671497 /* Foundation.framework */,
				03CC912713B3C4B100B2724C /* libz.1.2.3.dylib */,
				03CC90F713B3C45A00B2724C /* OpenGLES.framework */,
				03CC912113B3C4A400B2724C /* QuartzCore.framework */,
				03CC912B13B3C4C000B2724C /* StoreKit.framework */,
				03CC911B13B3C49400B2724C /* SystemConfiguration.framework */,
				1DF5F4DF0D08C38300B7A737 /* UIKit.framework */,
				03E280B913C7D31C00EE3B0D /* CoreTelephony.framework */,
			);
			name = Frameworks;
			sourceTree = "<group>";
		};
/* End PBXGroup section */

/* Begin PBXNativeTarget section */
		1D6058900D05DD3D006BFB54 /* MoaiSample */ = {
			isa = PBXNativeTarget;
			buildConfigurationList = 1D6058960D05DD3E006BFB54 /* Build configuration list for PBXNativeTarget "MoaiSample" */;
			buildPhases = (
				03E280A913C7D26B00EE3B0D /* ShellScript */,
				1D60588D0D05DD3D006BFB54 /* Resources */,
				1D60588E0D05DD3D006BFB54 /* Sources */,
				1D60588F0D05DD3D006BFB54 /* Frameworks */,
			);
			buildRules = (
			);
			dependencies = (
			);
			name = MoaiSample;
			productName = MoaiSample;
			productReference = 1D6058910D05DD3D006BFB54 /* MoaiSample.app */;
			productType = "com.apple.product-type.application";
		};
/* End PBXNativeTarget section */

/* Begin PBXProject section */
		29B97313FDCFA39411CA2CEA /* Project object */ = {
			isa = PBXProject;
			buildConfigurationList = C01FCF4E08A954540054247B /* Build configuration list for PBXProject "moai" */;
			compatibilityVersion = "Xcode 3.2";
			developmentRegion = English;
			hasScannedForEncodings = 1;
			knownRegions = (
				English,
				Japanese,
				French,
				German,
			);
			mainGroup = 29B97314FDCFA39411CA2CEA /* CustomTemplate */;
			projectDirPath = "";
			projectRoot = "";
			targets = (
				1D6058900D05DD3D006BFB54 /* MoaiSample */,
			);
		};
/* End PBXProject section */

/* Begin PBXResourcesBuildPhase section */
		1D60588D0D05DD3D006BFB54 /* Resources */ = {
			isa = PBXResourcesBuildPhase;
			buildActionMask = 2147483647;
			files = (
				03CC905813B3C1B700B2724C /* Icon-72.png in Resources */,
				03CC905913B3C1B700B2724C /* Icon-Small-50.png in Resources */,
				03CC905A13B3C1B700B2724C /* Icon-Small.png in Resources */,
				03CC905B13B3C1B700B2724C /* Icon-Small@2x.png in Resources */,
				03CC905C13B3C1B700B2724C /* Icon.png in Resources */,
				03CC905D13B3C1B700B2724C /* Icon@2x.png in Resources */,
				03CC905F13B3C1B700B2724C /* MainWindow-iPad.xib in Resources */,
				03CC906013B3C1B700B2724C /* MainWindow-iPhone.xib in Resources */,
				03E280A713C7D22600EE3B0D /* lua in Resources */,
			);
			runOnlyForDeploymentPostprocessing = 0;
		};
/* End PBXResourcesBuildPhase section */

/* Begin PBXShellScriptBuildPhase section */
		03E280A913C7D26B00EE3B0D /* ShellScript */ = {
			isa = PBXShellScriptBuildPhase;
			buildActionMask = 2147483647;
			files = (
			);
			inputPaths = (
			);
			outputPaths = (
			);
			runOnlyForDeploymentPostprocessing = 0;
			shellPath = /bin/bash;
			shellScript = ./package.sh;
			showEnvVarsInLog = 0;
		};
/* End PBXShellScriptBuildPhase section */

/* Begin PBXSourcesBuildPhase section */
		1D60588E0D05DD3D006BFB54 /* Sources */ = {
			isa = PBXSourcesBuildPhase;
			buildActionMask = 2147483647;
			files = (
				03CC90A413B3C37200B2724C /* AppDelegate.mm in Sources */,
				03CC90A513B3C37200B2724C /* LocationObserver.mm in Sources */,
				03CC90A613B3C37200B2724C /* MoaiView.mm in Sources */,
				03CC90A713B3C37200B2724C /* OpenGLView.mm in Sources */,
				03CC90A913B3C37C00B2724C /* main.mm in Sources */,
				039DBBE513BE7D1400BF7A66 /* MoaiVC.mm in Sources */,
			);
			runOnlyForDeploymentPostprocessing = 0;
		};
/* End PBXSourcesBuildPhase section */

/* Begin XCBuildConfiguration section */
		1D6058940D05DD3E006BFB54 /* Debug */ = {
			isa = XCBuildConfiguration;
			buildSettings = {
				LIBRARY_SEARCH_PATHS = (
					"$(inherited)",
					"\"$(SRCROOT)/../../bin/ios\"",
				);
				PRODUCT_NAME = MoaiSample;
			};
			name = Debug;
		};
		1D6058950D05DD3E006BFB54 /* Release */ = {
			isa = XCBuildConfiguration;
			buildSettings = {
				LIBRARY_SEARCH_PATHS = (
					"$(inherited)",
					"\"$(SRCROOT)/../../bin/ios\"",
				);
				PRODUCT_NAME = MoaiSample;
			};
			name = Release;
		};
		C01FCF4F08A954540054247B /* Debug */ = {
			isa = XCBuildConfiguration;
			buildSettings = {
				ARCHS = "$(ARCHS_STANDARD_32_BIT)";
				"CODE_SIGN_IDENTITY[sdk=iphoneos*]" = "iPhone Developer";
				COMPRESS_PNG_FILES = NO;
				GCC_C_LANGUAGE_STANDARD = c99;
				GCC_WARN_ABOUT_RETURN_TYPE = YES;
				GCC_WARN_UNUSED_VARIABLE = YES;
				HEADER_SEARCH_PATHS = ../../include/;
				INFOPLIST_FILE = Info.plist;
				IPHONEOS_DEPLOYMENT_TARGET = 4.0;
				LIBRARY_SEARCH_PATHS = ../../bin/ios/;
				PREBINDING = NO;
				SDKROOT = iphoneos;
				TARGETED_DEVICE_FAMILY = "1,2";
			};
			name = Debug;
		};
		C01FCF5008A954540054247B /* Release */ = {
			isa = XCBuildConfiguration;
			buildSettings = {
				ARCHS = "$(ARCHS_STANDARD_32_BIT)";
				CODE_SIGN_ENTITLEMENTS = Entitlements.plist;
				"CODE_SIGN_IDENTITY[sdk=iphoneos*]" = "iPhone Developer";
				COMPRESS_PNG_FILES = NO;
				GCC_C_LANGUAGE_STANDARD = c99;
				GCC_WARN_ABOUT_RETURN_TYPE = YES;
				GCC_WARN_UNUSED_VARIABLE = YES;
				HEADER_SEARCH_PATHS = ../../include/;
				INFOPLIST_FILE = Info.plist;
				IPHONEOS_DEPLOYMENT_TARGET = 4.0;
				LIBRARY_SEARCH_PATHS = ../../bin/ios/;
				OTHER_CFLAGS = "-DNS_BLOCK_ASSERTIONS=1";
				PREBINDING = NO;
				SDKROOT = iphoneos;
				TARGETED_DEVICE_FAMILY = "1,2";
			};
			name = Release;
		};
/* End XCBuildConfiguration section */

/* Begin XCConfigurationList section */
		1D6058960D05DD3E006BFB54 /* Build configuration list for PBXNativeTarget "MoaiSample" */ = {
			isa = XCConfigurationList;
			buildConfigurations = (
				1D6058940D05DD3E006BFB54 /* Debug */,
				1D6058950D05DD3E006BFB54 /* Release */,
			);
			defaultConfigurationIsVisible = 0;
			defaultConfigurationName = Release;
		};
		C01FCF4E08A954540054247B /* Build configuration list for PBXProject "moai" */ = {
			isa = XCConfigurationList;
			buildConfigurations = (
				C01FCF4F08A954540054247B /* Debug */,
				C01FCF5008A954540054247B /* Release */,
			);
			defaultConfigurationIsVisible = 0;
			defaultConfigurationName = Release;
		};
/* End XCConfigurationList section */
	};
	rootObject = 29B97313FDCFA39411CA2CEA /* Project object */;
}
