<?xml version="1.0" encoding="utf-8"?>
<Project ToolsVersion="4.0" xmlns="http://schemas.microsoft.com/developer/msbuild/2003">
  <ItemGroup>
    <Filter Include="src">
      <UniqueIdentifier>{c1d05c56-3a84-4892-bb3b-26fe267cba17}</UniqueIdentifier>
    </Filter>
    <Filter Include="src\action">
      <UniqueIdentifier>{e8720b4e-b6c3-48cf-9377-3d8b3e03ba10}</UniqueIdentifier>
    </Filter>
    <Filter Include="src\log">
      <UniqueIdentifier>{adda5d01-2a00-46b5-bf26-f982d75fa0f4}</UniqueIdentifier>
    </Filter>
    <Filter Include="src\anim">
      <UniqueIdentifier>{3a77cd0b-0e02-4c12-967c-7da643f5cbc5}</UniqueIdentifier>
    </Filter>
    <Filter Include="src\box2D">
      <UniqueIdentifier>{36626edd-bb32-4d8a-8c6a-251673d1cf01}</UniqueIdentifier>
    </Filter>
    <Filter Include="src\chipmunk">
      <UniqueIdentifier>{b6b548a3-329c-4eb8-9fa1-346afc6eb313}</UniqueIdentifier>
    </Filter>
    <Filter Include="src\gfx">
      <UniqueIdentifier>{3ddda724-4d7c-4cdc-a57e-e149950843a7}</UniqueIdentifier>
    </Filter>
    <Filter Include="src\grid">
      <UniqueIdentifier>{c28943eb-7275-49ac-a07b-db41e7d5c0e6}</UniqueIdentifier>
    </Filter>
    <Filter Include="src\input">
      <UniqueIdentifier>{c6d535db-26bd-4374-87c9-6609cf17eee9}</UniqueIdentifier>
    </Filter>
    <Filter Include="src\node">
      <UniqueIdentifier>{a1a777e9-cde8-44c0-bc8d-1c50fccb7617}</UniqueIdentifier>
    </Filter>
    <Filter Include="src\particles">
      <UniqueIdentifier>{f2960568-099b-42f0-8b64-48c718741cb4}</UniqueIdentifier>
    </Filter>
    <Filter Include="src\partition">
      <UniqueIdentifier>{db16049c-1678-43f7-96f6-5f2660b56c75}</UniqueIdentifier>
    </Filter>
    <Filter Include="src\util">
      <UniqueIdentifier>{f18f4d87-7e6b-4612-9ba3-b5d2ac26a0e7}</UniqueIdentifier>
    </Filter>
    <Filter Include="src\web">
      <UniqueIdentifier>{53451be4-111a-4e1c-99f9-0fd0d0f37b8a}</UniqueIdentifier>
    </Filter>
    <Filter Include="src\widgets">
      <UniqueIdentifier>{73364076-e9bc-4393-8aee-beea558ec94d}</UniqueIdentifier>
    </Filter>
    <Filter Include="src\prop">
      <UniqueIdentifier>{85b092cf-3d03-4716-b4f4-d594c353831c}</UniqueIdentifier>
    </Filter>
    <Filter Include="src\transform">
      <UniqueIdentifier>{e68c44c2-3f95-4cd6-8655-493f5e14b679}</UniqueIdentifier>
    </Filter>
    <Filter Include="src\sim">
      <UniqueIdentifier>{eea3220d-50ab-40fc-9e8b-9908da5660e1}</UniqueIdentifier>
    </Filter>
    <Filter Include="src\deck">
      <UniqueIdentifier>{499aed41-a0b5-48ab-98d1-0d5e71931fa5}</UniqueIdentifier>
    </Filter>
    <Filter Include="src\layer">
      <UniqueIdentifier>{bb2fa7f4-87f5-4eeb-9a6c-a22b4ec9c42f}</UniqueIdentifier>
    </Filter>
    <Filter Include="src\events">
      <UniqueIdentifier>{4b84cfcb-3dbc-4f5f-8e2d-2594796255ac}</UniqueIdentifier>
    </Filter>
    <Filter Include="src\camera">
      <UniqueIdentifier>{9acdb11e-3d7c-4894-b6a0-f0328e270421}</UniqueIdentifier>
    </Filter>
    <Filter Include="src\aku">
      <UniqueIdentifier>{e69e8559-adbe-447a-80a1-93a23dc7b196}</UniqueIdentifier>
    </Filter>
    <Filter Include="src\box2D\joints">
      <UniqueIdentifier>{1e8b7ec0-b40a-4ac2-9ad5-b1212013fe89}</UniqueIdentifier>
    </Filter>
    <Filter Include="src\lua">
      <UniqueIdentifier>{9f48728c-c870-43e0-bcf6-965c7a0d2a6d}</UniqueIdentifier>
    </Filter>
    <Filter Include="src\lifecycle">
      <UniqueIdentifier>{96fd06bd-a903-429c-ad52-774b518de09b}</UniqueIdentifier>
    </Filter>
    <Filter Include="src\pathfinding">
      <UniqueIdentifier>{61832aec-ac77-4f89-ab2d-c5b38e43a6f2}</UniqueIdentifier>
    </Filter>
    <Filter Include="src\text">
      <UniqueIdentifier>{d0fa2f5e-c44a-45ed-90f6-6f5a21f80b00}</UniqueIdentifier>
    </Filter>
    <Filter Include="src\font">
      <UniqueIdentifier>{573df398-dbbf-4b54-8518-c0a0b8147001}</UniqueIdentifier>
    </Filter>
    <Filter Include="src\texture">
      <UniqueIdentifier>{a1c47757-a4f5-48bd-a285-af78c17328c5}</UniqueIdentifier>
    </Filter>
    <Filter Include="src\gfx\shaders">
      <UniqueIdentifier>{4d274762-d568-4bc0-9378-0d529b16ec94}</UniqueIdentifier>
    </Filter>
    <Filter Include="src\render">
      <UniqueIdentifier>{031fa231-4d25-47fc-b9c4-c73f61e54b1a}</UniqueIdentifier>
    </Filter>
    <Filter Include="src\foo">
      <UniqueIdentifier>{6e25dcc9-be5f-4b8b-b75f-1d7be6549464}</UniqueIdentifier>
    </Filter>
    <Filter Include="src\particles\plugins">
      <UniqueIdentifier>{66344619-ec37-4ab7-9821-f45b4c589198}</UniqueIdentifier>
    </Filter>
    <Filter Include="src\stream">
      <UniqueIdentifier>{17be542c-6d19-491d-8c0a-68d903d4f369}</UniqueIdentifier>
    </Filter>
    <Filter Include="src\io">
      <UniqueIdentifier>{5a75fb43-e84d-435a-b7a7-43fb0c1a20ac}</UniqueIdentifier>
    </Filter>
    <Filter Include="src\thread">
      <UniqueIdentifier>{1859848c-acfb-40fe-a2a2-424f42d64efc}</UniqueIdentifier>
    </Filter>
  </ItemGroup>
  <ItemGroup>
    <ClCompile Include="..\..\src\moaicore\MOAIAction.cpp">
      <Filter>src\action</Filter>
    </ClCompile>
    <ClCompile Include="..\..\src\moaicore\MOAIBlocker.cpp">
      <Filter>src\action</Filter>
    </ClCompile>
    <ClCompile Include="..\..\src\moaicore\MOAIAnim.cpp">
      <Filter>src\anim</Filter>
    </ClCompile>
    <ClCompile Include="..\..\src\moaicore\MOAIAnimCurve.cpp">
      <Filter>src\anim</Filter>
    </ClCompile>
    <ClCompile Include="..\..\src\moaicore\MOAIColor.cpp">
      <Filter>src\gfx</Filter>
    </ClCompile>
    <ClCompile Include="..\..\src\moaicore\MOAIShader.cpp">
      <Filter>src\gfx</Filter>
    </ClCompile>
    <ClCompile Include="..\..\src\moaicore\MOAIViewport.cpp">
      <Filter>src\gfx</Filter>
    </ClCompile>
    <ClCompile Include="..\..\src\moaicore\MOAIGrid.cpp">
      <Filter>src\grid</Filter>
    </ClCompile>
    <ClCompile Include="..\..\src\moaicore\MOAIButtonSensor.cpp">
      <Filter>src\input</Filter>
    </ClCompile>
    <ClCompile Include="..\..\src\moaicore\MOAICompassSensor.cpp">
      <Filter>src\input</Filter>
    </ClCompile>
    <ClCompile Include="..\..\src\moaicore\MOAIInputDevice.cpp">
      <Filter>src\input</Filter>
    </ClCompile>
    <ClCompile Include="..\..\src\moaicore\MOAIInputMgr.cpp">
      <Filter>src\input</Filter>
    </ClCompile>
    <ClCompile Include="..\..\src\moaicore\MOAIJoystickSensor.cpp">
      <Filter>src\input</Filter>
    </ClCompile>
    <ClCompile Include="..\..\src\moaicore\MOAIKeyboardSensor.cpp">
      <Filter>src\input</Filter>
    </ClCompile>
    <ClCompile Include="..\..\src\moaicore\MOAILocationSensor.cpp">
      <Filter>src\input</Filter>
    </ClCompile>
    <ClCompile Include="..\..\src\moaicore\MOAIPointerSensor.cpp">
      <Filter>src\input</Filter>
    </ClCompile>
    <ClCompile Include="..\..\src\moaicore\MOAISensor.cpp">
      <Filter>src\input</Filter>
    </ClCompile>
    <ClCompile Include="..\..\src\moaicore\MOAITouchSensor.cpp">
      <Filter>src\input</Filter>
    </ClCompile>
    <ClCompile Include="..\..\src\moaicore\MOAIPartition.cpp">
      <Filter>src\partition</Filter>
    </ClCompile>
    <ClCompile Include="..\..\src\moaicore\MOAIXmlParser.cpp">
      <Filter>src\util</Filter>
    </ClCompile>
    <ClCompile Include="..\..\src\moaicore\MOAICp.cpp">
      <Filter>src\chipmunk</Filter>
    </ClCompile>
    <ClCompile Include="..\..\src\moaicore\MOAICpBody.cpp">
      <Filter>src\chipmunk</Filter>
    </ClCompile>
    <ClCompile Include="..\..\src\moaicore\MOAICpConstraint.cpp">
      <Filter>src\chipmunk</Filter>
    </ClCompile>
    <ClCompile Include="..\..\src\moaicore\MOAICpShape.cpp">
      <Filter>src\chipmunk</Filter>
    </ClCompile>
    <ClCompile Include="..\..\src\moaicore\MOAICpSpace.cpp">
      <Filter>src\chipmunk</Filter>
    </ClCompile>
    <ClCompile Include="..\..\src\moaicore\MOAICpArbiter.cpp">
      <Filter>src\chipmunk</Filter>
    </ClCompile>
    <ClCompile Include="..\..\src\moaicore\MOAIParticleEmitter.cpp">
      <Filter>src\particles</Filter>
    </ClCompile>
    <ClCompile Include="..\..\src\moaicore\MOAIParticleForce.cpp">
      <Filter>src\particles</Filter>
    </ClCompile>
    <ClCompile Include="..\..\src\moaicore\MOAIParticleScript.cpp">
      <Filter>src\particles</Filter>
    </ClCompile>
    <ClCompile Include="..\..\src\moaicore\MOAIParticleState.cpp">
      <Filter>src\particles</Filter>
    </ClCompile>
    <ClCompile Include="..\..\src\moaicore\MOAIParticleSystem.cpp">
      <Filter>src\particles</Filter>
    </ClCompile>
    <ClCompile Include="..\..\src\moaicore\MOAIBox2DArbiter.cpp">
      <Filter>src\box2D</Filter>
    </ClCompile>
    <ClCompile Include="..\..\src\moaicore\MOAIBox2DBody.cpp">
      <Filter>src\box2D</Filter>
    </ClCompile>
    <ClCompile Include="..\..\src\moaicore\MOAIBox2DDebugDraw.cpp">
      <Filter>src\box2D</Filter>
    </ClCompile>
    <ClCompile Include="..\..\src\moaicore\MOAIBox2DFixture.cpp">
      <Filter>src\box2D</Filter>
    </ClCompile>
    <ClCompile Include="..\..\src\moaicore\MOAIBox2DJoint.cpp">
      <Filter>src\box2D</Filter>
    </ClCompile>
    <ClCompile Include="..\..\src\moaicore\MOAIBox2DWorld.cpp">
      <Filter>src\box2D</Filter>
    </ClCompile>
    <ClCompile Include="..\..\src\moaicore\MOAITimer.cpp">
      <Filter>src\action</Filter>
    </ClCompile>
    <ClCompile Include="..\..\src\moaicore\MOAIIndexBuffer.cpp">
      <Filter>src\gfx</Filter>
    </ClCompile>
    <ClCompile Include="..\..\src\moaicore\MOAIVertexBuffer.cpp">
      <Filter>src\gfx</Filter>
    </ClCompile>
    <ClCompile Include="..\..\src\moaicore\MOAIVertexFormat.cpp">
      <Filter>src\gfx</Filter>
    </ClCompile>
    <ClCompile Include="..\..\src\moaicore\MOAICpDebugDraw.cpp">
      <Filter>src\chipmunk</Filter>
    </ClCompile>
    <ClCompile Include="..\..\src\moaicore\MOAIEaseDriver.cpp">
      <Filter>src\anim</Filter>
    </ClCompile>
    <ClCompile Include="..\..\src\moaicore\MOAIEaseType.cpp">
      <Filter>src\anim</Filter>
    </ClCompile>
    <ClCompile Include="..\..\src\moaicore\MOAISurfaceSampler2D.cpp">
      <Filter>src\partition</Filter>
    </ClCompile>
    <ClCompile Include="..\..\src\moaicore\MOAIGfxQuad2D.cpp">
      <Filter>src\deck</Filter>
    </ClCompile>
    <ClCompile Include="..\..\src\moaicore\MOAIGfxQuadDeck2D.cpp">
      <Filter>src\deck</Filter>
    </ClCompile>
    <ClCompile Include="..\..\src\moaicore\MOAIGfxQuadListDeck2D.cpp">
      <Filter>src\deck</Filter>
    </ClCompile>
    <ClCompile Include="..\..\src\moaicore\MOAIStretchPatch2D.cpp">
      <Filter>src\deck</Filter>
    </ClCompile>
    <ClCompile Include="..\..\src\moaicore\MOAISurfaceDeck2D.cpp">
      <Filter>src\deck</Filter>
    </ClCompile>
    <ClCompile Include="..\..\src\moaicore\MOAINode.cpp">
      <Filter>src\node</Filter>
    </ClCompile>
    <ClCompile Include="..\..\src\moaicore\MOAINodeMgr.cpp">
      <Filter>src\node</Filter>
    </ClCompile>
    <ClCompile Include="..\..\src\moaicore\MOAIScriptNode.cpp">
      <Filter>src\node</Filter>
    </ClCompile>
    <ClCompile Include="..\..\src\moaicore\MOAIDataBuffer.cpp">
      <Filter>src\util</Filter>
    </ClCompile>
    <ClCompile Include="..\..\src\moaicore\MOAILayoutFrame.cpp">
      <Filter>src\widgets</Filter>
    </ClCompile>
    <ClCompile Include="..\..\src\moaicore\moaicore.cpp">
      <Filter>src</Filter>
    </ClCompile>
    <ClCompile Include="..\..\src\moaicore\MOAILogMgr.cpp">
      <Filter>src\log</Filter>
    </ClCompile>
    <ClCompile Include="..\..\src\moaicore\MOAITileDeck2D.cpp">
      <Filter>src\deck</Filter>
    </ClCompile>
    <ClCompile Include="..\..\src\moaicore\MOAIPartitionCell.cpp">
      <Filter>src\partition</Filter>
    </ClCompile>
    <ClCompile Include="..\..\src\moaicore\MOAIProp.cpp">
      <Filter>src\prop</Filter>
    </ClCompile>
    <ClCompile Include="..\..\src\moaicore\MOAISim.cpp">
      <Filter>src\sim</Filter>
    </ClCompile>
    <ClCompile Include="..\..\src\moaicore\MOAITransform.cpp">
      <Filter>src\transform</Filter>
    </ClCompile>
    <ClCompile Include="..\..\src\moaicore\MOAITransformBase.cpp">
      <Filter>src\transform</Filter>
    </ClCompile>
    <ClCompile Include="..\..\src\moaicore\MOAIDeck.cpp">
      <Filter>src\deck</Filter>
    </ClCompile>
    <ClCompile Include="..\..\src\moaicore\MOAIMesh.cpp">
      <Filter>src\deck</Filter>
    </ClCompile>
    <ClCompile Include="..\..\src\moaicore\MOAIParser.cpp">
      <Filter>src\util</Filter>
    </ClCompile>
    <ClCompile Include="..\..\src\moaicore\MOAIDebugLines.cpp">
      <Filter>src\gfx</Filter>
    </ClCompile>
    <ClCompile Include="..\..\src\moaicore\MOAIImage.cpp">
      <Filter>src\gfx</Filter>
    </ClCompile>
    <ClCompile Include="..\..\src\moaicore\MOAIEventSource.cpp">
      <Filter>src\events</Filter>
    </ClCompile>
    <ClCompile Include="..\..\src\moaicore\MOAIDeckRemapper.cpp">
      <Filter>src\deck</Filter>
    </ClCompile>
    <ClCompile Include="..\..\src\aku\AKU.cpp">
      <Filter>src\aku</Filter>
    </ClCompile>
    <ClCompile Include="..\..\src\moaicore\MOAIFileSystem.cpp">
      <Filter>src\util</Filter>
    </ClCompile>
    <ClCompile Include="..\..\src\moaicore\MOAIJsonParser.cpp">
      <Filter>src\util</Filter>
    </ClCompile>
    <ClCompile Include="..\..\src\aku\AKU-particles.cpp">
      <Filter>src\aku</Filter>
    </ClCompile>
    <ClCompile Include="..\..\src\moaicore\MOAIEnvironment.cpp">
      <Filter>src\util</Filter>
    </ClCompile>
    <ClCompile Include="..\..\src\moaicore\moaicore-pch.cpp">
      <Filter>src</Filter>
    </ClCompile>
    <ClCompile Include="..\..\src\moaicore\MOAIParticleDistanceEmitter.cpp">
      <Filter>src\particles</Filter>
    </ClCompile>
    <ClCompile Include="..\..\src\moaicore\MOAIParticleTimedEmitter.cpp">
      <Filter>src\particles</Filter>
    </ClCompile>
    <ClCompile Include="..\..\src\moaicore\MOAIActionMgr.cpp">
      <Filter>src\action</Filter>
    </ClCompile>
    <ClCompile Include="..\..\src\moaicore\MOAIMotionSensor.cpp">
      <Filter>src\input</Filter>
    </ClCompile>
    <ClCompile Include="..\..\src\moaicore\MOAIDraw.cpp">
      <Filter>src\gfx</Filter>
    </ClCompile>
    <ClCompile Include="..\..\src\moaicore\MOAIGfxDevice.cpp">
      <Filter>src\gfx</Filter>
    </ClCompile>
    <ClCompile Include="..\..\src\moaicore\MOAIShaderMgr.cpp">
      <Filter>src\gfx</Filter>
    </ClCompile>
    <ClCompile Include="..\..\src\moaicore\MOAIVertexFormatMgr.cpp">
      <Filter>src\gfx</Filter>
    </ClCompile>
    <ClCompile Include="..\..\src\moaicore\MOAIGridSpace.cpp">
      <Filter>src\grid</Filter>
    </ClCompile>
    <ClCompile Include="..\..\src\moaicore\MOAITileFlags.cpp">
      <Filter>src\grid</Filter>
    </ClCompile>
    <ClCompile Include="..\..\src\moaicore\MOAIBlendMode.cpp">
      <Filter>src\gfx</Filter>
    </ClCompile>
    <ClCompile Include="..\..\src\moaicore\MOAIPartitionResultBuffer.cpp">
      <Filter>src\partition</Filter>
    </ClCompile>
    <ClCompile Include="..\..\src\moaicore\MOAIPartitionResultMgr.cpp">
      <Filter>src\partition</Filter>
    </ClCompile>
    <ClCompile Include="..\..\src\moaicore\MOAILogMessages.cpp">
      <Filter>src\log</Filter>
    </ClCompile>
    <ClCompile Include="..\..\src\moaicore\MOAIScriptDeck.cpp">
      <Filter>src\deck</Filter>
    </ClCompile>
    <ClCompile Include="..\..\src\moaicore\MOAIGfxResource.cpp">
      <Filter>src\gfx</Filter>
    </ClCompile>
    <ClCompile Include="..\..\src\moaicore\MOAIBox2DDistanceJoint.cpp">
      <Filter>src\box2D\joints</Filter>
    </ClCompile>
    <ClCompile Include="..\..\src\moaicore\MOAIBox2DFrictionJoint.cpp">
      <Filter>src\box2D\joints</Filter>
    </ClCompile>
    <ClCompile Include="..\..\src\moaicore\MOAIBox2DGearJoint.cpp">
      <Filter>src\box2D\joints</Filter>
    </ClCompile>
    <ClCompile Include="..\..\src\moaicore\MOAIBox2DMouseJoint.cpp">
      <Filter>src\box2D\joints</Filter>
    </ClCompile>
    <ClCompile Include="..\..\src\moaicore\MOAIBox2DPrismaticJoint.cpp">
      <Filter>src\box2D\joints</Filter>
    </ClCompile>
    <ClCompile Include="..\..\src\moaicore\MOAIBox2DPulleyJoint.cpp">
      <Filter>src\box2D\joints</Filter>
    </ClCompile>
    <ClCompile Include="..\..\src\moaicore\MOAIBox2DRevoluteJoint.cpp">
      <Filter>src\box2D\joints</Filter>
    </ClCompile>
    <ClCompile Include="..\..\src\moaicore\MOAIBox2DWeldJoint.cpp">
      <Filter>src\box2D\joints</Filter>
    </ClCompile>
    <ClCompile Include="..\..\src\moaicore\MOAIImage-jpg.cpp">
      <Filter>src\gfx</Filter>
    </ClCompile>
    <ClCompile Include="..\..\src\moaicore\MOAIImage-png.cpp">
      <Filter>src\gfx</Filter>
    </ClCompile>
    <ClCompile Include="..\..\src\moaicore\MOAIBox2DWheelJoint.cpp">
      <Filter>src\box2D\joints</Filter>
    </ClCompile>
    <ClCompile Include="..\..\src\moaicore\MOAIBox2DRopeJoint.cpp">
      <Filter>src\box2D\joints</Filter>
    </ClCompile>
    <ClCompile Include="..\..\src\moaicore\MOAILuaRef.cpp">
      <Filter>src\lua</Filter>
    </ClCompile>
    <ClCompile Include="..\..\src\moaicore\MOAILuaRuntime.cpp">
      <Filter>src\lua</Filter>
    </ClCompile>
    <ClCompile Include="..\..\src\moaicore\MOAILuaState.cpp">
      <Filter>src\lua</Filter>
    </ClCompile>
    <ClCompile Include="..\..\src\moaicore\MOAILuaStateHandle.cpp">
      <Filter>src\lua</Filter>
    </ClCompile>
    <ClCompile Include="..\..\src\moaicore\MOAIDeserializer.cpp">
      <Filter>src\lua</Filter>
    </ClCompile>
    <ClCompile Include="..\..\src\moaicore\MOAISerializerBase.cpp">
      <Filter>src\lua</Filter>
    </ClCompile>
    <ClCompile Include="..\..\src\moaicore\MOAISerializer.cpp">
      <Filter>src\lua</Filter>
    </ClCompile>
    <ClCompile Include="..\..\src\moaicore\MOAICanary.cpp">
      <Filter>src\lifecycle</Filter>
    </ClCompile>
    <ClCompile Include="..\..\src\moaicore\MOAIObject.cpp">
      <Filter>src\lifecycle</Filter>
    </ClCompile>
    <ClCompile Include="..\..\src\moaicore\MOAILuaObject.cpp">
      <Filter>src\lua</Filter>
    </ClCompile>
    <ClCompile Include="..\..\src\moaicore\MOAIGlobals.cpp">
      <Filter>src\lifecycle</Filter>
    </ClCompile>
    <ClCompile Include="..\..\src\moaicore\MOAIRtti.cpp">
      <Filter>src\lifecycle</Filter>
    </ClCompile>
    <ClCompile Include="..\..\src\moaicore\MOAIWheelSensor.cpp">
      <Filter>src\input</Filter>
    </ClCompile>
    <ClCompile Include="..\..\src\moaicore\MOAIGridPathGraph.cpp">
      <Filter>src\pathfinding</Filter>
    </ClCompile>
    <ClCompile Include="..\..\src\moaicore\MOAIPathFinder.cpp">
      <Filter>src\pathfinding</Filter>
    </ClCompile>
    <ClCompile Include="..\..\src\moaicore\MOAIPathGraph.cpp">
      <Filter>src\pathfinding</Filter>
    </ClCompile>
    <ClCompile Include="..\..\src\moaicore\MOAIPathTerrainDeck.cpp">
      <Filter>src\pathfinding</Filter>
    </ClCompile>
    <ClCompile Include="..\..\src\moaicore\MOAICoroutine.cpp">
      <Filter>src\action</Filter>
    </ClCompile>
    <ClCompile Include="..\..\src\moaicore\MOAIFont.cpp">
      <Filter>src\font</Filter>
    </ClCompile>
    <ClCompile Include="..\..\src\moaicore\MOAIFontReader.cpp">
      <Filter>src\font</Filter>
    </ClCompile>
    <ClCompile Include="..\..\src\moaicore\MOAIFreeTypeFontReader.cpp">
      <Filter>src\font</Filter>
    </ClCompile>
    <ClCompile Include="..\..\src\moaicore\MOAIGlyph.cpp">
      <Filter>src\font</Filter>
    </ClCompile>
    <ClCompile Include="..\..\src\moaicore\MOAIGlyphCache.cpp">
      <Filter>src\font</Filter>
    </ClCompile>
    <ClCompile Include="..\..\src\moaicore\MOAIGlyphCacheBase.cpp">
      <Filter>src\font</Filter>
    </ClCompile>
    <ClCompile Include="..\..\src\moaicore\MOAIGlyphCachePage.cpp">
      <Filter>src\font</Filter>
    </ClCompile>
    <ClCompile Include="..\..\src\moaicore\MOAIGlyphSet.cpp">
      <Filter>src\font</Filter>
    </ClCompile>
    <ClCompile Include="..\..\src\moaicore\MOAIStaticGlyphCache.cpp">
      <Filter>src\font</Filter>
    </ClCompile>
    <ClCompile Include="..\..\src\moaicore\MOAITextBox.cpp">
      <Filter>src\text</Filter>
    </ClCompile>
    <ClCompile Include="..\..\src\moaicore\MOAITextDesigner.cpp">
      <Filter>src\text</Filter>
    </ClCompile>
    <ClCompile Include="..\..\src\moaicore\MOAITextStyle.cpp">
      <Filter>src\text</Filter>
    </ClCompile>
    <ClCompile Include="..\..\src\moaicore\MOAITextStyler.cpp">
      <Filter>src\text</Filter>
    </ClCompile>
    <ClCompile Include="..\..\src\moaicore\MOAILayer.cpp">
      <Filter>src\layer</Filter>
    </ClCompile>
    <ClCompile Include="..\..\src\moaicore\MOAILayerBridge.cpp">
      <Filter>src\layer</Filter>
    </ClCompile>
    <ClCompile Include="..\..\src\moaicore\MOAICamera.cpp">
      <Filter>src\camera</Filter>
    </ClCompile>
    <ClCompile Include="..\..\src\moaicore\MOAICameraAnchor2D.cpp">
      <Filter>src\camera</Filter>
    </ClCompile>
    <ClCompile Include="..\..\src\moaicore\MOAICameraFitter2D.cpp">
      <Filter>src\camera</Filter>
    </ClCompile>
    <ClCompile Include="..\..\src\moaicore\MOAIFrameBuffer.cpp">
      <Filter>src\texture</Filter>
    </ClCompile>
    <ClCompile Include="..\..\src\moaicore\MOAIImageTexture.cpp">
      <Filter>src\texture</Filter>
    </ClCompile>
    <ClCompile Include="..\..\src\moaicore\MOAITexture.cpp">
      <Filter>src\texture</Filter>
    </ClCompile>
    <ClCompile Include="..\..\src\moaicore\MOAITextureBase.cpp">
      <Filter>src\texture</Filter>
    </ClCompile>
    <ClCompile Include="..\..\src\moaicore\MOAIMultiTexture.cpp">
      <Filter>src\texture</Filter>
    </ClCompile>
    <ClCompile Include="..\..\src\moaicore\MOAIBitmapFontReader.cpp">
      <Filter>src\font</Filter>
    </ClCompile>
    <ClCompile Include="..\..\src\moaicore\MOAIRenderable.cpp">
      <Filter>src\render</Filter>
    </ClCompile>
    <ClCompile Include="..\..\src\moaicore\MOAIRenderMgr.cpp">
      <Filter>src\render</Filter>
    </ClCompile>
    <ClCompile Include="..\..\src\moaicore\MOAIHttpTaskBase.cpp">
      <Filter>src\web</Filter>
    </ClCompile>
    <ClCompile Include="..\..\src\moaicore\MOAIHttpTaskCurl.cpp">
      <Filter>src\web</Filter>
    </ClCompile>
    <ClCompile Include="..\..\src\moaicore\MOAIHttpTaskNaCl.cpp">
      <Filter>src\web</Filter>
    </ClCompile>
    <ClCompile Include="..\..\src\moaicore\MOAIUrlMgrCurl.cpp">
      <Filter>src\web</Filter>
    </ClCompile>
    <ClCompile Include="..\..\src\moaicore\MOAIUrlMgrNaCl.cpp">
      <Filter>src\web</Filter>
    </ClCompile>
    <ClCompile Include="..\..\src\moaicore\MOAIPartitionLevel.cpp">
      <Filter>src\partition</Filter>
    </ClCompile>
    <ClCompile Include="..\..\src\moaicore\MOAIQuadBrush.cpp">
      <Filter>src\gfx</Filter>
    </ClCompile>
    <ClCompile Include="..\..\src\moaicore\MOAIFoo.cpp">
      <Filter>src\foo</Filter>
    </ClCompile>
    <ClCompile Include="..\..\src\moaicore\MOAIFooMgr.cpp">
      <Filter>src\foo</Filter>
    </ClCompile>
    <ClCompile Include="..\..\src\moaicore\MOAIScissorRect.cpp">
      <Filter>src\prop</Filter>
    </ClCompile>
    <ClCompile Include="..\..\src\moaicore\MOAIParticlePlugin.cpp">
      <Filter>src\particles\plugins</Filter>
    </ClCompile>
    <ClCompile Include="..\..\src\moaicore\MOAIParticleCallbackPlugin.cpp">
      <Filter>src\particles\plugins</Filter>
    </ClCompile>
    <ClCompile Include="..\..\src\moaicore\MOAIParticlePexPlugin.cpp">
      <Filter>src\particles\plugins</Filter>
    </ClCompile>
    <ClCompile Include="..\..\src\moaicore\MOAITextBundle.cpp">
      <Filter>src\util</Filter>
    </ClCompile>
    <ClCompile Include="..\..\src\moaicore\MOAIFont_bmfont.cpp">
      <Filter>src\font</Filter>
    </ClCompile>
    <ClCompile Include="..\..\src\moaicore\MOAIBoundsDeck.cpp">
      <Filter>src\deck</Filter>
    </ClCompile>
    <ClCompile Include="..\..\src\moaicore\MOAIDataBufferStream.cpp">
      <Filter>src\stream</Filter>
    </ClCompile>
    <ClCompile Include="..\..\src\moaicore\MOAIFileStream.cpp">
      <Filter>src\stream</Filter>
    </ClCompile>
    <ClCompile Include="..\..\src\moaicore\MOAIMemStream.cpp">
      <Filter>src\stream</Filter>
    </ClCompile>
    <ClCompile Include="..\..\src\moaicore\MOAIStream.cpp">
      <Filter>src\stream</Filter>
    </ClCompile>
    <ClCompile Include="..\..\src\moaicore\MOAIStreamReader.cpp">
      <Filter>src\stream</Filter>
    </ClCompile>
    <ClCompile Include="..\..\src\moaicore\MOAIStreamWriter.cpp">
      <Filter>src\stream</Filter>
    </ClCompile>
    <ClCompile Include="..\..\src\moaicore\MOAIGridDeck2D.cpp">
      <Filter>src\deck</Filter>
    </ClCompile>
    <ClCompile Include="..\..\src\moaicore\MOAIAnimCurveBase.cpp">
      <Filter>src\anim</Filter>
    </ClCompile>
    <ClCompile Include="..\..\src\moaicore\MOAIAnimCurveQuat.cpp">
      <Filter>src\anim</Filter>
    </ClCompile>
    <ClCompile Include="..\..\src\moaicore\MOAIAnimCurveVec.cpp">
      <Filter>src\anim</Filter>
    </ClCompile>
    <ClCompile Include="..\..\src\moaicore\MOAIHashWriter.cpp">
      <Filter>src\stream</Filter>
    </ClCompile>
    <ClCompile Include="..\..\src\moaicore\MOAIXmlWriter.cpp">
      <Filter>src\util</Filter>
    </ClCompile>
    <ClCompile Include="..\..\src\moaicore\MOAIDataIOTask.cpp">
      <Filter>src\io</Filter>
    </ClCompile>
    <ClCompile Include="..\..\src\moaicore\MOAIMutex.cpp">
      <Filter>src\thread</Filter>
    </ClCompile>
    <ClCompile Include="..\..\src\moaicore\MOAIMutex_posix.cpp">
      <Filter>src\thread</Filter>
    </ClCompile>
    <ClCompile Include="..\..\src\moaicore\MOAIMutex_win32.cpp">
      <Filter>src\thread</Filter>
    </ClCompile>
    <ClCompile Include="..\..\src\moaicore\MOAITask.cpp">
      <Filter>src\thread</Filter>
    </ClCompile>
    <ClCompile Include="..\..\src\moaicore\MOAITaskQueue.cpp">
      <Filter>src\thread</Filter>
    </ClCompile>
    <ClCompile Include="..\..\src\moaicore\MOAITaskSubscriber.cpp">
      <Filter>src\thread</Filter>
    </ClCompile>
    <ClCompile Include="..\..\src\moaicore\MOAITaskThread.cpp">
      <Filter>src\thread</Filter>
    </ClCompile>
    <ClCompile Include="..\..\src\moaicore\MOAIThread.cpp">
      <Filter>src\thread</Filter>
    </ClCompile>
    <ClCompile Include="..\..\src\moaicore\MOAIThread_posix.cpp">
      <Filter>src\thread</Filter>
    </ClCompile>
    <ClCompile Include="..\..\src\moaicore\MOAIThread_win32.cpp">
      <Filter>src\thread</Filter>
    </ClCompile>
  </ItemGroup>
  <ItemGroup>
    <ClInclude Include="..\..\src\moaicore\MOAIAction.h">
      <Filter>src\action</Filter>
    </ClInclude>
    <ClInclude Include="..\..\src\moaicore\MOAIBlocker.h">
      <Filter>src\action</Filter>
    </ClInclude>
    <ClInclude Include="..\..\src\moaicore\MOAIAnim.h">
      <Filter>src\anim</Filter>
    </ClInclude>
    <ClInclude Include="..\..\src\moaicore\MOAIAnimCurve.h">
      <Filter>src\anim</Filter>
    </ClInclude>
    <ClInclude Include="..\..\src\moaicore\MOAIColor.h">
      <Filter>src\gfx</Filter>
    </ClInclude>
    <ClInclude Include="..\..\src\moaicore\MOAIShader.h">
      <Filter>src\gfx</Filter>
    </ClInclude>
    <ClInclude Include="..\..\src\moaicore\MOAIViewport.h">
      <Filter>src\gfx</Filter>
    </ClInclude>
    <ClInclude Include="..\..\src\moaicore\MOAIGrid.h">
      <Filter>src\grid</Filter>
    </ClInclude>
    <ClInclude Include="..\..\src\moaicore\MOAIButtonSensor.h">
      <Filter>src\input</Filter>
    </ClInclude>
    <ClInclude Include="..\..\src\moaicore\MOAICompassSensor.h">
      <Filter>src\input</Filter>
    </ClInclude>
    <ClInclude Include="..\..\src\moaicore\MOAIInputDevice.h">
      <Filter>src\input</Filter>
    </ClInclude>
    <ClInclude Include="..\..\src\moaicore\MOAIInputMgr.h">
      <Filter>src\input</Filter>
    </ClInclude>
    <ClInclude Include="..\..\src\moaicore\MOAIJoystickSensor.h">
      <Filter>src\input</Filter>
    </ClInclude>
    <ClInclude Include="..\..\src\moaicore\MOAIKeyboardSensor.h">
      <Filter>src\input</Filter>
    </ClInclude>
    <ClInclude Include="..\..\src\moaicore\MOAILocationSensor.h">
      <Filter>src\input</Filter>
    </ClInclude>
    <ClInclude Include="..\..\src\moaicore\MOAIPointerSensor.h">
      <Filter>src\input</Filter>
    </ClInclude>
    <ClInclude Include="..\..\src\moaicore\MOAISensor.h">
      <Filter>src\input</Filter>
    </ClInclude>
    <ClInclude Include="..\..\src\moaicore\MOAITouchSensor.h">
      <Filter>src\input</Filter>
    </ClInclude>
    <ClInclude Include="..\..\src\moaicore\MOAIPartition.h">
      <Filter>src\partition</Filter>
    </ClInclude>
    <ClInclude Include="..\..\src\moaicore\MOAIXmlParser.h">
      <Filter>src\util</Filter>
    </ClInclude>
    <ClInclude Include="..\..\src\moaicore\MOAICp.h">
      <Filter>src\chipmunk</Filter>
    </ClInclude>
    <ClInclude Include="..\..\src\moaicore\MOAICpBody.h">
      <Filter>src\chipmunk</Filter>
    </ClInclude>
    <ClInclude Include="..\..\src\moaicore\MOAICpConstraint.h">
      <Filter>src\chipmunk</Filter>
    </ClInclude>
    <ClInclude Include="..\..\src\moaicore\MOAICpShape.h">
      <Filter>src\chipmunk</Filter>
    </ClInclude>
    <ClInclude Include="..\..\src\moaicore\MOAICpSpace.h">
      <Filter>src\chipmunk</Filter>
    </ClInclude>
    <ClInclude Include="..\..\src\moaicore\MOAICpArbiter.h">
      <Filter>src\chipmunk</Filter>
    </ClInclude>
    <ClInclude Include="..\..\src\moaicore\MOAIParticleEmitter.h">
      <Filter>src\particles</Filter>
    </ClInclude>
    <ClInclude Include="..\..\src\moaicore\MOAIParticleForce.h">
      <Filter>src\particles</Filter>
    </ClInclude>
    <ClInclude Include="..\..\src\moaicore\MOAIParticleScript.h">
      <Filter>src\particles</Filter>
    </ClInclude>
    <ClInclude Include="..\..\src\moaicore\MOAIParticleState.h">
      <Filter>src\particles</Filter>
    </ClInclude>
    <ClInclude Include="..\..\src\moaicore\MOAIParticleSystem.h">
      <Filter>src\particles</Filter>
    </ClInclude>
    <ClInclude Include="..\..\src\moaicore\MOAIBox2DArbiter.h">
      <Filter>src\box2D</Filter>
    </ClInclude>
    <ClInclude Include="..\..\src\moaicore\MOAIBox2DBody.h">
      <Filter>src\box2D</Filter>
    </ClInclude>
    <ClInclude Include="..\..\src\moaicore\MOAIBox2DDebugDraw.h">
      <Filter>src\box2D</Filter>
    </ClInclude>
    <ClInclude Include="..\..\src\moaicore\MOAIBox2DFixture.h">
      <Filter>src\box2D</Filter>
    </ClInclude>
    <ClInclude Include="..\..\src\moaicore\MOAIBox2DJoint.h">
      <Filter>src\box2D</Filter>
    </ClInclude>
    <ClInclude Include="..\..\src\moaicore\MOAIBox2DWorld.h">
      <Filter>src\box2D</Filter>
    </ClInclude>
    <ClInclude Include="..\..\src\moaicore\MOAITimer.h">
      <Filter>src\action</Filter>
    </ClInclude>
    <ClInclude Include="..\..\src\moaicore\MOAIIndexBuffer.h">
      <Filter>src\gfx</Filter>
    </ClInclude>
    <ClInclude Include="..\..\src\moaicore\MOAIVertexBuffer.h">
      <Filter>src\gfx</Filter>
    </ClInclude>
    <ClInclude Include="..\..\src\moaicore\MOAIVertexFormat.h">
      <Filter>src\gfx</Filter>
    </ClInclude>
    <ClInclude Include="..\..\src\moaicore\MOAICpDebugDraw.h">
      <Filter>src\chipmunk</Filter>
    </ClInclude>
    <ClInclude Include="..\..\src\moaicore\MOAIEaseDriver.h">
      <Filter>src\anim</Filter>
    </ClInclude>
    <ClInclude Include="..\..\src\moaicore\MOAIEaseType.h">
      <Filter>src\anim</Filter>
    </ClInclude>
    <ClInclude Include="..\..\src\moaicore\MOAISurfaceSampler2D.h">
      <Filter>src\partition</Filter>
    </ClInclude>
    <ClInclude Include="..\..\src\moaicore\MOAIGfxQuad2D.h">
      <Filter>src\deck</Filter>
    </ClInclude>
    <ClInclude Include="..\..\src\moaicore\MOAIGfxQuadDeck2D.h">
      <Filter>src\deck</Filter>
    </ClInclude>
    <ClInclude Include="..\..\src\moaicore\MOAIGfxQuadListDeck2D.h">
      <Filter>src\deck</Filter>
    </ClInclude>
    <ClInclude Include="..\..\src\moaicore\MOAIStretchPatch2D.h">
      <Filter>src\deck</Filter>
    </ClInclude>
    <ClInclude Include="..\..\src\moaicore\MOAISurfaceDeck2D.h">
      <Filter>src\deck</Filter>
    </ClInclude>
    <ClInclude Include="..\..\src\moaicore\MOAILogMessages.h">
      <Filter>src\log</Filter>
    </ClInclude>
    <ClInclude Include="..\..\src\moaicore\MOAINode.h">
      <Filter>src\node</Filter>
    </ClInclude>
    <ClInclude Include="..\..\src\moaicore\MOAINodeMgr.h">
      <Filter>src\node</Filter>
    </ClInclude>
    <ClInclude Include="..\..\src\moaicore\MOAIScriptNode.h">
      <Filter>src\node</Filter>
    </ClInclude>
    <ClInclude Include="..\..\src\moaicore\MOAIDataBuffer.h">
      <Filter>src\util</Filter>
    </ClInclude>
    <ClInclude Include="..\..\src\moaicore\MOAILayoutFrame.h">
      <Filter>src\widgets</Filter>
    </ClInclude>
    <ClInclude Include="..\..\src\moaicore\pch.h">
      <Filter>src</Filter>
    </ClInclude>
    <ClInclude Include="..\..\src\moaicore\moaiconf.h">
      <Filter>src</Filter>
    </ClInclude>
    <ClInclude Include="..\..\src\moaicore\moaicore.h">
      <Filter>src</Filter>
    </ClInclude>
    <ClInclude Include="..\..\src\moaicore\MOAILogMgr.h">
      <Filter>src\log</Filter>
    </ClInclude>
    <ClInclude Include="..\..\src\moaicore\MOAITileDeck2D.h">
      <Filter>src\deck</Filter>
    </ClInclude>
    <ClInclude Include="..\..\src\moaicore\MOAIPartitionCell.h">
      <Filter>src\partition</Filter>
    </ClInclude>
    <ClInclude Include="..\..\src\moaicore\MOAIProp.h">
      <Filter>src\prop</Filter>
    </ClInclude>
    <ClInclude Include="..\..\src\moaicore\MOAISim.h">
      <Filter>src\sim</Filter>
    </ClInclude>
    <ClInclude Include="..\..\src\moaicore\MOAITransform.h">
      <Filter>src\transform</Filter>
    </ClInclude>
    <ClInclude Include="..\..\src\moaicore\MOAITransformBase.h">
      <Filter>src\transform</Filter>
    </ClInclude>
    <ClInclude Include="..\..\src\moaicore\MOAIDeck.h">
      <Filter>src\deck</Filter>
    </ClInclude>
    <ClInclude Include="..\..\src\moaicore\MOAIMesh.h">
      <Filter>src\deck</Filter>
    </ClInclude>
    <ClInclude Include="..\..\src\moaicore\MOAIParser.h">
      <Filter>src\util</Filter>
    </ClInclude>
    <ClInclude Include="..\..\src\moaicore\MOAIDebugLines.h">
      <Filter>src\gfx</Filter>
    </ClInclude>
    <ClInclude Include="..\..\src\moaicore\MOAIImage.h">
      <Filter>src\gfx</Filter>
    </ClInclude>
    <ClInclude Include="..\..\src\moaicore\MOAIEventSource.h">
      <Filter>src\events</Filter>
    </ClInclude>
    <ClInclude Include="..\..\src\moaicore\MOAIParticle.h">
      <Filter>src\particles</Filter>
    </ClInclude>
    <ClInclude Include="..\..\src\moaicore\MOAIDeckRemapper.h">
      <Filter>src\deck</Filter>
    </ClInclude>
    <ClInclude Include="..\..\src\aku\AKU.h">
      <Filter>src\aku</Filter>
    </ClInclude>
    <ClInclude Include="..\..\src\moaicore\MOAIFileSystem.h">
      <Filter>src\util</Filter>
    </ClInclude>
    <ClInclude Include="..\..\src\moaicore\MOAIJsonParser.h">
      <Filter>src\util</Filter>
    </ClInclude>
    <ClInclude Include="..\..\src\aku\AKU-particles.h">
      <Filter>src\aku</Filter>
    </ClInclude>
    <ClInclude Include="..\..\src\moaicore\MOAIEnvironment.h">
      <Filter>src\util</Filter>
    </ClInclude>
    <ClInclude Include="..\..\src\moaicore\MOAIParticleDistanceEmitter.h">
      <Filter>src\particles</Filter>
    </ClInclude>
    <ClInclude Include="..\..\src\moaicore\MOAIParticleTimedEmitter.h">
      <Filter>src\particles</Filter>
    </ClInclude>
    <ClInclude Include="..\..\src\moaicore\MOAIActionMgr.h">
      <Filter>src\action</Filter>
    </ClInclude>
    <ClInclude Include="..\..\src\moaicore\MOAIMotionSensor.h">
      <Filter>src\input</Filter>
    </ClInclude>
    <ClInclude Include="..\..\src\moaicore\MOAIPvrHeader.h">
      <Filter>src\gfx</Filter>
    </ClInclude>
    <ClInclude Include="..\..\src\moaicore\MOAIDraw.h">
      <Filter>src\gfx</Filter>
    </ClInclude>
    <ClInclude Include="..\..\src\moaicore\MOAIGfxDevice.h">
      <Filter>src\gfx</Filter>
    </ClInclude>
    <ClInclude Include="..\..\src\moaicore\MOAIVertexFormatMgr.h">
      <Filter>src\gfx</Filter>
    </ClInclude>
    <ClInclude Include="..\..\src\moaicore\MOAIShaderMgr.h">
      <Filter>src\gfx</Filter>
    </ClInclude>
    <ClInclude Include="..\..\src\moaicore\MOAITileFlags.h">
      <Filter>src\grid</Filter>
    </ClInclude>
    <ClInclude Include="..\..\src\moaicore\MOAIGridSpace.h">
      <Filter>src\grid</Filter>
    </ClInclude>
    <ClInclude Include="..\..\src\moaicore\MOAIBlendMode.h">
      <Filter>src\gfx</Filter>
    </ClInclude>
    <ClInclude Include="..\..\src\moaicore\MOAIPartitionResultBuffer.h">
      <Filter>src\partition</Filter>
    </ClInclude>
    <ClInclude Include="..\..\src\moaicore\MOAIPartitionResultMgr.h">
      <Filter>src\partition</Filter>
    </ClInclude>
    <ClInclude Include="..\..\src\moaicore\MOAIScriptDeck.h">
      <Filter>src\deck</Filter>
    </ClInclude>
    <ClInclude Include="..\..\src\moaicore\MOAIGfxResource.h">
      <Filter>src\gfx</Filter>
    </ClInclude>
    <ClInclude Include="..\..\src\moaicore\MOAIBox2DDistanceJoint.h">
      <Filter>src\box2D\joints</Filter>
    </ClInclude>
    <ClInclude Include="..\..\src\moaicore\MOAIBox2DFrictionJoint.h">
      <Filter>src\box2D\joints</Filter>
    </ClInclude>
    <ClInclude Include="..\..\src\moaicore\MOAIBox2DGearJoint.h">
      <Filter>src\box2D\joints</Filter>
    </ClInclude>
    <ClInclude Include="..\..\src\moaicore\MOAIBox2DMouseJoint.h">
      <Filter>src\box2D\joints</Filter>
    </ClInclude>
    <ClInclude Include="..\..\src\moaicore\MOAIBox2DPrismaticJoint.h">
      <Filter>src\box2D\joints</Filter>
    </ClInclude>
    <ClInclude Include="..\..\src\moaicore\MOAIBox2DPulleyJoint.h">
      <Filter>src\box2D\joints</Filter>
    </ClInclude>
    <ClInclude Include="..\..\src\moaicore\MOAIBox2DRevoluteJoint.h">
      <Filter>src\box2D\joints</Filter>
    </ClInclude>
    <ClInclude Include="..\..\src\moaicore\MOAIBox2DWeldJoint.h">
      <Filter>src\box2D\joints</Filter>
    </ClInclude>
    <ClInclude Include="..\..\src\moaicore\MOAIAttrOp.h">
      <Filter>src\node</Filter>
    </ClInclude>
    <ClInclude Include="..\..\src\moaicore\MOAIBox2DWheelJoint.h">
      <Filter>src\box2D\joints</Filter>
    </ClInclude>
    <ClInclude Include="..\..\src\moaicore\MOAIBox2DRopeJoint.h">
      <Filter>src\box2D\joints</Filter>
    </ClInclude>
    <ClInclude Include="..\..\src\moaicore\MOAILua.h">
      <Filter>src\lua</Filter>
    </ClInclude>
    <ClInclude Include="..\..\src\moaicore\MOAILuaRef.h">
      <Filter>src\lua</Filter>
    </ClInclude>
    <ClInclude Include="..\..\src\moaicore\MOAILuaRuntime.h">
      <Filter>src\lua</Filter>
    </ClInclude>
    <ClInclude Include="..\..\src\moaicore\MOAILuaSharedPtr.h">
      <Filter>src\lua</Filter>
    </ClInclude>
    <ClInclude Include="..\..\src\moaicore\MOAILuaState.h">
      <Filter>src\lua</Filter>
    </ClInclude>
    <ClInclude Include="..\..\src\moaicore\MOAILuaStateHandle.h">
      <Filter>src\lua</Filter>
    </ClInclude>
    <ClInclude Include="..\..\src\moaicore\MOAILuaState-impl.h">
      <Filter>src\lua</Filter>
    </ClInclude>
    <ClInclude Include="..\..\src\moaicore\MOAIDeserializer.h">
      <Filter>src\lua</Filter>
    </ClInclude>
    <ClInclude Include="..\..\src\moaicore\MOAISerializerBase.h">
      <Filter>src\lua</Filter>
    </ClInclude>
    <ClInclude Include="..\..\src\moaicore\MOAISerializer.h">
      <Filter>src\lua</Filter>
    </ClInclude>
    <ClInclude Include="..\..\src\moaicore\MOAICanary.h">
      <Filter>src\lifecycle</Filter>
    </ClInclude>
    <ClInclude Include="..\..\src\moaicore\MOAIObject.h">
      <Filter>src\lifecycle</Filter>
    </ClInclude>
    <ClInclude Include="..\..\src\moaicore\MOAILuaObject.h">
      <Filter>src\lua</Filter>
    </ClInclude>
    <ClInclude Include="..\..\src\moaicore\MOAISharedPtr.h">
      <Filter>src\lifecycle</Filter>
    </ClInclude>
    <ClInclude Include="..\..\src\moaicore\MOAIWeakPtr.h">
      <Filter>src\lifecycle</Filter>
    </ClInclude>
    <ClInclude Include="..\..\src\moaicore\MOAIGlobals.h">
      <Filter>src\lifecycle</Filter>
    </ClInclude>
    <ClInclude Include="..\..\src\moaicore\MOAIRtti.h">
      <Filter>src\lifecycle</Filter>
    </ClInclude>
    <ClInclude Include="..\..\src\moaicore\MOAIWheelSensor.h">
      <Filter>src\input</Filter>
    </ClInclude>
    <ClInclude Include="..\..\src\moaicore\MOAIPathTerrainDeck.h">
      <Filter>src\pathfinding</Filter>
    </ClInclude>
    <ClInclude Include="..\..\src\moaicore\MOAIGridPathGraph.h">
      <Filter>src\pathfinding</Filter>
    </ClInclude>
    <ClInclude Include="..\..\src\moaicore\MOAIPathFinder.h">
      <Filter>src\pathfinding</Filter>
    </ClInclude>
    <ClInclude Include="..\..\src\moaicore\MOAIPathGraph.h">
      <Filter>src\pathfinding</Filter>
    </ClInclude>
    <ClInclude Include="..\..\src\moaicore\MOAICoroutine.h">
      <Filter>src\action</Filter>
    </ClInclude>
    <ClInclude Include="..\..\src\moaicore\MOAIStaticGlyphCache.h">
      <Filter>src\font</Filter>
    </ClInclude>
    <ClInclude Include="..\..\src\moaicore\MOAIFont.h">
      <Filter>src\font</Filter>
    </ClInclude>
    <ClInclude Include="..\..\src\moaicore\MOAIFontReader.h">
      <Filter>src\font</Filter>
    </ClInclude>
    <ClInclude Include="..\..\src\moaicore\MOAIFreeTypeFontReader.h">
      <Filter>src\font</Filter>
    </ClInclude>
    <ClInclude Include="..\..\src\moaicore\MOAIGlyph.h">
      <Filter>src\font</Filter>
    </ClInclude>
    <ClInclude Include="..\..\src\moaicore\MOAIGlyphCache.h">
      <Filter>src\font</Filter>
    </ClInclude>
    <ClInclude Include="..\..\src\moaicore\MOAIGlyphCacheBase.h">
      <Filter>src\font</Filter>
    </ClInclude>
    <ClInclude Include="..\..\src\moaicore\MOAIGlyphCachePage.h">
      <Filter>src\font</Filter>
    </ClInclude>
    <ClInclude Include="..\..\src\moaicore\MOAIGlyphSet.h">
      <Filter>src\font</Filter>
    </ClInclude>
    <ClInclude Include="..\..\src\moaicore\MOAISpanList.h">
      <Filter>src\font</Filter>
    </ClInclude>
    <ClInclude Include="..\..\src\moaicore\MOAITextBox.h">
      <Filter>src\text</Filter>
    </ClInclude>
    <ClInclude Include="..\..\src\moaicore\MOAITextDesigner.h">
      <Filter>src\text</Filter>
    </ClInclude>
    <ClInclude Include="..\..\src\moaicore\MOAITextStyle.h">
      <Filter>src\text</Filter>
    </ClInclude>
    <ClInclude Include="..\..\src\moaicore\MOAITextStyler.h">
      <Filter>src\text</Filter>
    </ClInclude>
    <ClInclude Include="..\..\src\moaicore\MOAILayer.h">
      <Filter>src\layer</Filter>
    </ClInclude>
    <ClInclude Include="..\..\src\moaicore\MOAILayerBridge.h">
      <Filter>src\layer</Filter>
    </ClInclude>
    <ClInclude Include="..\..\src\moaicore\MOAICamera.h">
      <Filter>src\camera</Filter>
    </ClInclude>
    <ClInclude Include="..\..\src\moaicore\MOAICameraAnchor2D.h">
      <Filter>src\camera</Filter>
    </ClInclude>
    <ClInclude Include="..\..\src\moaicore\MOAICameraFitter2D.h">
      <Filter>src\camera</Filter>
    </ClInclude>
    <ClInclude Include="..\..\src\moaicore\MOAITextureBase.h">
      <Filter>src\texture</Filter>
    </ClInclude>
    <ClInclude Include="..\..\src\moaicore\MOAIFrameBuffer.h">
      <Filter>src\texture</Filter>
    </ClInclude>
    <ClInclude Include="..\..\src\moaicore\MOAIImageTexture.h">
      <Filter>src\texture</Filter>
    </ClInclude>
    <ClInclude Include="..\..\src\moaicore\MOAITexture.h">
      <Filter>src\texture</Filter>
    </ClInclude>
    <ClInclude Include="..\..\src\moaicore\MOAIMultiTexture.h">
      <Filter>src\texture</Filter>
    </ClInclude>
    <ClInclude Include="..\..\src\moaicore\shaders\MOAIDeck2DShader-fsh.h">
      <Filter>src\gfx\shaders</Filter>
    </ClInclude>
    <ClInclude Include="..\..\src\moaicore\shaders\MOAIDeck2DShader-vsh.h">
      <Filter>src\gfx\shaders</Filter>
    </ClInclude>
    <ClInclude Include="..\..\src\moaicore\shaders\MOAIDeck2DTexOnlyShader-fsh.h">
      <Filter>src\gfx\shaders</Filter>
    </ClInclude>
    <ClInclude Include="..\..\src\moaicore\shaders\MOAIDeck2DTexOnlyShader-vsh.h">
      <Filter>src\gfx\shaders</Filter>
    </ClInclude>
    <ClInclude Include="..\..\src\moaicore\shaders\MOAIFontShader-fsh.h">
      <Filter>src\gfx\shaders</Filter>
    </ClInclude>
    <ClInclude Include="..\..\src\moaicore\shaders\MOAIFontShader-vsh.h">
      <Filter>src\gfx\shaders</Filter>
    </ClInclude>
    <ClInclude Include="..\..\src\moaicore\shaders\MOAILineShader-fsh.h">
      <Filter>src\gfx\shaders</Filter>
    </ClInclude>
    <ClInclude Include="..\..\src\moaicore\shaders\MOAILineShader-vsh.h">
      <Filter>src\gfx\shaders</Filter>
    </ClInclude>
    <ClInclude Include="..\..\src\moaicore\shaders\MOAIMeshShader-fsh.h">
      <Filter>src\gfx\shaders</Filter>
    </ClInclude>
    <ClInclude Include="..\..\src\moaicore\shaders\MOAIMeshShader-vsh.h">
      <Filter>src\gfx\shaders</Filter>
    </ClInclude>
    <ClInclude Include="..\..\src\moaicore\MOAIBitmapFontReader.h">
      <Filter>src\font</Filter>
    </ClInclude>
    <ClInclude Include="..\..\src\moaicore\MOAIRenderMgr.h">
      <Filter>src\render</Filter>
    </ClInclude>
    <ClInclude Include="..\..\src\moaicore\MOAIRenderable.h">
      <Filter>src\render</Filter>
    </ClInclude>
    <ClInclude Include="..\..\src\moaicore\MOAIUrlMgrNaCl.h">
      <Filter>src\web</Filter>
    </ClInclude>
    <ClInclude Include="..\..\src\moaicore\MOAIHttpTaskBase.h">
      <Filter>src\web</Filter>
    </ClInclude>
    <ClInclude Include="..\..\src\moaicore\MOAIHttpTaskCurl.h">
      <Filter>src\web</Filter>
    </ClInclude>
    <ClInclude Include="..\..\src\moaicore\MOAIHttpTaskNaCl.h">
      <Filter>src\web</Filter>
    </ClInclude>
    <ClInclude Include="..\..\src\moaicore\MOAIUrlMgrCurl.h">
      <Filter>src\web</Filter>
    </ClInclude>
    <ClInclude Include="..\..\src\moaicore\MOAIPartitionLevel.h">
      <Filter>src\partition</Filter>
    </ClInclude>
    <ClInclude Include="..\..\src\moaicore\MOAIQuadBrush.h">
      <Filter>src\gfx</Filter>
    </ClInclude>
    <ClInclude Include="..\..\src\moaicore\MOAIFoo.h">
      <Filter>src\foo</Filter>
    </ClInclude>
    <ClInclude Include="..\..\src\moaicore\MOAIFooMgr.h">
      <Filter>src\foo</Filter>
    </ClInclude>
    <ClInclude Include="..\..\src\moaicore\MOAIScissorRect.h">
      <Filter>src\prop</Filter>
    </ClInclude>
    <ClInclude Include="..\..\src\moaicore\MOAIParticlePlugin.h">
      <Filter>src\particles\plugins</Filter>
    </ClInclude>
    <ClInclude Include="..\..\src\moaicore\MOAIParticleCallbackPlugin.h">
      <Filter>src\particles\plugins</Filter>
    </ClInclude>
    <ClInclude Include="..\..\src\moaicore\MOAIParticlePexPlugin.h">
      <Filter>src\particles\plugins</Filter>
    </ClInclude>
    <ClInclude Include="..\..\src\moaicore\MOAITextBundle.h">
      <Filter>src\util</Filter>
    </ClInclude>
    <ClInclude Include="..\..\src\moaicore\MOAIBoundsDeck.h">
      <Filter>src\deck</Filter>
    </ClInclude>
    <ClInclude Include="..\..\src\moaicore\MOAIDataBufferStream.h">
      <Filter>src\stream</Filter>
    </ClInclude>
    <ClInclude Include="..\..\src\moaicore\MOAIFileStream.h">
      <Filter>src\stream</Filter>
    </ClInclude>
    <ClInclude Include="..\..\src\moaicore\MOAIMemStream.h">
      <Filter>src\stream</Filter>
    </ClInclude>
    <ClInclude Include="..\..\src\moaicore\MOAIStream.h">
      <Filter>src\stream</Filter>
    </ClInclude>
    <ClInclude Include="..\..\src\moaicore\MOAIStreamReader.h">
      <Filter>src\stream</Filter>
    </ClInclude>
    <ClInclude Include="..\..\src\moaicore\MOAIStreamWriter.h">
      <Filter>src\stream</Filter>
    </ClInclude>
    <ClInclude Include="..\..\src\moaicore\MOAIGridDeck2D.h">
      <Filter>src\deck</Filter>
    </ClInclude>
    <ClInclude Include="..\..\src\moaicore\MOAIAnimCurveBase.h">
      <Filter>src\anim</Filter>
    </ClInclude>
    <ClInclude Include="..\..\src\moaicore\MOAIAnimCurveQuat.h">
      <Filter>src\anim</Filter>
    </ClInclude>
    <ClInclude Include="..\..\src\moaicore\MOAIAnimCurveVec.h">
      <Filter>src\anim</Filter>
    </ClInclude>
    <ClInclude Include="..\..\src\moaicore\MOAIHashWriter.h">
      <Filter>src\stream</Filter>
    </ClInclude>
    <ClInclude Include="..\..\src\moaicore\MOAIXmlWriter.h">
      <Filter>src\util</Filter>
    </ClInclude>
    <ClInclude Include="..\..\src\moaicore\MOAIDataIOTask.h">
      <Filter>src\io</Filter>
    </ClInclude>
    <ClInclude Include="..\..\src\moaicore\MOAIMutex.h">
      <Filter>src\thread</Filter>
    </ClInclude>
    <ClInclude Include="..\..\src\moaicore\MOAIMutex_posix.h">
      <Filter>src\thread</Filter>
    </ClInclude>
    <ClInclude Include="..\..\src\moaicore\MOAIMutex_win32.h">
      <Filter>src\thread</Filter>
    </ClInclude>
    <ClInclude Include="..\..\src\moaicore\MOAITask.h">
      <Filter>src\thread</Filter>
    </ClInclude>
    <ClInclude Include="..\..\src\moaicore\MOAITaskQueue.h">
      <Filter>src\thread</Filter>
    </ClInclude>
    <ClInclude Include="..\..\src\moaicore\MOAITaskSubscriber.h">
      <Filter>src\thread</Filter>
    </ClInclude>
    <ClInclude Include="..\..\src\moaicore\MOAITaskThread.h">
      <Filter>src\thread</Filter>
    </ClInclude>
    <ClInclude Include="..\..\src\moaicore\MOAIThread.h">
      <Filter>src\thread</Filter>
    </ClInclude>
    <ClInclude Include="..\..\src\moaicore\MOAIThread_posix.h">
      <Filter>src\thread</Filter>
    </ClInclude>
    <ClInclude Include="..\..\src\moaicore\MOAIThread_win32.h">
      <Filter>src\thread</Filter>
    </ClInclude>
  </ItemGroup>
</Project>