<?xml version="1.0" encoding="utf-8"?>
<Project ToolsVersion="4.0" xmlns="http://schemas.microsoft.com/developer/msbuild/2003">
  <ItemGroup>
    <Filter Include="action">
      <UniqueIdentifier>{ba17a1a4-fa7c-4073-8f91-57e8ec8a70a3}</UniqueIdentifier>
    </Filter>
    <Filter Include="anim">
      <UniqueIdentifier>{85116861-6a89-4d14-a89a-d3e50356df60}</UniqueIdentifier>
    </Filter>
    <Filter Include="layer">
      <UniqueIdentifier>{43d76d67-f075-4624-93c1-3d11d55ed4b9}</UniqueIdentifier>
    </Filter>
    <Filter Include="widgets">
      <UniqueIdentifier>{d294cb72-beb1-415c-87d0-da41f6592c90}</UniqueIdentifier>
    </Filter>
    <Filter Include="gfx">
      <UniqueIdentifier>{43c61fae-d827-4788-8af8-46be92b8de97}</UniqueIdentifier>
    </Filter>
    <Filter Include="gfx\shaders">
      <UniqueIdentifier>{f83be7b1-d4d2-4d05-9a24-6eacbc9485c0}</UniqueIdentifier>
    </Filter>
    <Filter Include="grid">
      <UniqueIdentifier>{d7cfe3f4-9e8d-42ad-913b-ccfd8001524a}</UniqueIdentifier>
    </Filter>
    <Filter Include="input">
      <UniqueIdentifier>{57b19275-cbf4-45db-a6d8-19b759c0a6c0}</UniqueIdentifier>
    </Filter>
    <Filter Include="partition">
      <UniqueIdentifier>{fe266c7a-3af2-4989-ae48-01cf85414c4f}</UniqueIdentifier>
    </Filter>
    <Filter Include="sim">
      <UniqueIdentifier>{c9421e62-d5f3-4c36-847a-22d075840800}</UniqueIdentifier>
    </Filter>
    <Filter Include="particles">
      <UniqueIdentifier>{a15e9f22-4fe4-47f3-a78d-4c1fcfd9c24e}</UniqueIdentifier>
    </Filter>
    <Filter Include="particles\plugins">
      <UniqueIdentifier>{29e63eaa-7c3e-4fe4-858e-63444b44e084}</UniqueIdentifier>
    </Filter>
    <Filter Include="node">
      <UniqueIdentifier>{5c837ea4-de29-41cb-bb1b-320308e75e40}</UniqueIdentifier>
    </Filter>
    <Filter Include="transform">
      <UniqueIdentifier>{bd700d13-9e62-43ea-ba4f-877ef48f56f9}</UniqueIdentifier>
    </Filter>
    <Filter Include="prop">
      <UniqueIdentifier>{f4ab8ae5-2f23-4159-b4b7-04e187889cc4}</UniqueIdentifier>
    </Filter>
    <Filter Include="deck">
      <UniqueIdentifier>{1811a509-0376-4b94-9995-d747f628f055}</UniqueIdentifier>
    </Filter>
    <Filter Include="camera">
      <UniqueIdentifier>{7dbec36e-18a9-4a18-9600-e8ce480f6eb3}</UniqueIdentifier>
    </Filter>
    <Filter Include="environment">
      <UniqueIdentifier>{cc4de5c8-b896-48d0-bf2d-30764e74611a}</UniqueIdentifier>
    </Filter>
    <Filter Include="pathfinding">
      <UniqueIdentifier>{3f54e247-57ac-4a90-9f40-b8d7fba10602}</UniqueIdentifier>
    </Filter>
    <Filter Include="texture">
      <UniqueIdentifier>{0244b9ab-69a3-4ae4-b72f-dd601e7b8302}</UniqueIdentifier>
    </Filter>
    <Filter Include="collision">
      <UniqueIdentifier>{84655189-d3fc-48b9-aae3-5986ae40af31}</UniqueIdentifier>
    </Filter>
    <Filter Include="profiler">
      <UniqueIdentifier>{b9e518e8-5f57-4ce4-95be-aabb672d0379}</UniqueIdentifier>
    </Filter>
    <Filter Include="text">
      <UniqueIdentifier>{6027aae3-a95c-4247-80e7-04d421f0c538}</UniqueIdentifier>
    </Filter>
    <Filter Include="font">
      <UniqueIdentifier>{5ce2e89a-938c-42cf-82cc-05555a82e7be}</UniqueIdentifier>
    </Filter>
  </ItemGroup>
  <ItemGroup>
    <ClCompile Include="..\..\src\moai-sim\MOAIAction.cpp">
      <Filter>action</Filter>
    </ClCompile>
    <ClCompile Include="..\..\src\moai-sim\MOAIActionMgr.cpp">
      <Filter>action</Filter>
    </ClCompile>
    <ClCompile Include="..\..\src\moai-sim\MOAIBlocker.cpp">
      <Filter>action</Filter>
    </ClCompile>
    <ClCompile Include="..\..\src\moai-sim\MOAICoroutine.cpp">
      <Filter>action</Filter>
    </ClCompile>
    <ClCompile Include="..\..\src\moai-sim\MOAITimer.cpp">
      <Filter>action</Filter>
    </ClCompile>
    <ClCompile Include="..\..\src\moai-sim\MOAIAnim.cpp">
      <Filter>anim</Filter>
    </ClCompile>
    <ClCompile Include="..\..\src\moai-sim\MOAIAnimCurve.cpp">
      <Filter>anim</Filter>
    </ClCompile>
    <ClCompile Include="..\..\src\moai-sim\MOAIAnimCurveBase.cpp">
      <Filter>anim</Filter>
    </ClCompile>
    <ClCompile Include="..\..\src\moai-sim\MOAIAnimCurveQuat.cpp">
      <Filter>anim</Filter>
    </ClCompile>
    <ClCompile Include="..\..\src\moai-sim\MOAIAnimCurveVec.cpp">
      <Filter>anim</Filter>
    </ClCompile>
    <ClCompile Include="..\..\src\moai-sim\MOAIEaseDriver.cpp">
      <Filter>anim</Filter>
    </ClCompile>
    <ClCompile Include="..\..\src\moai-sim\MOAIEaseType.cpp">
      <Filter>anim</Filter>
    </ClCompile>
    <ClCompile Include="..\..\src\moai-sim\MOAILayer.cpp">
      <Filter>layer</Filter>
    </ClCompile>
    <ClCompile Include="..\..\src\moai-sim\MOAILayer2D.cpp">
      <Filter>layer</Filter>
    </ClCompile>
    <ClCompile Include="..\..\src\moai-sim\MOAILayerBridge.cpp">
      <Filter>layer</Filter>
    </ClCompile>
    <ClCompile Include="..\..\src\moai-sim\MOAILayoutFrame.cpp">
      <Filter>widgets</Filter>
    </ClCompile>
    <ClCompile Include="..\..\src\moai-sim\MOAIBlendMode.cpp">
      <Filter>gfx</Filter>
    </ClCompile>
    <ClCompile Include="..\..\src\moai-sim\MOAIColor.cpp">
      <Filter>gfx</Filter>
    </ClCompile>
    <ClCompile Include="..\..\src\moai-sim\MOAIDebugLines.cpp">
      <Filter>gfx</Filter>
    </ClCompile>
    <ClCompile Include="..\..\src\moai-sim\MOAIDraw.cpp">
      <Filter>gfx</Filter>
    </ClCompile>
    <ClCompile Include="..\..\src\moai-sim\MOAIFrameBuffer.cpp">
      <Filter>gfx</Filter>
    </ClCompile>
    <ClCompile Include="..\..\src\moai-sim\MOAIGfxDevice.cpp">
      <Filter>gfx</Filter>
    </ClCompile>
    <ClCompile Include="..\..\src\moai-sim\MOAIGfxResource.cpp">
      <Filter>gfx</Filter>
    </ClCompile>
    <ClCompile Include="..\..\src\moai-sim\MOAIImage-jpg.cpp">
      <Filter>gfx</Filter>
    </ClCompile>
    <ClCompile Include="..\..\src\moai-sim\MOAIImage-png.cpp">
      <Filter>gfx</Filter>
    </ClCompile>
    <ClCompile Include="..\..\src\moai-sim\MOAIImage.cpp">
      <Filter>gfx</Filter>
    </ClCompile>
    <ClCompile Include="..\..\src\moai-sim\MOAIIndexBuffer.cpp">
      <Filter>gfx</Filter>
    </ClCompile>
    <ClCompile Include="..\..\src\moai-sim\MOAIQuadBrush.cpp">
      <Filter>gfx</Filter>
    </ClCompile>
    <ClCompile Include="..\..\src\moai-sim\MOAIRenderable.cpp">
      <Filter>gfx</Filter>
    </ClCompile>
    <ClCompile Include="..\..\src\moai-sim\MOAIRenderMgr.cpp">
      <Filter>gfx</Filter>
    </ClCompile>
    <ClCompile Include="..\..\src\moai-sim\MOAIShader.cpp">
      <Filter>gfx</Filter>
    </ClCompile>
    <ClCompile Include="..\..\src\moai-sim\MOAIShaderMgr.cpp">
      <Filter>gfx</Filter>
    </ClCompile>
    <ClCompile Include="..\..\src\moai-sim\MOAIVertexBuffer.cpp">
      <Filter>gfx</Filter>
    </ClCompile>
    <ClCompile Include="..\..\src\moai-sim\MOAIVertexFormat.cpp">
      <Filter>gfx</Filter>
    </ClCompile>
    <ClCompile Include="..\..\src\moai-sim\MOAIVertexFormatMgr.cpp">
      <Filter>gfx</Filter>
    </ClCompile>
    <ClCompile Include="..\..\src\moai-sim\MOAIViewport.cpp">
      <Filter>gfx</Filter>
    </ClCompile>
    <ClCompile Include="..\..\src\moai-sim\MOAIGrid.cpp">
      <Filter>grid</Filter>
    </ClCompile>
    <ClCompile Include="..\..\src\moai-sim\MOAIGridSpace.cpp">
      <Filter>grid</Filter>
    </ClCompile>
    <ClCompile Include="..\..\src\moai-sim\MOAITileFlags.cpp">
      <Filter>grid</Filter>
    </ClCompile>
    <ClCompile Include="..\..\src\moai-sim\MOAIButtonSensor.cpp">
      <Filter>input</Filter>
    </ClCompile>
    <ClCompile Include="..\..\src\moai-sim\MOAICompassSensor.cpp">
      <Filter>input</Filter>
    </ClCompile>
    <ClCompile Include="..\..\src\moai-sim\MOAIInputDevice.cpp">
      <Filter>input</Filter>
    </ClCompile>
    <ClCompile Include="..\..\src\moai-sim\MOAIInputMgr.cpp">
      <Filter>input</Filter>
    </ClCompile>
    <ClCompile Include="..\..\src\moai-sim\MOAIJoystickSensor.cpp">
      <Filter>input</Filter>
    </ClCompile>
    <ClCompile Include="..\..\src\moai-sim\MOAIKeyboardSensor.cpp">
      <Filter>input</Filter>
    </ClCompile>
    <ClCompile Include="..\..\src\moai-sim\MOAILocationSensor.cpp">
      <Filter>input</Filter>
    </ClCompile>
    <ClCompile Include="..\..\src\moai-sim\MOAIMotionSensor.cpp">
      <Filter>input</Filter>
    </ClCompile>
    <ClCompile Include="..\..\src\moai-sim\MOAIPointerSensor.cpp">
      <Filter>input</Filter>
    </ClCompile>
    <ClCompile Include="..\..\src\moai-sim\MOAISensor.cpp">
      <Filter>input</Filter>
    </ClCompile>
    <ClCompile Include="..\..\src\moai-sim\MOAITouchSensor.cpp">
      <Filter>input</Filter>
    </ClCompile>
    <ClCompile Include="..\..\src\moai-sim\MOAIWheelSensor.cpp">
      <Filter>input</Filter>
    </ClCompile>
    <ClCompile Include="..\..\src\moai-sim\MOAIPartition.cpp">
      <Filter>partition</Filter>
    </ClCompile>
    <ClCompile Include="..\..\src\moai-sim\MOAIPartitionCell.cpp">
      <Filter>partition</Filter>
    </ClCompile>
    <ClCompile Include="..\..\src\moai-sim\MOAIPartitionLevel.cpp">
      <Filter>partition</Filter>
    </ClCompile>
    <ClCompile Include="..\..\src\moai-sim\MOAIPartitionResultBuffer.cpp">
      <Filter>partition</Filter>
    </ClCompile>
    <ClCompile Include="..\..\src\moai-sim\MOAIPartitionResultMgr.cpp">
      <Filter>partition</Filter>
    </ClCompile>
    <ClCompile Include="..\..\src\moai-sim\MOAISurfaceSampler2D.cpp">
      <Filter>partition</Filter>
    </ClCompile>
    <ClCompile Include="..\..\src\moai-sim\MOAISim.cpp">
      <Filter>sim</Filter>
    </ClCompile>
    <ClCompile Include="..\..\src\moai-sim\MOAIParticleDistanceEmitter.cpp">
      <Filter>particles</Filter>
    </ClCompile>
    <ClCompile Include="..\..\src\moai-sim\MOAIParticleEmitter.cpp">
      <Filter>particles</Filter>
    </ClCompile>
    <ClCompile Include="..\..\src\moai-sim\MOAIParticleForce.cpp">
      <Filter>particles</Filter>
    </ClCompile>
    <ClCompile Include="..\..\src\moai-sim\MOAIParticleScript.cpp">
      <Filter>particles</Filter>
    </ClCompile>
    <ClCompile Include="..\..\src\moai-sim\MOAIParticleState.cpp">
      <Filter>particles</Filter>
    </ClCompile>
    <ClCompile Include="..\..\src\moai-sim\MOAIParticleSystem.cpp">
      <Filter>particles</Filter>
    </ClCompile>
    <ClCompile Include="..\..\src\moai-sim\MOAIParticleTimedEmitter.cpp">
      <Filter>particles</Filter>
    </ClCompile>
    <ClCompile Include="..\..\src\moai-sim\MOAIParticleCallbackPlugin.cpp">
      <Filter>particles\plugins</Filter>
    </ClCompile>
    <ClCompile Include="..\..\src\moai-sim\MOAIParticlePexPlugin.cpp">
      <Filter>particles\plugins</Filter>
    </ClCompile>
    <ClCompile Include="..\..\src\moai-sim\MOAIParticlePlugin.cpp">
      <Filter>particles\plugins</Filter>
    </ClCompile>
    <ClCompile Include="..\..\src\moai-sim\MOAINode.cpp">
      <Filter>node</Filter>
    </ClCompile>
    <ClCompile Include="..\..\src\moai-sim\MOAINodeMgr.cpp">
      <Filter>node</Filter>
    </ClCompile>
    <ClCompile Include="..\..\src\moai-sim\MOAIScriptNode.cpp">
      <Filter>node</Filter>
    </ClCompile>
    <ClCompile Include="..\..\src\moai-sim\MOAITransform.cpp">
      <Filter>transform</Filter>
    </ClCompile>
    <ClCompile Include="..\..\src\moai-sim\MOAITransform2D.cpp">
      <Filter>transform</Filter>
    </ClCompile>
    <ClCompile Include="..\..\src\moai-sim\MOAITransformBase.cpp">
      <Filter>transform</Filter>
    </ClCompile>
    <ClCompile Include="..\..\src\moai-sim\MOAIProp.cpp">
      <Filter>prop</Filter>
    </ClCompile>
    <ClCompile Include="..\..\src\moai-sim\MOAIProp2D.cpp">
      <Filter>prop</Filter>
    </ClCompile>
    <ClCompile Include="..\..\src\moai-sim\MOAIScissorRect.cpp">
      <Filter>prop</Filter>
    </ClCompile>
    <ClCompile Include="..\..\src\moai-sim\MOAIBoundsDeck.cpp">
      <Filter>deck</Filter>
    </ClCompile>
    <ClCompile Include="..\..\src\moai-sim\MOAIDeck.cpp">
      <Filter>deck</Filter>
    </ClCompile>
    <ClCompile Include="..\..\src\moai-sim\MOAIDeckRemapper.cpp">
      <Filter>deck</Filter>
    </ClCompile>
    <ClCompile Include="..\..\src\moai-sim\MOAIGfxQuad2D.cpp">
      <Filter>deck</Filter>
    </ClCompile>
    <ClCompile Include="..\..\src\moai-sim\MOAIGfxQuadDeck2D.cpp">
      <Filter>deck</Filter>
    </ClCompile>
    <ClCompile Include="..\..\src\moai-sim\MOAIGfxQuadListDeck2D.cpp">
      <Filter>deck</Filter>
    </ClCompile>
    <ClCompile Include="..\..\src\moai-sim\MOAIGridDeck2D.cpp">
      <Filter>deck</Filter>
    </ClCompile>
    <ClCompile Include="..\..\src\moai-sim\MOAIMesh.cpp">
      <Filter>deck</Filter>
    </ClCompile>
    <ClCompile Include="..\..\src\moai-sim\MOAIScriptDeck.cpp">
      <Filter>deck</Filter>
    </ClCompile>
    <ClCompile Include="..\..\src\moai-sim\MOAIStretchPatch2D.cpp">
      <Filter>deck</Filter>
    </ClCompile>
    <ClCompile Include="..\..\src\moai-sim\MOAISurfaceDeck2D.cpp">
      <Filter>deck</Filter>
    </ClCompile>
    <ClCompile Include="..\..\src\moai-sim\MOAITileDeck2D.cpp">
      <Filter>deck</Filter>
    </ClCompile>
    <ClCompile Include="..\..\src\moai-sim\MOAICamera.cpp">
      <Filter>camera</Filter>
    </ClCompile>
    <ClCompile Include="..\..\src\moai-sim\MOAICamera2D.cpp">
      <Filter>camera</Filter>
    </ClCompile>
    <ClCompile Include="..\..\src\moai-sim\MOAICameraAnchor2D.cpp">
      <Filter>camera</Filter>
    </ClCompile>
    <ClCompile Include="..\..\src\moai-sim\MOAICameraFitter2D.cpp">
      <Filter>camera</Filter>
    </ClCompile>
    <ClCompile Include="..\..\src\moai-sim\MOAIEnvironment.cpp">
      <Filter>environment</Filter>
    </ClCompile>
    <ClCompile Include="..\..\src\moai-sim\MOAIGridPathGraph.cpp">
      <Filter>pathfinding</Filter>
    </ClCompile>
    <ClCompile Include="..\..\src\moai-sim\MOAIPathFinder.cpp">
      <Filter>pathfinding</Filter>
    </ClCompile>
    <ClCompile Include="..\..\src\moai-sim\MOAIPathGraph.cpp">
      <Filter>pathfinding</Filter>
    </ClCompile>
    <ClCompile Include="..\..\src\moai-sim\MOAIPathTerrainDeck.cpp">
      <Filter>pathfinding</Filter>
    </ClCompile>
    <ClCompile Include="..\..\src\moai-sim\MOAIFrameBufferTexture.cpp">
      <Filter>texture</Filter>
    </ClCompile>
    <ClCompile Include="..\..\src\moai-sim\MOAIImageTexture.cpp">
      <Filter>texture</Filter>
    </ClCompile>
    <ClCompile Include="..\..\src\moai-sim\MOAIMultiTexture.cpp">
      <Filter>texture</Filter>
    </ClCompile>
    <ClCompile Include="..\..\src\moai-sim\MOAITexture.cpp">
      <Filter>texture</Filter>
    </ClCompile>
    <ClCompile Include="..\..\src\moai-sim\MOAITextureBase.cpp">
      <Filter>texture</Filter>
    </ClCompile>
    <ClCompile Include="..\..\src\moai-sim\MOAICollisionShape.cpp">
      <Filter>collision</Filter>
    </ClCompile>
    <ClCompile Include="..\..\src\moai-sim\MOAIProfiler.cpp">
      <Filter>profiler</Filter>
    </ClCompile>
    <ClCompile Include="..\..\src\moai-sim\MOAIProfilerAutoScope.cpp">
      <Filter>profiler</Filter>
    </ClCompile>
    <ClCompile Include="..\..\src\moai-sim\MOAIProfilerContext.cpp">
      <Filter>profiler</Filter>
    </ClCompile>
    <ClCompile Include="..\..\src\moai-sim\MOAIProfilerEntry.cpp">
      <Filter>profiler</Filter>
    </ClCompile>
    <ClCompile Include="..\..\src\moai-sim\MOAIProfilerEntryBase.cpp">
      <Filter>profiler</Filter>
    </ClCompile>
    <ClCompile Include="..\..\src\moai-sim\MOAIProfilerReport.cpp">
      <Filter>profiler</Filter>
    </ClCompile>
    <ClCompile Include="..\..\src\moai-sim\MOAIProfilerReportBase.cpp">
      <Filter>profiler</Filter>
    </ClCompile>
    <ClCompile Include="..\..\src\moai-sim\MOAIProfilerScope.cpp">
      <Filter>profiler</Filter>
    </ClCompile>
    <ClCompile Include="..\..\src\moai-sim\MOAITextBox.cpp">
      <Filter>text</Filter>
    </ClCompile>
    <ClCompile Include="..\..\src\moai-sim\MOAITextBundle.cpp">
      <Filter>text</Filter>
    </ClCompile>
    <ClCompile Include="..\..\src\moai-sim\MOAITextDesigner.cpp">
      <Filter>text</Filter>
    </ClCompile>
    <ClCompile Include="..\..\src\moai-sim\MOAITextStyle.cpp">
      <Filter>text</Filter>
    </ClCompile>
    <ClCompile Include="..\..\src\moai-sim\MOAITextStyler.cpp">
      <Filter>text</Filter>
    </ClCompile>
    <ClCompile Include="..\..\src\moai-sim\MOAIBitmapFontReader.cpp">
      <Filter>font</Filter>
    </ClCompile>
    <ClCompile Include="..\..\src\moai-sim\MOAIFont.cpp">
      <Filter>font</Filter>
    </ClCompile>
    <ClCompile Include="..\..\src\moai-sim\MOAIFont_bmfont.cpp">
      <Filter>font</Filter>
    </ClCompile>
    <ClCompile Include="..\..\src\moai-sim\MOAIFontReader.cpp">
      <Filter>font</Filter>
    </ClCompile>
    <ClCompile Include="..\..\src\moai-sim\MOAIFreeTypeFontReader.cpp">
      <Filter>font</Filter>
    </ClCompile>
    <ClCompile Include="..\..\src\moai-sim\MOAIGlyph.cpp">
      <Filter>font</Filter>
    </ClCompile>
    <ClCompile Include="..\..\src\moai-sim\MOAIGlyphCache.cpp">
      <Filter>font</Filter>
    </ClCompile>
    <ClCompile Include="..\..\src\moai-sim\MOAIGlyphCacheBase.cpp">
      <Filter>font</Filter>
    </ClCompile>
    <ClCompile Include="..\..\src\moai-sim\MOAIGlyphCachePage.cpp">
      <Filter>font</Filter>
    </ClCompile>
    <ClCompile Include="..\..\src\moai-sim\MOAIGlyphSet.cpp">
      <Filter>font</Filter>
    </ClCompile>
    <ClCompile Include="..\..\src\moai-sim\MOAIStaticGlyphCache.cpp">
      <Filter>font</Filter>
    </ClCompile>
    <ClCompile Include="..\..\src\moai-sim\host.cpp" />
    <ClCompile Include="..\..\src\moai-sim\host_particles.cpp" />
    <ClCompile Include="..\..\src\moai-sim\pch.cpp" />
    <ClCompile Include="..\..\src\moai-sim\MOAIVecPathGraph.cpp">
      <Filter>pathfinding</Filter>
    </ClCompile>
  </ItemGroup>
  <ItemGroup>
    <ClInclude Include="..\..\src\moai-sim\MOAIAction.h">
      <Filter>action</Filter>
    </ClInclude>
    <ClInclude Include="..\..\src\moai-sim\MOAIActionMgr.h">
      <Filter>action</Filter>
    </ClInclude>
    <ClInclude Include="..\..\src\moai-sim\MOAIBlocker.h">
      <Filter>action</Filter>
    </ClInclude>
    <ClInclude Include="..\..\src\moai-sim\MOAICoroutine.h">
      <Filter>action</Filter>
    </ClInclude>
    <ClInclude Include="..\..\src\moai-sim\MOAITimer.h">
      <Filter>action</Filter>
    </ClInclude>
    <ClInclude Include="..\..\src\moai-sim\MOAIAnim.h">
      <Filter>anim</Filter>
    </ClInclude>
    <ClInclude Include="..\..\src\moai-sim\MOAIAnimCurve.h">
      <Filter>anim</Filter>
    </ClInclude>
    <ClInclude Include="..\..\src\moai-sim\MOAIAnimCurveBase.h">
      <Filter>anim</Filter>
    </ClInclude>
    <ClInclude Include="..\..\src\moai-sim\MOAIAnimCurveQuat.h">
      <Filter>anim</Filter>
    </ClInclude>
    <ClInclude Include="..\..\src\moai-sim\MOAIAnimCurveVec.h">
      <Filter>anim</Filter>
    </ClInclude>
    <ClInclude Include="..\..\src\moai-sim\MOAIEaseDriver.h">
      <Filter>anim</Filter>
    </ClInclude>
    <ClInclude Include="..\..\src\moai-sim\MOAIEaseType.h">
      <Filter>anim</Filter>
    </ClInclude>
    <ClInclude Include="..\..\src\moai-sim\MOAILayer.h">
      <Filter>layer</Filter>
    </ClInclude>
    <ClInclude Include="..\..\src\moai-sim\MOAILayer2D.h">
      <Filter>layer</Filter>
    </ClInclude>
    <ClInclude Include="..\..\src\moai-sim\MOAILayerBridge.h">
      <Filter>layer</Filter>
    </ClInclude>
    <ClInclude Include="..\..\src\moai-sim\MOAILayoutFrame.h">
      <Filter>widgets</Filter>
    </ClInclude>
    <ClInclude Include="..\..\src\moai-sim\MOAIBlendMode.h">
      <Filter>gfx</Filter>
    </ClInclude>
    <ClInclude Include="..\..\src\moai-sim\MOAIColor.h">
      <Filter>gfx</Filter>
    </ClInclude>
    <ClInclude Include="..\..\src\moai-sim\MOAIDebugLines.h">
      <Filter>gfx</Filter>
    </ClInclude>
    <ClInclude Include="..\..\src\moai-sim\MOAIDraw.h">
      <Filter>gfx</Filter>
    </ClInclude>
    <ClInclude Include="..\..\src\moai-sim\MOAIFrameBuffer.h">
      <Filter>gfx</Filter>
    </ClInclude>
    <ClInclude Include="..\..\src\moai-sim\MOAIGfxDevice.h">
      <Filter>gfx</Filter>
    </ClInclude>
    <ClInclude Include="..\..\src\moai-sim\MOAIGfxResource.h">
      <Filter>gfx</Filter>
    </ClInclude>
    <ClInclude Include="..\..\src\moai-sim\MOAIImage.h">
      <Filter>gfx</Filter>
    </ClInclude>
    <ClInclude Include="..\..\src\moai-sim\MOAIIndexBuffer.h">
      <Filter>gfx</Filter>
    </ClInclude>
    <ClInclude Include="..\..\src\moai-sim\MOAIPvrHeader.h">
      <Filter>gfx</Filter>
    </ClInclude>
    <ClInclude Include="..\..\src\moai-sim\MOAIQuadBrush.h">
      <Filter>gfx</Filter>
    </ClInclude>
    <ClInclude Include="..\..\src\moai-sim\MOAIRenderable.h">
      <Filter>gfx</Filter>
    </ClInclude>
    <ClInclude Include="..\..\src\moai-sim\MOAIRenderMgr.h">
      <Filter>gfx</Filter>
    </ClInclude>
    <ClInclude Include="..\..\src\moai-sim\MOAIShader.h">
      <Filter>gfx</Filter>
    </ClInclude>
    <ClInclude Include="..\..\src\moai-sim\MOAIShaderMgr.h">
      <Filter>gfx</Filter>
    </ClInclude>
    <ClInclude Include="..\..\src\moai-sim\MOAIVertexBuffer.h">
      <Filter>gfx</Filter>
    </ClInclude>
    <ClInclude Include="..\..\src\moai-sim\MOAIVertexFormat.h">
      <Filter>gfx</Filter>
    </ClInclude>
    <ClInclude Include="..\..\src\moai-sim\MOAIVertexFormatMgr.h">
      <Filter>gfx</Filter>
    </ClInclude>
    <ClInclude Include="..\..\src\moai-sim\MOAIViewport.h">
      <Filter>gfx</Filter>
    </ClInclude>
    <ClInclude Include="..\..\src\moai-sim\shaders\MOAIDeck2DShader-fsh.h">
      <Filter>gfx\shaders</Filter>
    </ClInclude>
    <ClInclude Include="..\..\src\moai-sim\shaders\MOAIDeck2DShader-vsh.h">
      <Filter>gfx\shaders</Filter>
    </ClInclude>
    <ClInclude Include="..\..\src\moai-sim\shaders\MOAIDeck2DTexOnlyShader-fsh.h">
      <Filter>gfx\shaders</Filter>
    </ClInclude>
    <ClInclude Include="..\..\src\moai-sim\shaders\MOAIDeck2DTexOnlyShader-vsh.h">
      <Filter>gfx\shaders</Filter>
    </ClInclude>
    <ClInclude Include="..\..\src\moai-sim\shaders\MOAIFontShader-fsh.h">
      <Filter>gfx\shaders</Filter>
    </ClInclude>
    <ClInclude Include="..\..\src\moai-sim\shaders\MOAIFontShader-vsh.h">
      <Filter>gfx\shaders</Filter>
    </ClInclude>
    <ClInclude Include="..\..\src\moai-sim\shaders\MOAILineShader-fsh.h">
      <Filter>gfx\shaders</Filter>
    </ClInclude>
    <ClInclude Include="..\..\src\moai-sim\shaders\MOAILineShader-vsh.h">
      <Filter>gfx\shaders</Filter>
    </ClInclude>
    <ClInclude Include="..\..\src\moai-sim\shaders\MOAIMeshShader-fsh.h">
      <Filter>gfx\shaders</Filter>
    </ClInclude>
    <ClInclude Include="..\..\src\moai-sim\shaders\MOAIMeshShader-vsh.h">
      <Filter>gfx\shaders</Filter>
    </ClInclude>
    <ClInclude Include="..\..\src\moai-sim\MOAIGrid.h">
      <Filter>grid</Filter>
    </ClInclude>
    <ClInclude Include="..\..\src\moai-sim\MOAIGridSpace.h">
      <Filter>grid</Filter>
    </ClInclude>
    <ClInclude Include="..\..\src\moai-sim\MOAITileFlags.h">
      <Filter>grid</Filter>
    </ClInclude>
    <ClInclude Include="..\..\src\moai-sim\MOAIButtonSensor.h">
      <Filter>input</Filter>
    </ClInclude>
    <ClInclude Include="..\..\src\moai-sim\MOAICompassSensor.h">
      <Filter>input</Filter>
    </ClInclude>
    <ClInclude Include="..\..\src\moai-sim\MOAIInputDevice.h">
      <Filter>input</Filter>
    </ClInclude>
    <ClInclude Include="..\..\src\moai-sim\MOAIInputMgr.h">
      <Filter>input</Filter>
    </ClInclude>
    <ClInclude Include="..\..\src\moai-sim\MOAIJoystickSensor.h">
      <Filter>input</Filter>
    </ClInclude>
    <ClInclude Include="..\..\src\moai-sim\MOAIKeyboardSensor.h">
      <Filter>input</Filter>
    </ClInclude>
    <ClInclude Include="..\..\src\moai-sim\MOAILocationSensor.h">
      <Filter>input</Filter>
    </ClInclude>
    <ClInclude Include="..\..\src\moai-sim\MOAIMotionSensor.h">
      <Filter>input</Filter>
    </ClInclude>
    <ClInclude Include="..\..\src\moai-sim\MOAIPointerSensor.h">
      <Filter>input</Filter>
    </ClInclude>
    <ClInclude Include="..\..\src\moai-sim\MOAISensor.h">
      <Filter>input</Filter>
    </ClInclude>
    <ClInclude Include="..\..\src\moai-sim\MOAITouchSensor.h">
      <Filter>input</Filter>
    </ClInclude>
    <ClInclude Include="..\..\src\moai-sim\MOAIWheelSensor.h">
      <Filter>input</Filter>
    </ClInclude>
    <ClInclude Include="..\..\src\moai-sim\MOAIPartition.h">
      <Filter>partition</Filter>
    </ClInclude>
    <ClInclude Include="..\..\src\moai-sim\MOAIPartitionCell.h">
      <Filter>partition</Filter>
    </ClInclude>
    <ClInclude Include="..\..\src\moai-sim\MOAIPartitionLevel.h">
      <Filter>partition</Filter>
    </ClInclude>
    <ClInclude Include="..\..\src\moai-sim\MOAIPartitionResultBuffer.h">
      <Filter>partition</Filter>
    </ClInclude>
    <ClInclude Include="..\..\src\moai-sim\MOAIPartitionResultMgr.h">
      <Filter>partition</Filter>
    </ClInclude>
    <ClInclude Include="..\..\src\moai-sim\MOAISurfaceSampler2D.h">
      <Filter>partition</Filter>
    </ClInclude>
    <ClInclude Include="..\..\src\moai-sim\MOAISim.h">
      <Filter>sim</Filter>
    </ClInclude>
    <ClInclude Include="..\..\src\moai-sim\MOAIParticle.h">
      <Filter>particles</Filter>
    </ClInclude>
    <ClInclude Include="..\..\src\moai-sim\MOAIParticleDistanceEmitter.h">
      <Filter>particles</Filter>
    </ClInclude>
    <ClInclude Include="..\..\src\moai-sim\MOAIParticleEmitter.h">
      <Filter>particles</Filter>
    </ClInclude>
    <ClInclude Include="..\..\src\moai-sim\MOAIParticleForce.h">
      <Filter>particles</Filter>
    </ClInclude>
    <ClInclude Include="..\..\src\moai-sim\MOAIParticleScript.h">
      <Filter>particles</Filter>
    </ClInclude>
    <ClInclude Include="..\..\src\moai-sim\MOAIParticleState.h">
      <Filter>particles</Filter>
    </ClInclude>
    <ClInclude Include="..\..\src\moai-sim\MOAIParticleSystem.h">
      <Filter>particles</Filter>
    </ClInclude>
    <ClInclude Include="..\..\src\moai-sim\MOAIParticleTimedEmitter.h">
      <Filter>particles</Filter>
    </ClInclude>
    <ClInclude Include="..\..\src\moai-sim\MOAIParticleCallbackPlugin.h">
      <Filter>particles\plugins</Filter>
    </ClInclude>
    <ClInclude Include="..\..\src\moai-sim\MOAIParticlePexPlugin.h">
      <Filter>particles\plugins</Filter>
    </ClInclude>
    <ClInclude Include="..\..\src\moai-sim\MOAIParticlePlugin.h">
      <Filter>particles\plugins</Filter>
    </ClInclude>
    <ClInclude Include="..\..\src\moai-sim\MOAIAttrOp.h">
      <Filter>node</Filter>
    </ClInclude>
    <ClInclude Include="..\..\src\moai-sim\MOAINode.h">
      <Filter>node</Filter>
    </ClInclude>
    <ClInclude Include="..\..\src\moai-sim\MOAINodeMgr.h">
      <Filter>node</Filter>
    </ClInclude>
    <ClInclude Include="..\..\src\moai-sim\MOAIScriptNode.h">
      <Filter>node</Filter>
    </ClInclude>
    <ClInclude Include="..\..\src\moai-sim\MOAITransform.h">
      <Filter>transform</Filter>
    </ClInclude>
    <ClInclude Include="..\..\src\moai-sim\MOAITransform2D.h">
      <Filter>transform</Filter>
    </ClInclude>
    <ClInclude Include="..\..\src\moai-sim\MOAITransformBase.h">
      <Filter>transform</Filter>
    </ClInclude>
    <ClInclude Include="..\..\src\moai-sim\MOAIProp.h">
      <Filter>prop</Filter>
    </ClInclude>
    <ClInclude Include="..\..\src\moai-sim\MOAIProp2D.h">
      <Filter>prop</Filter>
    </ClInclude>
    <ClInclude Include="..\..\src\moai-sim\MOAIScissorRect.h">
      <Filter>prop</Filter>
    </ClInclude>
    <ClInclude Include="..\..\src\moai-sim\MOAIBoundsDeck.h">
      <Filter>deck</Filter>
    </ClInclude>
    <ClInclude Include="..\..\src\moai-sim\MOAIDeck.h">
      <Filter>deck</Filter>
    </ClInclude>
    <ClInclude Include="..\..\src\moai-sim\MOAIDeckRemapper.h">
      <Filter>deck</Filter>
    </ClInclude>
    <ClInclude Include="..\..\src\moai-sim\MOAIGfxQuad2D.h">
      <Filter>deck</Filter>
    </ClInclude>
    <ClInclude Include="..\..\src\moai-sim\MOAIGfxQuadDeck2D.h">
      <Filter>deck</Filter>
    </ClInclude>
    <ClInclude Include="..\..\src\moai-sim\MOAIGfxQuadListDeck2D.h">
      <Filter>deck</Filter>
    </ClInclude>
    <ClInclude Include="..\..\src\moai-sim\MOAIGridDeck2D.h">
      <Filter>deck</Filter>
    </ClInclude>
    <ClInclude Include="..\..\src\moai-sim\MOAIMesh.h">
      <Filter>deck</Filter>
    </ClInclude>
    <ClInclude Include="..\..\src\moai-sim\MOAIScriptDeck.h">
      <Filter>deck</Filter>
    </ClInclude>
    <ClInclude Include="..\..\src\moai-sim\MOAIStretchPatch2D.h">
      <Filter>deck</Filter>
    </ClInclude>
    <ClInclude Include="..\..\src\moai-sim\MOAISurfaceDeck2D.h">
      <Filter>deck</Filter>
    </ClInclude>
    <ClInclude Include="..\..\src\moai-sim\MOAITileDeck2D.h">
      <Filter>deck</Filter>
    </ClInclude>
    <ClInclude Include="..\..\src\moai-sim\MOAICamera.h">
      <Filter>camera</Filter>
    </ClInclude>
    <ClInclude Include="..\..\src\moai-sim\MOAICamera2D.h">
      <Filter>camera</Filter>
    </ClInclude>
    <ClInclude Include="..\..\src\moai-sim\MOAICameraAnchor2D.h">
      <Filter>camera</Filter>
    </ClInclude>
    <ClInclude Include="..\..\src\moai-sim\MOAICameraFitter2D.h">
      <Filter>camera</Filter>
    </ClInclude>
    <ClInclude Include="..\..\src\moai-sim\MOAIEnvironment.h">
      <Filter>environment</Filter>
    </ClInclude>
    <ClInclude Include="..\..\src\moai-sim\MOAIGridPathGraph.h">
      <Filter>pathfinding</Filter>
    </ClInclude>
    <ClInclude Include="..\..\src\moai-sim\MOAIPathFinder.h">
      <Filter>pathfinding</Filter>
    </ClInclude>
    <ClInclude Include="..\..\src\moai-sim\MOAIPathGraph.h">
      <Filter>pathfinding</Filter>
    </ClInclude>
    <ClInclude Include="..\..\src\moai-sim\MOAIPathTerrainDeck.h">
      <Filter>pathfinding</Filter>
    </ClInclude>
    <ClInclude Include="..\..\src\moai-sim\MOAIFrameBufferTexture.h">
      <Filter>texture</Filter>
    </ClInclude>
    <ClInclude Include="..\..\src\moai-sim\MOAIImageTexture.h">
      <Filter>texture</Filter>
    </ClInclude>
    <ClInclude Include="..\..\src\moai-sim\MOAIMultiTexture.h">
      <Filter>texture</Filter>
    </ClInclude>
    <ClInclude Include="..\..\src\moai-sim\MOAITexture.h">
      <Filter>texture</Filter>
    </ClInclude>
    <ClInclude Include="..\..\src\moai-sim\MOAITextureBase.h">
      <Filter>texture</Filter>
    </ClInclude>
    <ClInclude Include="..\..\src\moai-sim\MOAICollisionShape.h">
      <Filter>collision</Filter>
    </ClInclude>
    <ClInclude Include="..\..\src\moai-sim\MOAIProfiler.h">
      <Filter>profiler</Filter>
    </ClInclude>
    <ClInclude Include="..\..\src\moai-sim\MOAIProfilerAutoScope.h">
      <Filter>profiler</Filter>
    </ClInclude>
    <ClInclude Include="..\..\src\moai-sim\MOAIProfilerContext.h">
      <Filter>profiler</Filter>
    </ClInclude>
    <ClInclude Include="..\..\src\moai-sim\MOAIProfilerEntry.h">
      <Filter>profiler</Filter>
    </ClInclude>
    <ClInclude Include="..\..\src\moai-sim\MOAIProfilerEntryBase.h">
      <Filter>profiler</Filter>
    </ClInclude>
    <ClInclude Include="..\..\src\moai-sim\MOAIProfilerReport.h">
      <Filter>profiler</Filter>
    </ClInclude>
    <ClInclude Include="..\..\src\moai-sim\MOAIProfilerReportBase.h">
      <Filter>profiler</Filter>
    </ClInclude>
    <ClInclude Include="..\..\src\moai-sim\MOAIProfilerScope.h">
      <Filter>profiler</Filter>
    </ClInclude>
    <ClInclude Include="..\..\src\moai-sim\MOAITextBox.h">
      <Filter>text</Filter>
    </ClInclude>
    <ClInclude Include="..\..\src\moai-sim\MOAITextBundle.h">
      <Filter>text</Filter>
    </ClInclude>
    <ClInclude Include="..\..\src\moai-sim\MOAITextDesigner.h">
      <Filter>text</Filter>
    </ClInclude>
    <ClInclude Include="..\..\src\moai-sim\MOAITextStyle.h">
      <Filter>text</Filter>
    </ClInclude>
    <ClInclude Include="..\..\src\moai-sim\MOAITextStyler.h">
      <Filter>text</Filter>
    </ClInclude>
    <ClInclude Include="..\..\src\moai-sim\MOAIBitmapFontReader.h">
      <Filter>font</Filter>
    </ClInclude>
    <ClInclude Include="..\..\src\moai-sim\MOAIFont.h">
      <Filter>font</Filter>
    </ClInclude>
    <ClInclude Include="..\..\src\moai-sim\MOAIFontReader.h">
      <Filter>font</Filter>
    </ClInclude>
    <ClInclude Include="..\..\src\moai-sim\MOAIFreeTypeFontReader.h">
      <Filter>font</Filter>
    </ClInclude>
    <ClInclude Include="..\..\src\moai-sim\MOAIGlyph.h">
      <Filter>font</Filter>
    </ClInclude>
    <ClInclude Include="..\..\src\moai-sim\MOAIGlyphCache.h">
      <Filter>font</Filter>
    </ClInclude>
    <ClInclude Include="..\..\src\moai-sim\MOAIGlyphCacheBase.h">
      <Filter>font</Filter>
    </ClInclude>
    <ClInclude Include="..\..\src\moai-sim\MOAIGlyphCachePage.h">
      <Filter>font</Filter>
    </ClInclude>
    <ClInclude Include="..\..\src\moai-sim\MOAIGlyphSet.h">
      <Filter>font</Filter>
    </ClInclude>
    <ClInclude Include="..\..\src\moai-sim\MOAISpanList.h">
      <Filter>font</Filter>
    </ClInclude>
    <ClInclude Include="..\..\src\moai-sim\MOAIStaticGlyphCache.h">
      <Filter>font</Filter>
    </ClInclude>
    <ClInclude Include="..\..\src\moai-sim\headers.h" />
    <ClInclude Include="..\..\src\moai-sim\host.h" />
    <ClInclude Include="..\..\src\moai-sim\host_particles.h" />
    <ClInclude Include="..\..\src\moai-sim\pch.h" />
    <ClInclude Include="..\..\src\moai-sim\MOAIVecPathGraph.h">
      <Filter>pathfinding</Filter>
    </ClInclude>
  </ItemGroup>
</Project>