<?xml version="1.0" encoding="utf-8"?>
<Project ToolsVersion="4.0" xmlns="http://schemas.microsoft.com/developer/msbuild/2003">
  <ItemGroup>
    <Filter Include="util">
      <UniqueIdentifier>{0dd96778-7a27-4406-8c65-2fe866b322ba}</UniqueIdentifier>
    </Filter>
    <Filter Include="stl">
      <UniqueIdentifier>{cc094110-a613-452d-972f-29b5d7305fa6}</UniqueIdentifier>
    </Filter>
    <Filter Include="templates">
      <UniqueIdentifier>{efcefc39-6818-4556-9c46-5bf9af904f8a}</UniqueIdentifier>
    </Filter>
    <Filter Include="time">
      <UniqueIdentifier>{1e925e94-66de-47cf-b5b6-b57adc31f3a2}</UniqueIdentifier>
    </Filter>
    <Filter Include="math">
      <UniqueIdentifier>{bb4a07a3-4717-4677-b92a-23a581b337c2}</UniqueIdentifier>
    </Filter>
    <Filter Include="stream">
      <UniqueIdentifier>{c994f9bc-5965-4cf3-9c37-5877af618a9f}</UniqueIdentifier>
    </Filter>
    <Filter Include="zip">
      <UniqueIdentifier>{dd2f1ca2-9abe-4d24-84ed-058eab1f6e8e}</UniqueIdentifier>
    </Filter>
    <Filter Include="gfxObjects">
      <UniqueIdentifier>{bbe15002-668c-4f29-b3bd-a879fe43eb84}</UniqueIdentifier>
    </Filter>
    <Filter Include="parser">
      <UniqueIdentifier>{6a261821-443e-4bb7-a69d-dd8783d0510b}</UniqueIdentifier>
    </Filter>
    <Filter Include="xml">
      <UniqueIdentifier>{746fb961-8687-4113-bd0e-79f2097fc3f5}</UniqueIdentifier>
    </Filter>
    <Filter Include="stream\encoding">
      <UniqueIdentifier>{700127ef-6dc5-40bf-a6ce-15b6e1ba9e8a}</UniqueIdentifier>
    </Filter>
    <Filter Include="stream\hash">
      <UniqueIdentifier>{92a3908b-ffad-4c52-aabf-9dc6e3ff4929}</UniqueIdentifier>
    </Filter>
  </ItemGroup>
  <ItemGroup>
    <ClInclude Include="..\..\src\uslscore\USAccessors.h">
      <Filter>util</Filter>
    </ClInclude>
    <ClInclude Include="..\..\src\uslscore\USBinarySearch.h">
      <Filter>util</Filter>
    </ClInclude>
    <ClInclude Include="..\..\src\uslscore\USDelegate.h">
      <Filter>util</Filter>
    </ClInclude>
    <ClInclude Include="..\..\src\uslscore\USDirectoryItr.h">
      <Filter>util</Filter>
    </ClInclude>
    <ClInclude Include="..\..\src\uslscore\USFileSys.h">
      <Filter>util</Filter>
    </ClInclude>
    <ClInclude Include="..\..\src\uslscore\USHexDump.h">
      <Filter>util</Filter>
    </ClInclude>
    <ClInclude Include="..\..\src\uslscore\USLog.h">
      <Filter>util</Filter>
    </ClInclude>
    <ClInclude Include="..\..\src\uslscore\USRadixSort16.h">
      <Filter>util</Filter>
    </ClInclude>
    <ClInclude Include="..\..\src\uslscore\USRadixSort32.h">
      <Filter>util</Filter>
    </ClInclude>
    <ClInclude Include="..\..\src\uslscore\USTypedPtr.h">
      <Filter>util</Filter>
    </ClInclude>
    <ClInclude Include="..\..\src\uslscore\USTypeID.h">
      <Filter>util</Filter>
    </ClInclude>
    <ClInclude Include="..\..\src\uslscore\STLArray.h">
      <Filter>stl</Filter>
    </ClInclude>
    <ClInclude Include="..\..\src\uslscore\STLIteration.h">
      <Filter>stl</Filter>
    </ClInclude>
    <ClInclude Include="..\..\src\uslscore\STLList.h">
      <Filter>stl</Filter>
    </ClInclude>
    <ClInclude Include="..\..\src\uslscore\STLMap.h">
      <Filter>stl</Filter>
    </ClInclude>
    <ClInclude Include="..\..\src\uslscore\STLSet.h">
      <Filter>stl</Filter>
    </ClInclude>
    <ClInclude Include="..\..\src\uslscore\STLString.h">
      <Filter>stl</Filter>
    </ClInclude>
    <ClInclude Include="..\..\src\uslscore\USFactory.h">
      <Filter>templates</Filter>
    </ClInclude>
    <ClInclude Include="..\..\src\uslscore\USLeanArray.h">
      <Filter>templates</Filter>
    </ClInclude>
    <ClInclude Include="..\..\src\uslscore\USLeanList.h">
      <Filter>templates</Filter>
    </ClInclude>
    <ClInclude Include="..\..\src\uslscore\USLeanPool.h">
      <Filter>templates</Filter>
    </ClInclude>
    <ClInclude Include="..\..\src\uslscore\USLeanStack.h">
      <Filter>templates</Filter>
    </ClInclude>
    <ClInclude Include="..\..\src\uslscore\USList.h">
      <Filter>templates</Filter>
    </ClInclude>
    <ClInclude Include="..\..\src\uslscore\USUnion.h">
      <Filter>templates</Filter>
    </ClInclude>
    <ClInclude Include="..\..\src\uslscore\USDeviceTime.h">
      <Filter>time</Filter>
    </ClInclude>
    <ClInclude Include="..\..\src\uslscore\USByteStream.h">
      <Filter>stream</Filter>
    </ClInclude>
    <ClInclude Include="..\..\src\uslscore\USFileStream.h">
      <Filter>stream</Filter>
    </ClInclude>
    <ClInclude Include="..\..\src\uslscore\USMemStream.h">
      <Filter>stream</Filter>
    </ClInclude>
    <ClInclude Include="..\..\src\uslscore\USStream.h">
      <Filter>stream</Filter>
    </ClInclude>
    <ClInclude Include="..\..\src\uslscore\USZip.h">
      <Filter>zip</Filter>
    </ClInclude>
    <ClInclude Include="..\..\src\uslscore\USZipFile.h">
      <Filter>zip</Filter>
    </ClInclude>
    <ClInclude Include="..\..\src\uslscore\USColor.h">
      <Filter>gfxObjects</Filter>
    </ClInclude>
    <ClInclude Include="..\..\src\uslscore\USPolyScanner.h">
      <Filter>gfxObjects</Filter>
    </ClInclude>
    <ClInclude Include="..\..\src\uslscore\USCgt.h">
      <Filter>parser</Filter>
    </ClInclude>
    <ClInclude Include="..\..\src\uslscore\USLexStream.h">
      <Filter>parser</Filter>
    </ClInclude>
    <ClInclude Include="..\..\src\uslscore\USParser.h">
      <Filter>parser</Filter>
    </ClInclude>
    <ClInclude Include="..\..\src\uslscore\USSyntaxNode.h">
      <Filter>parser</Filter>
    </ClInclude>
    <ClInclude Include="..\..\src\uslscore\USSyntaxScanner.h">
      <Filter>parser</Filter>
    </ClInclude>
    <ClInclude Include="..\..\src\uslscore\USXmlReader.h">
      <Filter>xml</Filter>
    </ClInclude>
    <ClInclude Include="..\..\src\uslscore\pch.h" />
    <ClInclude Include="..\..\src\uslscore\uslscore.h" />
    <ClInclude Include="..\..\src\uslscore\USVec4D.h">
      <Filter>math</Filter>
    </ClInclude>
    <ClInclude Include="..\..\src\uslscore\USAffine2D.h">
      <Filter>math</Filter>
    </ClInclude>
    <ClInclude Include="..\..\src\uslscore\USAffine3D.h">
      <Filter>math</Filter>
    </ClInclude>
    <ClInclude Include="..\..\src\uslscore\USBox.h">
      <Filter>math</Filter>
    </ClInclude>
    <ClInclude Include="..\..\src\uslscore\USCurve.h">
      <Filter>math</Filter>
    </ClInclude>
    <ClInclude Include="..\..\src\uslscore\USDistance.h">
      <Filter>math</Filter>
    </ClInclude>
    <ClInclude Include="..\..\src\uslscore\USFloat.h">
      <Filter>math</Filter>
    </ClInclude>
    <ClInclude Include="..\..\src\uslscore\USFrustum.h">
      <Filter>math</Filter>
    </ClInclude>
    <ClInclude Include="..\..\src\uslscore\USInterpolate.h">
      <Filter>math</Filter>
    </ClInclude>
    <ClInclude Include="..\..\src\uslscore\USIntersect.h">
      <Filter>math</Filter>
    </ClInclude>
    <ClInclude Include="..\..\src\uslscore\USMathConsts.h">
      <Filter>math</Filter>
    </ClInclude>
    <ClInclude Include="..\..\src\uslscore\USMatrix3x3.h">
      <Filter>math</Filter>
    </ClInclude>
    <ClInclude Include="..\..\src\uslscore\USMatrix4x4.h">
      <Filter>math</Filter>
    </ClInclude>
    <ClInclude Include="..\..\src\uslscore\USMatrix.h">
      <Filter>math</Filter>
    </ClInclude>
    <ClInclude Include="..\..\src\uslscore\USMercator.h">
      <Filter>math</Filter>
    </ClInclude>
    <ClInclude Include="..\..\src\uslscore\USPlane.h">
      <Filter>math</Filter>
    </ClInclude>
    <ClInclude Include="..\..\src\uslscore\USPolar.h">
      <Filter>math</Filter>
    </ClInclude>
    <ClInclude Include="..\..\src\uslscore\USPolygon2D.h">
      <Filter>math</Filter>
    </ClInclude>
    <ClInclude Include="..\..\src\uslscore\USPrism.h">
      <Filter>math</Filter>
    </ClInclude>
    <ClInclude Include="..\..\src\uslscore\USQuad.h">
      <Filter>math</Filter>
    </ClInclude>
    <ClInclude Include="..\..\src\uslscore\USQuadCoord.h">
      <Filter>math</Filter>
    </ClInclude>
    <ClInclude Include="..\..\src\uslscore\USRect.h">
      <Filter>math</Filter>
    </ClInclude>
    <ClInclude Include="..\..\src\uslscore\USRhombus.h">
      <Filter>math</Filter>
    </ClInclude>
    <ClInclude Include="..\..\src\uslscore\USSurface2D.h">
      <Filter>math</Filter>
    </ClInclude>
    <ClInclude Include="..\..\src\uslscore\USTrig.h">
      <Filter>math</Filter>
    </ClInclude>
    <ClInclude Include="..\..\src\uslscore\USVec2D.h">
      <Filter>math</Filter>
    </ClInclude>
    <ClInclude Include="..\..\src\uslscore\USVec3D.h">
      <Filter>math</Filter>
    </ClInclude>
    <ClInclude Include="..\..\src\uslscore\USUnique.h">
      <Filter>util</Filter>
    </ClInclude>
    <ClInclude Include="..\..\src\uslscore\USDeflateWriter.h">
      <Filter>stream\encoding</Filter>
    </ClInclude>
    <ClInclude Include="..\..\src\uslscore\USStreamReader.h">
      <Filter>stream\encoding</Filter>
    </ClInclude>
    <ClInclude Include="..\..\src\uslscore\USStreamWriter.h">
      <Filter>stream\encoding</Filter>
    </ClInclude>
    <ClInclude Include="..\..\src\uslscore\USBase64Encoder.h">
      <Filter>stream\encoding</Filter>
    </ClInclude>
    <ClInclude Include="..\..\src\uslscore\USBase64Reader.h">
      <Filter>stream\encoding</Filter>
    </ClInclude>
    <ClInclude Include="..\..\src\uslscore\USBase64Writer.h">
      <Filter>stream\encoding</Filter>
    </ClInclude>
    <ClInclude Include="..\..\src\uslscore\USDeflateReader.h">
      <Filter>stream\encoding</Filter>
    </ClInclude>
    <ClInclude Include="..\..\src\uslscore\USQuaternion.h">
      <Filter>math</Filter>
    </ClInclude>
    <ClInclude Include="..\..\src\uslscore\USHashWriterAdler32.h">
      <Filter>stream\hash</Filter>
    </ClInclude>
    <ClInclude Include="..\..\src\uslscore\USHashWriterCRC32.h">
      <Filter>stream\hash</Filter>
    </ClInclude>
    <ClInclude Include="..\..\src\uslscore\USHashWriterMD5.h">
      <Filter>stream\hash</Filter>
    </ClInclude>
    <ClInclude Include="..\..\src\uslscore\USHashWriterSHA1.h">
      <Filter>stream\hash</Filter>
    </ClInclude>
    <ClInclude Include="..\..\src\uslscore\USHashWriterSHA224.h">
      <Filter>stream\hash</Filter>
    </ClInclude>
    <ClInclude Include="..\..\src\uslscore\USHashWriterSHA256.h">
      <Filter>stream\hash</Filter>
    </ClInclude>
    <ClInclude Include="..\..\src\uslscore\USHashWriterSHA384.h">
      <Filter>stream\hash</Filter>
    </ClInclude>
    <ClInclude Include="..\..\src\uslscore\USHashWriterSHA512.h">
      <Filter>stream\hash</Filter>
    </ClInclude>
    <ClInclude Include="..\..\src\uslscore\USHashWriterWhirlpool.h">
      <Filter>stream\hash</Filter>
    </ClInclude>
    <ClInclude Include="..\..\src\uslscore\USHashWriter.h">
      <Filter>stream\hash</Filter>
    </ClInclude>
    <ClInclude Include="..\..\src\uslscore\USHexReader.h">
      <Filter>stream\encoding</Filter>
    </ClInclude>
    <ClInclude Include="..\..\src\uslscore\USHexWriter.h">
      <Filter>stream\encoding</Filter>
    </ClInclude>
  </ItemGroup>
  <ItemGroup>
    <ClCompile Include="..\..\src\uslscore\USAdapterInfo_win32.cpp">
      <Filter>util</Filter>
    </ClCompile>
    <ClCompile Include="..\..\src\uslscore\USDirectoryItr.cpp">
      <Filter>util</Filter>
    </ClCompile>
    <ClCompile Include="..\..\src\uslscore\USFileSys.cpp">
      <Filter>util</Filter>
    </ClCompile>
    <ClCompile Include="..\..\src\uslscore\USHexDump.cpp">
      <Filter>util</Filter>
    </ClCompile>
    <ClCompile Include="..\..\src\uslscore\USLog.cpp">
      <Filter>util</Filter>
    </ClCompile>
    <ClCompile Include="..\..\src\uslscore\USTypedPtr.cpp">
      <Filter>util</Filter>
    </ClCompile>
    <ClCompile Include="..\..\src\uslscore\STLString.cpp">
      <Filter>stl</Filter>
    </ClCompile>
    <ClCompile Include="..\..\src\uslscore\USDeviceTime_apple.cpp">
      <Filter>time</Filter>
    </ClCompile>
    <ClCompile Include="..\..\src\uslscore\USDeviceTime_posix.cpp">
      <Filter>time</Filter>
    </ClCompile>
    <ClCompile Include="..\..\src\uslscore\USDeviceTime_win32.cpp">
      <Filter>time</Filter>
    </ClCompile>
    <ClCompile Include="..\..\src\uslscore\USByteStream.cpp">
      <Filter>stream</Filter>
    </ClCompile>
    <ClCompile Include="..\..\src\uslscore\USFileStream.cpp">
      <Filter>stream</Filter>
    </ClCompile>
    <ClCompile Include="..\..\src\uslscore\USMemStream.cpp">
      <Filter>stream</Filter>
    </ClCompile>
    <ClCompile Include="..\..\src\uslscore\USStream.cpp">
      <Filter>stream</Filter>
    </ClCompile>
    <ClCompile Include="..\..\src\uslscore\USZip.cpp">
      <Filter>zip</Filter>
    </ClCompile>
    <ClCompile Include="..\..\src\uslscore\USZipFile.cpp">
      <Filter>zip</Filter>
    </ClCompile>
    <ClCompile Include="..\..\src\uslscore\USColor.cpp">
      <Filter>gfxObjects</Filter>
    </ClCompile>
    <ClCompile Include="..\..\src\uslscore\USCgt.cpp">
      <Filter>parser</Filter>
    </ClCompile>
    <ClCompile Include="..\..\src\uslscore\USLexStream.cpp">
      <Filter>parser</Filter>
    </ClCompile>
    <ClCompile Include="..\..\src\uslscore\USParser.cpp">
      <Filter>parser</Filter>
    </ClCompile>
    <ClCompile Include="..\..\src\uslscore\USSyntaxNode.cpp">
      <Filter>parser</Filter>
    </ClCompile>
    <ClCompile Include="..\..\src\uslscore\USSyntaxScanner.cpp">
      <Filter>parser</Filter>
    </ClCompile>
    <ClCompile Include="..\..\src\uslscore\USXmlReader.cpp">
      <Filter>xml</Filter>
    </ClCompile>
    <ClCompile Include="..\..\src\uslscore\uslscore-pch.cpp" />
    <ClCompile Include="..\..\src\uslscore\USBox.cpp">
      <Filter>math</Filter>
    </ClCompile>
    <ClCompile Include="..\..\src\uslscore\USCurve.cpp">
      <Filter>math</Filter>
    </ClCompile>
    <ClCompile Include="..\..\src\uslscore\USDistance.cpp">
      <Filter>math</Filter>
    </ClCompile>
    <ClCompile Include="..\..\src\uslscore\USFrustum.cpp">
      <Filter>math</Filter>
    </ClCompile>
    <ClCompile Include="..\..\src\uslscore\USInterpolate.cpp">
      <Filter>math</Filter>
    </ClCompile>
    <ClCompile Include="..\..\src\uslscore\USIntersect.cpp">
      <Filter>math</Filter>
    </ClCompile>
    <ClCompile Include="..\..\src\uslscore\USMercator.cpp">
      <Filter>math</Filter>
    </ClCompile>
    <ClCompile Include="..\..\src\uslscore\USPlane.cpp">
      <Filter>math</Filter>
    </ClCompile>
    <ClCompile Include="..\..\src\uslscore\USPolar.cpp">
      <Filter>math</Filter>
    </ClCompile>
    <ClCompile Include="..\..\src\uslscore\USPrism.cpp">
      <Filter>math</Filter>
    </ClCompile>
    <ClCompile Include="..\..\src\uslscore\USQuad.cpp">
      <Filter>math</Filter>
    </ClCompile>
    <ClCompile Include="..\..\src\uslscore\USQuadCoord.cpp">
      <Filter>math</Filter>
    </ClCompile>
    <ClCompile Include="..\..\src\uslscore\USRhombus.cpp">
      <Filter>math</Filter>
    </ClCompile>
    <ClCompile Include="..\..\src\uslscore\USSurface2D.cpp">
      <Filter>math</Filter>
    </ClCompile>
    <ClCompile Include="..\..\src\uslscore\USTrig.cpp">
      <Filter>math</Filter>
    </ClCompile>
    <ClCompile Include="..\..\src\uslscore\USUnique_linux.cpp">
      <Filter>util</Filter>
    </ClCompile>
    <ClCompile Include="..\..\src\uslscore\USUnique_win32.cpp">
      <Filter>util</Filter>
    </ClCompile>
    <ClCompile Include="..\..\src\uslscore\USStreamReader.cpp">
      <Filter>stream\encoding</Filter>
    </ClCompile>
    <ClCompile Include="..\..\src\uslscore\USStreamWriter.cpp">
      <Filter>stream\encoding</Filter>
    </ClCompile>
    <ClCompile Include="..\..\src\uslscore\USBase64Encoder.cpp">
      <Filter>stream\encoding</Filter>
    </ClCompile>
    <ClCompile Include="..\..\src\uslscore\USBase64Reader.cpp">
      <Filter>stream\encoding</Filter>
    </ClCompile>
    <ClCompile Include="..\..\src\uslscore\USBase64Writer.cpp">
      <Filter>stream\encoding</Filter>
    </ClCompile>
    <ClCompile Include="..\..\src\uslscore\USDeflateReader.cpp">
      <Filter>stream\encoding</Filter>
    </ClCompile>
    <ClCompile Include="..\..\src\uslscore\USDeflateWriter.cpp">
      <Filter>stream\encoding</Filter>
    </ClCompile>
    <ClCompile Include="..\..\src\uslscore\USQuaternion.cpp">
      <Filter>math</Filter>
    </ClCompile>
    <ClCompile Include="..\..\src\uslscore\USHashWriterCRC32.cpp">
      <Filter>stream\hash</Filter>
    </ClCompile>
    <ClCompile Include="..\..\src\uslscore\USHashWriterMD5.cpp">
      <Filter>stream\hash</Filter>
    </ClCompile>
    <ClCompile Include="..\..\src\uslscore\USHashWriterSHA1.cpp">
      <Filter>stream\hash</Filter>
    </ClCompile>
    <ClCompile Include="..\..\src\uslscore\USHashWriterSHA224.cpp">
      <Filter>stream\hash</Filter>
    </ClCompile>
    <ClCompile Include="..\..\src\uslscore\USHashWriterSHA256.cpp">
      <Filter>stream\hash</Filter>
    </ClCompile>
    <ClCompile Include="..\..\src\uslscore\USHashWriterSHA384.cpp">
      <Filter>stream\hash</Filter>
    </ClCompile>
    <ClCompile Include="..\..\src\uslscore\USHashWriterSHA512.cpp">
      <Filter>stream\hash</Filter>
    </ClCompile>
    <ClCompile Include="..\..\src\uslscore\USHashWriterWhirlpool.cpp">
      <Filter>stream\hash</Filter>
    </ClCompile>
    <ClCompile Include="..\..\src\uslscore\USHashWriterAdler32.cpp">
      <Filter>stream\hash</Filter>
    </ClCompile>
    <ClCompile Include="..\..\src\uslscore\USHashWriter.cpp">
      <Filter>stream\hash</Filter>
    </ClCompile>
    <ClCompile Include="..\..\src\uslscore\USHexReader.cpp">
      <Filter>stream\encoding</Filter>
    </ClCompile>
    <ClCompile Include="..\..\src\uslscore\USHexWriter.cpp">
      <Filter>stream\encoding</Filter>
    </ClCompile>
  </ItemGroup>
</Project>