// !$*UTF8*$!
{
	archiveVersion = 1;
	classes = {
	};
	objectVersion = 46;
	objects = {

/* Begin PBXBuildFile section */
		63157D5C19FCB407009018A3 /* bootstrap.lua in Resources */ = {isa = PBXBuildFile; fileRef = 63157D5B19FCB407009018A3 /* bootstrap.lua */; };
		63157D5F19FCB4F0009018A3 /* anim-basic in Resources */ = {isa = PBXBuildFile; fileRef = 63157D5E19FCB4F0009018A3 /* anim-basic */; };
		63157D6219FCB57D009018A3 /* libmoai-crypto.a in Frameworks */ = {isa = PBXBuildFile; fileRef = 63157D6019FCB57D009018A3 /* libmoai-crypto.a */; };
		63157D6319FCB57D009018A3 /* libtess.a in Frameworks */ = {isa = PBXBuildFile; fileRef = 63157D6119FCB57D009018A3 /* libtess.a */; };
		63157D6619FCB5A1009018A3 /* aku_modules_util.cpp in Sources */ = {isa = PBXBuildFile; fileRef = 63157D6419FCB5A1009018A3 /* aku_modules_util.cpp */; };
		6350149A1A162880000E237F /* Icon-120.png in Resources */ = {isa = PBXBuildFile; fileRef = 635014991A162880000E237F /* Icon-120.png */; };
		63E54A7919EE14DF00C7AC2F /* InfoPlist.strings in Resources */ = {isa = PBXBuildFile; fileRef = 63E54A7719EE14DF00C7AC2F /* InfoPlist.strings */; };
		63E54A9619EE170700C7AC2F /* aku_modules.cpp in Sources */ = {isa = PBXBuildFile; fileRef = 63E54A8C19EE170700C7AC2F /* aku_modules.cpp */; };
		63E54A9819EE170700C7AC2F /* SDLHost.cpp in Sources */ = {isa = PBXBuildFile; fileRef = 63E54A9319EE170700C7AC2F /* SDLHost.cpp */; };
		63E54A9919EE170700C7AC2F /* SDLHostMain.cpp in Sources */ = {isa = PBXBuildFile; fileRef = 63E54A9519EE170700C7AC2F /* SDLHostMain.cpp */; };
		63E54AC119EE179700C7AC2F /* libbox2d.a in Frameworks */ = {isa = PBXBuildFile; fileRef = 63E54A9A19EE179600C7AC2F /* libbox2d.a */; };
		63E54AC319EE179700C7AC2F /* libcontrib.a in Frameworks */ = {isa = PBXBuildFile; fileRef = 63E54A9C19EE179600C7AC2F /* libcontrib.a */; };
		63E54AC419EE179700C7AC2F /* libcrypto.a in Frameworks */ = {isa = PBXBuildFile; fileRef = 63E54A9D19EE179600C7AC2F /* libcrypto.a */; };
		63E54AC519EE179700C7AC2F /* libcurl.a in Frameworks */ = {isa = PBXBuildFile; fileRef = 63E54A9E19EE179600C7AC2F /* libcurl.a */; };
		63E54AC619EE179700C7AC2F /* libexpat.a in Frameworks */ = {isa = PBXBuildFile; fileRef = 63E54A9F19EE179600C7AC2F /* libexpat.a */; };
		63E54AC719EE179700C7AC2F /* libfreetype.a in Frameworks */ = {isa = PBXBuildFile; fileRef = 63E54AA019EE179600C7AC2F /* libfreetype.a */; };
		63E54AC819EE179700C7AC2F /* libglew.a in Frameworks */ = {isa = PBXBuildFile; fileRef = 63E54AA119EE179600C7AC2F /* libglew.a */; };
		63E54AC919EE179700C7AC2F /* libjansson.a in Frameworks */ = {isa = PBXBuildFile; fileRef = 63E54AA219EE179600C7AC2F /* libjansson.a */; };
		63E54ACA19EE179700C7AC2F /* libjpg.a in Frameworks */ = {isa = PBXBuildFile; fileRef = 63E54AA319EE179600C7AC2F /* libjpg.a */; };
		63E54ACB19EE179700C7AC2F /* libluacrypto.a in Frameworks */ = {isa = PBXBuildFile; fileRef = 63E54AA419EE179600C7AC2F /* libluacrypto.a */; };
		63E54ACC19EE179700C7AC2F /* libluacurl.a in Frameworks */ = {isa = PBXBuildFile; fileRef = 63E54AA519EE179600C7AC2F /* libluacurl.a */; };
		63E54ACD19EE179700C7AC2F /* libluafilesystem.a in Frameworks */ = {isa = PBXBuildFile; fileRef = 63E54AA619EE179600C7AC2F /* libluafilesystem.a */; };
		63E54ACE19EE179700C7AC2F /* libluajit.a in Frameworks */ = {isa = PBXBuildFile; fileRef = 63E54AA719EE179600C7AC2F /* libluajit.a */; };
		63E54ACF19EE179700C7AC2F /* libluasocket.a in Frameworks */ = {isa = PBXBuildFile; fileRef = 63E54AA819EE179600C7AC2F /* libluasocket.a */; };
		63E54AD019EE179700C7AC2F /* libluasql.a in Frameworks */ = {isa = PBXBuildFile; fileRef = 63E54AA919EE179600C7AC2F /* libluasql.a */; };
		63E54AD119EE179700C7AC2F /* libmoai-box2d.a in Frameworks */ = {isa = PBXBuildFile; fileRef = 63E54AAA19EE179600C7AC2F /* libmoai-box2d.a */; };
		63E54AD319EE179700C7AC2F /* libmoai-core.a in Frameworks */ = {isa = PBXBuildFile; fileRef = 63E54AAC19EE179600C7AC2F /* libmoai-core.a */; };
		63E54AD419EE179700C7AC2F /* libmoai-http-client.a in Frameworks */ = {isa = PBXBuildFile; fileRef = 63E54AAD19EE179600C7AC2F /* libmoai-http-client.a */; };
		63E54AD519EE179700C7AC2F /* libmoai-luaext.a in Frameworks */ = {isa = PBXBuildFile; fileRef = 63E54AAE19EE179600C7AC2F /* libmoai-luaext.a */; };
		63E54AD619EE179700C7AC2F /* libmoai-sim.a in Frameworks */ = {isa = PBXBuildFile; fileRef = 63E54AAF19EE179600C7AC2F /* libmoai-sim.a */; };
		63E54AD719EE179700C7AC2F /* libmoai-untz.a in Frameworks */ = {isa = PBXBuildFile; fileRef = 63E54AB019EE179600C7AC2F /* libmoai-untz.a */; };
		63E54AD819EE179700C7AC2F /* libmoai-util.a in Frameworks */ = {isa = PBXBuildFile; fileRef = 63E54AB119EE179600C7AC2F /* libmoai-util.a */; };
		63E54AD919EE179700C7AC2F /* libmongoose.a in Frameworks */ = {isa = PBXBuildFile; fileRef = 63E54AB219EE179600C7AC2F /* libmongoose.a */; };
		63E54ADA19EE179700C7AC2F /* libogg.a in Frameworks */ = {isa = PBXBuildFile; fileRef = 63E54AB319EE179600C7AC2F /* libogg.a */; };
		63E54ADB19EE179700C7AC2F /* libpng.a in Frameworks */ = {isa = PBXBuildFile; fileRef = 63E54AB419EE179600C7AC2F /* libpng.a */; };
		63E54ADC19EE179700C7AC2F /* libSDL2.a in Frameworks */ = {isa = PBXBuildFile; fileRef = 63E54AB519EE179600C7AC2F /* libSDL2.a */; };
		63E54ADD19EE179700C7AC2F /* libSDL2main.a in Frameworks */ = {isa = PBXBuildFile; fileRef = 63E54AB619EE179600C7AC2F /* libSDL2main.a */; };
		63E54ADE19EE179700C7AC2F /* libsfmt.a in Frameworks */ = {isa = PBXBuildFile; fileRef = 63E54AB719EE179600C7AC2F /* libsfmt.a */; };
		63E54ADF19EE179700C7AC2F /* libsqlite3.a in Frameworks */ = {isa = PBXBuildFile; fileRef = 63E54AB819EE179600C7AC2F /* libsqlite3.a */; };
		63E54AE019EE179700C7AC2F /* libssl.a in Frameworks */ = {isa = PBXBuildFile; fileRef = 63E54AB919EE179700C7AC2F /* libssl.a */; };
		63E54AE119EE179700C7AC2F /* libtinyxml.a in Frameworks */ = {isa = PBXBuildFile; fileRef = 63E54ABA19EE179700C7AC2F /* libtinyxml.a */; };
		63E54AE219EE179700C7AC2F /* libtlsf.a in Frameworks */ = {isa = PBXBuildFile; fileRef = 63E54ABB19EE179700C7AC2F /* libtlsf.a */; };
		63E54AE319EE179700C7AC2F /* libuntz.a in Frameworks */ = {isa = PBXBuildFile; fileRef = 63E54ABC19EE179700C7AC2F /* libuntz.a */; };
		63E54AE419EE179700C7AC2F /* libvorbis.a in Frameworks */ = {isa = PBXBuildFile; fileRef = 63E54ABD19EE179700C7AC2F /* libvorbis.a */; };
		63E54AE519EE179700C7AC2F /* libzlcore.a in Frameworks */ = {isa = PBXBuildFile; fileRef = 63E54ABE19EE179700C7AC2F /* libzlcore.a */; };
		63E54AE619EE179700C7AC2F /* libzlib.a in Frameworks */ = {isa = PBXBuildFile; fileRef = 63E54ABF19EE179700C7AC2F /* libzlib.a */; };
		63E54AE719EE179700C7AC2F /* libzlvfs.a in Frameworks */ = {isa = PBXBuildFile; fileRef = 63E54AC019EE179700C7AC2F /* libzlvfs.a */; };
		63E54AE819EE1A1200C7AC2F /* Foundation.framework in Frameworks */ = {isa = PBXBuildFile; fileRef = 63E54A7319EE14DF00C7AC2F /* Foundation.framework */; };
		63E54AF219EE1A1300C7AC2F /* AudioToolbox.framework in Frameworks */ = {isa = PBXBuildFile; fileRef = 63E54AE919EE1A1200C7AC2F /* AudioToolbox.framework */; };
		63E54AF319EE1A1300C7AC2F /* AudioUnit.framework in Frameworks */ = {isa = PBXBuildFile; fileRef = 63E54AEA19EE1A1200C7AC2F /* AudioUnit.framework */; };
		63E54AF419EE1A1300C7AC2F /* CoreAudio.framework in Frameworks */ = {isa = PBXBuildFile; fileRef = 63E54AEB19EE1A1200C7AC2F /* CoreAudio.framework */; };
		63E54AF519EE1A1300C7AC2F /* CoreGraphics.framework in Frameworks */ = {isa = PBXBuildFile; fileRef = 63E54AEC19EE1A1300C7AC2F /* CoreGraphics.framework */; };
		63E54AF619EE1A1300C7AC2F /* CoreLocation.framework in Frameworks */ = {isa = PBXBuildFile; fileRef = 63E54AED19EE1A1300C7AC2F /* CoreLocation.framework */; };
		63E54AF719EE1A1300C7AC2F /* GameKit.framework in Frameworks */ = {isa = PBXBuildFile; fileRef = 63E54AEE19EE1A1300C7AC2F /* GameKit.framework */; };
		63E54AF819EE1A1300C7AC2F /* QuartzCore.framework in Frameworks */ = {isa = PBXBuildFile; fileRef = 63E54AEF19EE1A1300C7AC2F /* QuartzCore.framework */; };
		63E54AF919EE1A1300C7AC2F /* StoreKit.framework in Frameworks */ = {isa = PBXBuildFile; fileRef = 63E54AF019EE1A1300C7AC2F /* StoreKit.framework */; };
		63E54AFA19EE1A1300C7AC2F /* SystemConfiguration.framework in Frameworks */ = {isa = PBXBuildFile; fileRef = 63E54AF119EE1A1300C7AC2F /* SystemConfiguration.framework */; };
		63E54AFC19EE1A5100C7AC2F /* OpenGL.framework in Frameworks */ = {isa = PBXBuildFile; fileRef = 63E54AFB19EE1A5100C7AC2F /* OpenGL.framework */; };
		63E54AFE19EE1A6F00C7AC2F /* CoreServices.framework in Frameworks */ = {isa = PBXBuildFile; fileRef = 63E54AFD19EE1A6F00C7AC2F /* CoreServices.framework */; };
		63E54B0019EE1A7A00C7AC2F /* ApplicationServices.framework in Frameworks */ = {isa = PBXBuildFile; fileRef = 63E54AFF19EE1A7900C7AC2F /* ApplicationServices.framework */; };
		63E54B0219EE1B1F00C7AC2F /* ForceFeedback.framework in Frameworks */ = {isa = PBXBuildFile; fileRef = 63E54B0119EE1B1F00C7AC2F /* ForceFeedback.framework */; };
		63E54B0419EE1B4D00C7AC2F /* IOKit.framework in Frameworks */ = {isa = PBXBuildFile; fileRef = 63E54B0319EE1B4D00C7AC2F /* IOKit.framework */; };
		63E54B0519EE1B7000C7AC2F /* AppKit.framework in Frameworks */ = {isa = PBXBuildFile; fileRef = 63E54A7119EE14DF00C7AC2F /* AppKit.framework */; };
		63E54B0719EE1C4B00C7AC2F /* Carbon.framework in Frameworks */ = {isa = PBXBuildFile; fileRef = 63E54B0619EE1C4B00C7AC2F /* Carbon.framework */; };
		63F755911A3C370900EF9127 /* libzlcrypto.a in Frameworks */ = {isa = PBXBuildFile; fileRef = 63F755901A3C370900EF9127 /* libzlcrypto.a */; };
		BD02B41B1AB7B508006743DE /* SDLJoystick.cpp in Sources */ = {isa = PBXBuildFile; fileRef = BD02B4171AB7B508006743DE /* SDLJoystick.cpp */; };
		BD02B41C1AB7B508006743DE /* SDLKeyCodeMapping.cpp in Sources */ = {isa = PBXBuildFile; fileRef = BD02B4191AB7B508006743DE /* SDLKeyCodeMapping.cpp */; };
		BD02B4201AB7B53F006743DE /* aku_plugins.cpp in Sources */ = {isa = PBXBuildFile; fileRef = BD02B41D1AB7B53F006743DE /* aku_plugins.cpp */; };
		BD02B4281AB7B5A7006743DE /* libmoai-apple.a in Frameworks */ = {isa = PBXBuildFile; fileRef = BD02B4221AB7B5A7006743DE /* libmoai-apple.a */; };
		BD02B4291AB7B5A7006743DE /* libmoai-audiosampler.a in Frameworks */ = {isa = PBXBuildFile; fileRef = BD02B4231AB7B5A7006743DE /* libmoai-audiosampler.a */; };
		BD02B42A1AB7B5A7006743DE /* libmoai-http-server.a in Frameworks */ = {isa = PBXBuildFile; fileRef = BD02B4241AB7B5A7006743DE /* libmoai-http-server.a */; };
		BD02B42B1AB7B5A7006743DE /* libmoai-sdl.a in Frameworks */ = {isa = PBXBuildFile; fileRef = BD02B4251AB7B5A7006743DE /* libmoai-sdl.a */; };
		BD02B42C1AB7B5A7006743DE /* libpvr.a in Frameworks */ = {isa = PBXBuildFile; fileRef = BD02B4261AB7B5A7006743DE /* libpvr.a */; };
		BD02B42D1AB7B5A7006743DE /* libwebp.a in Frameworks */ = {isa = PBXBuildFile; fileRef = BD02B4271AB7B5A7006743DE /* libwebp.a */; };
/* End PBXBuildFile section */

/* Begin PBXFileReference section */
		63157D5B19FCB407009018A3 /* bootstrap.lua */ = {isa = PBXFileReference; fileEncoding = 4; lastKnownFileType = text; name = bootstrap.lua; path = ../bootstrap.lua; sourceTree = "<group>"; };
		63157D5E19FCB4F0009018A3 /* anim-basic */ = {isa = PBXFileReference; lastKnownFileType = folder; name = "anim-basic"; path = "../../../samples/anim-basic"; sourceTree = "<group>"; };
		63157D6019FCB57D009018A3 /* libmoai-crypto.a */ = {isa = PBXFileReference; lastKnownFileType = archive.ar; path = "libmoai-crypto.a"; sourceTree = "<group>"; };
		63157D6119FCB57D009018A3 /* libtess.a */ = {isa = PBXFileReference; lastKnownFileType = archive.ar; path = libtess.a; sourceTree = "<group>"; };
		63157D6419FCB5A1009018A3 /* aku_modules_util.cpp */ = {isa = PBXFileReference; fileEncoding = 4; lastKnownFileType = sourcecode.cpp.cpp; path = aku_modules_util.cpp; sourceTree = "<group>"; };
		63157D6519FCB5A1009018A3 /* aku_modules_util.h */ = {isa = PBXFileReference; fileEncoding = 4; lastKnownFileType = sourcecode.c.h; path = aku_modules_util.h; sourceTree = "<group>"; };
		635014991A162880000E237F /* Icon-120.png */ = {isa = PBXFileReference; lastKnownFileType = image.png; path = "Icon-120.png"; sourceTree = "<group>"; };
		63E54A6B19EE14DF00C7AC2F /* Moai Template.app */ = {isa = PBXFileReference; explicitFileType = wrapper.application; includeInIndex = 0; path = "Moai Template.app"; sourceTree = BUILT_PRODUCTS_DIR; };
		63E54A6E19EE14DF00C7AC2F /* Cocoa.framework */ = {isa = PBXFileReference; lastKnownFileType = wrapper.framework; name = Cocoa.framework; path = System/Library/Frameworks/Cocoa.framework; sourceTree = SDKROOT; };
		63E54A7119EE14DF00C7AC2F /* AppKit.framework */ = {isa = PBXFileReference; lastKnownFileType = wrapper.framework; name = AppKit.framework; path = System/Library/Frameworks/AppKit.framework; sourceTree = SDKROOT; };
		63E54A7219EE14DF00C7AC2F /* CoreData.framework */ = {isa = PBXFileReference; lastKnownFileType = wrapper.framework; name = CoreData.framework; path = System/Library/Frameworks/CoreData.framework; sourceTree = SDKROOT; };
		63E54A7319EE14DF00C7AC2F /* Foundation.framework */ = {isa = PBXFileReference; lastKnownFileType = wrapper.framework; name = Foundation.framework; path = System/Library/Frameworks/Foundation.framework; sourceTree = SDKROOT; };
		63E54A7619EE14DF00C7AC2F /* Moai Template-Info.plist */ = {isa = PBXFileReference; lastKnownFileType = text.plist.xml; path = "Moai Template-Info.plist"; sourceTree = "<group>"; };
		63E54A7819EE14DF00C7AC2F /* en */ = {isa = PBXFileReference; lastKnownFileType = text.plist.strings; name = en; path = en.lproj/InfoPlist.strings; sourceTree = "<group>"; };
		63E54A8C19EE170700C7AC2F /* aku_modules.cpp */ = {isa = PBXFileReference; fileEncoding = 4; lastKnownFileType = sourcecode.cpp.cpp; path = aku_modules.cpp; sourceTree = "<group>"; };
		63E54A8D19EE170700C7AC2F /* aku_modules.h */ = {isa = PBXFileReference; fileEncoding = 4; lastKnownFileType = sourcecode.c.h; path = aku_modules.h; sourceTree = "<group>"; };
		63E54A8E19EE170700C7AC2F /* aku_modules_config.h */ = {isa = PBXFileReference; fileEncoding = 4; lastKnownFileType = sourcecode.c.h; path = aku_modules_config.h; sourceTree = "<group>"; };
		63E54A9319EE170700C7AC2F /* SDLHost.cpp */ = {isa = PBXFileReference; fileEncoding = 4; lastKnownFileType = sourcecode.cpp.cpp; path = SDLHost.cpp; sourceTree = "<group>"; };
		63E54A9419EE170700C7AC2F /* SDLHost.h */ = {isa = PBXFileReference; fileEncoding = 4; lastKnownFileType = sourcecode.c.h; path = SDLHost.h; sourceTree = "<group>"; };
		63E54A9519EE170700C7AC2F /* SDLHostMain.cpp */ = {isa = PBXFileReference; fileEncoding = 4; lastKnownFileType = sourcecode.cpp.cpp; path = SDLHostMain.cpp; sourceTree = "<group>"; };
		63E54A9A19EE179600C7AC2F /* libbox2d.a */ = {isa = PBXFileReference; lastKnownFileType = archive.ar; path = libbox2d.a; sourceTree = "<group>"; };
		63E54A9C19EE179600C7AC2F /* libcontrib.a */ = {isa = PBXFileReference; lastKnownFileType = archive.ar; path = libcontrib.a; sourceTree = "<group>"; };
		63E54A9D19EE179600C7AC2F /* libcrypto.a */ = {isa = PBXFileReference; lastKnownFileType = archive.ar; path = libcrypto.a; sourceTree = "<group>"; };
		63E54A9E19EE179600C7AC2F /* libcurl.a */ = {isa = PBXFileReference; lastKnownFileType = archive.ar; path = libcurl.a; sourceTree = "<group>"; };
		63E54A9F19EE179600C7AC2F /* libexpat.a */ = {isa = PBXFileReference; lastKnownFileType = archive.ar; path = libexpat.a; sourceTree = "<group>"; };
		63E54AA019EE179600C7AC2F /* libfreetype.a */ = {isa = PBXFileReference; lastKnownFileType = archive.ar; path = libfreetype.a; sourceTree = "<group>"; };
		63E54AA119EE179600C7AC2F /* libglew.a */ = {isa = PBXFileReference; lastKnownFileType = archive.ar; path = libglew.a; sourceTree = "<group>"; };
		63E54AA219EE179600C7AC2F /* libjansson.a */ = {isa = PBXFileReference; lastKnownFileType = archive.ar; path = libjansson.a; sourceTree = "<group>"; };
		63E54AA319EE179600C7AC2F /* libjpg.a */ = {isa = PBXFileReference; lastKnownFileType = archive.ar; path = libjpg.a; sourceTree = "<group>"; };
		63E54AA419EE179600C7AC2F /* libluacrypto.a */ = {isa = PBXFileReference; lastKnownFileType = archive.ar; path = libluacrypto.a; sourceTree = "<group>"; };
		63E54AA519EE179600C7AC2F /* libluacurl.a */ = {isa = PBXFileReference; lastKnownFileType = archive.ar; path = libluacurl.a; sourceTree = "<group>"; };
		63E54AA619EE179600C7AC2F /* libluafilesystem.a */ = {isa = PBXFileReference; lastKnownFileType = archive.ar; path = libluafilesystem.a; sourceTree = "<group>"; };
		63E54AA719EE179600C7AC2F /* libluajit.a */ = {isa = PBXFileReference; lastKnownFileType = archive.ar; path = libluajit.a; sourceTree = "<group>"; };
		63E54AA819EE179600C7AC2F /* libluasocket.a */ = {isa = PBXFileReference; lastKnownFileType = archive.ar; path = libluasocket.a; sourceTree = "<group>"; };
		63E54AA919EE179600C7AC2F /* libluasql.a */ = {isa = PBXFileReference; lastKnownFileType = archive.ar; path = libluasql.a; sourceTree = "<group>"; };
		63E54AAA19EE179600C7AC2F /* libmoai-box2d.a */ = {isa = PBXFileReference; lastKnownFileType = archive.ar; path = "libmoai-box2d.a"; sourceTree = "<group>"; };
		63E54AAC19EE179600C7AC2F /* libmoai-core.a */ = {isa = PBXFileReference; lastKnownFileType = archive.ar; path = "libmoai-core.a"; sourceTree = "<group>"; };
		63E54AAD19EE179600C7AC2F /* libmoai-http-client.a */ = {isa = PBXFileReference; lastKnownFileType = archive.ar; path = "libmoai-http-client.a"; sourceTree = "<group>"; };
		63E54AAE19EE179600C7AC2F /* libmoai-luaext.a */ = {isa = PBXFileReference; lastKnownFileType = archive.ar; path = "libmoai-luaext.a"; sourceTree = "<group>"; };
		63E54AAF19EE179600C7AC2F /* libmoai-sim.a */ = {isa = PBXFileReference; lastKnownFileType = archive.ar; path = "libmoai-sim.a"; sourceTree = "<group>"; };
		63E54AB019EE179600C7AC2F /* libmoai-untz.a */ = {isa = PBXFileReference; lastKnownFileType = archive.ar; path = "libmoai-untz.a"; sourceTree = "<group>"; };
		63E54AB119EE179600C7AC2F /* libmoai-util.a */ = {isa = PBXFileReference; lastKnownFileType = archive.ar; path = "libmoai-util.a"; sourceTree = "<group>"; };
		63E54AB219EE179600C7AC2F /* libmongoose.a */ = {isa = PBXFileReference; lastKnownFileType = archive.ar; path = libmongoose.a; sourceTree = "<group>"; };
		63E54AB319EE179600C7AC2F /* libogg.a */ = {isa = PBXFileReference; lastKnownFileType = archive.ar; path = libogg.a; sourceTree = "<group>"; };
		63E54AB419EE179600C7AC2F /* libpng.a */ = {isa = PBXFileReference; lastKnownFileType = archive.ar; path = libpng.a; sourceTree = "<group>"; };
		63E54AB519EE179600C7AC2F /* libSDL2.a */ = {isa = PBXFileReference; lastKnownFileType = archive.ar; path = libSDL2.a; sourceTree = "<group>"; };
		63E54AB619EE179600C7AC2F /* libSDL2main.a */ = {isa = PBXFileReference; lastKnownFileType = archive.ar; path = libSDL2main.a; sourceTree = "<group>"; };
		63E54AB719EE179600C7AC2F /* libsfmt.a */ = {isa = PBXFileReference; lastKnownFileType = archive.ar; path = libsfmt.a; sourceTree = "<group>"; };
		63E54AB819EE179600C7AC2F /* libsqlite3.a */ = {isa = PBXFileReference; lastKnownFileType = archive.ar; path = libsqlite3.a; sourceTree = "<group>"; };
		63E54AB919EE179700C7AC2F /* libssl.a */ = {isa = PBXFileReference; lastKnownFileType = archive.ar; path = libssl.a; sourceTree = "<group>"; };
		63E54ABA19EE179700C7AC2F /* libtinyxml.a */ = {isa = PBXFileReference; lastKnownFileType = archive.ar; path = libtinyxml.a; sourceTree = "<group>"; };
		63E54ABB19EE179700C7AC2F /* libtlsf.a */ = {isa = PBXFileReference; lastKnownFileType = archive.ar; path = libtlsf.a; sourceTree = "<group>"; };
		63E54ABC19EE179700C7AC2F /* libuntz.a */ = {isa = PBXFileReference; lastKnownFileType = archive.ar; path = libuntz.a; sourceTree = "<group>"; };
		63E54ABD19EE179700C7AC2F /* libvorbis.a */ = {isa = PBXFileReference; lastKnownFileType = archive.ar; path = libvorbis.a; sourceTree = "<group>"; };
		63E54ABE19EE179700C7AC2F /* libzlcore.a */ = {isa = PBXFileReference; lastKnownFileType = archive.ar; path = libzlcore.a; sourceTree = "<group>"; };
		63E54ABF19EE179700C7AC2F /* libzlib.a */ = {isa = PBXFileReference; lastKnownFileType = archive.ar; path = libzlib.a; sourceTree = "<group>"; };
		63E54AC019EE179700C7AC2F /* libzlvfs.a */ = {isa = PBXFileReference; lastKnownFileType = archive.ar; path = libzlvfs.a; sourceTree = "<group>"; };
		63E54AE919EE1A1200C7AC2F /* AudioToolbox.framework */ = {isa = PBXFileReference; lastKnownFileType = wrapper.framework; name = AudioToolbox.framework; path = System/Library/Frameworks/AudioToolbox.framework; sourceTree = SDKROOT; };
		63E54AEA19EE1A1200C7AC2F /* AudioUnit.framework */ = {isa = PBXFileReference; lastKnownFileType = wrapper.framework; name = AudioUnit.framework; path = System/Library/Frameworks/AudioUnit.framework; sourceTree = SDKROOT; };
		63E54AEB19EE1A1200C7AC2F /* CoreAudio.framework */ = {isa = PBXFileReference; lastKnownFileType = wrapper.framework; name = CoreAudio.framework; path = System/Library/Frameworks/CoreAudio.framework; sourceTree = SDKROOT; };
		63E54AEC19EE1A1300C7AC2F /* CoreGraphics.framework */ = {isa = PBXFileReference; lastKnownFileType = wrapper.framework; name = CoreGraphics.framework; path = System/Library/Frameworks/CoreGraphics.framework; sourceTree = SDKROOT; };
		63E54AED19EE1A1300C7AC2F /* CoreLocation.framework */ = {isa = PBXFileReference; lastKnownFileType = wrapper.framework; name = CoreLocation.framework; path = System/Library/Frameworks/CoreLocation.framework; sourceTree = SDKROOT; };
		63E54AEE19EE1A1300C7AC2F /* GameKit.framework */ = {isa = PBXFileReference; lastKnownFileType = wrapper.framework; name = GameKit.framework; path = System/Library/Frameworks/GameKit.framework; sourceTree = SDKROOT; };
		63E54AEF19EE1A1300C7AC2F /* QuartzCore.framework */ = {isa = PBXFileReference; lastKnownFileType = wrapper.framework; name = QuartzCore.framework; path = System/Library/Frameworks/QuartzCore.framework; sourceTree = SDKROOT; };
		63E54AF019EE1A1300C7AC2F /* StoreKit.framework */ = {isa = PBXFileReference; lastKnownFileType = wrapper.framework; name = StoreKit.framework; path = System/Library/Frameworks/StoreKit.framework; sourceTree = SDKROOT; };
		63E54AF119EE1A1300C7AC2F /* SystemConfiguration.framework */ = {isa = PBXFileReference; lastKnownFileType = wrapper.framework; name = SystemConfiguration.framework; path = System/Library/Frameworks/SystemConfiguration.framework; sourceTree = SDKROOT; };
		63E54AFB19EE1A5100C7AC2F /* OpenGL.framework */ = {isa = PBXFileReference; lastKnownFileType = wrapper.framework; name = OpenGL.framework; path = System/Library/Frameworks/OpenGL.framework; sourceTree = SDKROOT; };
		63E54AFD19EE1A6F00C7AC2F /* CoreServices.framework */ = {isa = PBXFileReference; lastKnownFileType = wrapper.framework; name = CoreServices.framework; path = System/Library/Frameworks/CoreServices.framework; sourceTree = SDKROOT; };
		63E54AFF19EE1A7900C7AC2F /* ApplicationServices.framework */ = {isa = PBXFileReference; lastKnownFileType = wrapper.framework; name = ApplicationServices.framework; path = System/Library/Frameworks/ApplicationServices.framework; sourceTree = SDKROOT; };
		63E54B0119EE1B1F00C7AC2F /* ForceFeedback.framework */ = {isa = PBXFileReference; lastKnownFileType = wrapper.framework; name = ForceFeedback.framework; path = System/Library/Frameworks/ForceFeedback.framework; sourceTree = SDKROOT; };
		63E54B0319EE1B4D00C7AC2F /* IOKit.framework */ = {isa = PBXFileReference; lastKnownFileType = wrapper.framework; name = IOKit.framework; path = System/Library/Frameworks/IOKit.framework; sourceTree = SDKROOT; };
		63E54B0619EE1C4B00C7AC2F /* Carbon.framework */ = {isa = PBXFileReference; lastKnownFileType = wrapper.framework; name = Carbon.framework; path = System/Library/Frameworks/Carbon.framework; sourceTree = SDKROOT; };
		63F755901A3C370900EF9127 /* libzlcrypto.a */ = {isa = PBXFileReference; lastKnownFileType = archive.ar; path = libzlcrypto.a; sourceTree = "<group>"; };
		BD02B4171AB7B508006743DE /* SDLJoystick.cpp */ = {isa = PBXFileReference; fileEncoding = 4; lastKnownFileType = sourcecode.cpp.cpp; path = SDLJoystick.cpp; sourceTree = "<group>"; };
		BD02B4181AB7B508006743DE /* SDLJoystick.h */ = {isa = PBXFileReference; fileEncoding = 4; lastKnownFileType = sourcecode.c.h; path = SDLJoystick.h; sourceTree = "<group>"; };
		BD02B4191AB7B508006743DE /* SDLKeyCodeMapping.cpp */ = {isa = PBXFileReference; fileEncoding = 4; lastKnownFileType = sourcecode.cpp.cpp; path = SDLKeyCodeMapping.cpp; sourceTree = "<group>"; };
		BD02B41A1AB7B508006743DE /* SDLKeyCodeMapping.h */ = {isa = PBXFileReference; fileEncoding = 4; lastKnownFileType = sourcecode.c.h; path = SDLKeyCodeMapping.h; sourceTree = "<group>"; };
		BD02B41D1AB7B53F006743DE /* aku_plugins.cpp */ = {isa = PBXFileReference; fileEncoding = 4; lastKnownFileType = sourcecode.cpp.cpp; path = aku_plugins.cpp; sourceTree = "<group>"; };
		BD02B41F1AB7B53F006743DE /* aku_plugins.h */ = {isa = PBXFileReference; fileEncoding = 4; lastKnownFileType = sourcecode.c.h; path = aku_plugins.h; sourceTree = "<group>"; };
		BD02B4221AB7B5A7006743DE /* libmoai-apple.a */ = {isa = PBXFileReference; lastKnownFileType = archive.ar; path = "libmoai-apple.a"; sourceTree = "<group>"; };
		BD02B4231AB7B5A7006743DE /* libmoai-audiosampler.a */ = {isa = PBXFileReference; lastKnownFileType = archive.ar; path = "libmoai-audiosampler.a"; sourceTree = "<group>"; };
		BD02B4241AB7B5A7006743DE /* libmoai-http-server.a */ = {isa = PBXFileReference; lastKnownFileType = archive.ar; path = "libmoai-http-server.a"; sourceTree = "<group>"; };
		BD02B4251AB7B5A7006743DE /* libmoai-sdl.a */ = {isa = PBXFileReference; lastKnownFileType = archive.ar; path = "libmoai-sdl.a"; sourceTree = "<group>"; };
		BD02B4261AB7B5A7006743DE /* libpvr.a */ = {isa = PBXFileReference; lastKnownFileType = archive.ar; path = libpvr.a; sourceTree = "<group>"; };
		BD02B4271AB7B5A7006743DE /* libwebp.a */ = {isa = PBXFileReference; lastKnownFileType = archive.ar; path = libwebp.a; sourceTree = "<group>"; };
/* End PBXFileReference section */

/* Begin PBXFrameworksBuildPhase section */
		63E54A6819EE14DF00C7AC2F /* Frameworks */ = {
			isa = PBXFrameworksBuildPhase;
			buildActionMask = 2147483647;
			files = (
				63157D6219FCB57D009018A3 /* libmoai-crypto.a in Frameworks */,
				63157D6319FCB57D009018A3 /* libtess.a in Frameworks */,
				63E54B0719EE1C4B00C7AC2F /* Carbon.framework in Frameworks */,
				63E54B0519EE1B7000C7AC2F /* AppKit.framework in Frameworks */,
				63E54B0419EE1B4D00C7AC2F /* IOKit.framework in Frameworks */,
				63E54B0219EE1B1F00C7AC2F /* ForceFeedback.framework in Frameworks */,
				63E54B0019EE1A7A00C7AC2F /* ApplicationServices.framework in Frameworks */,
				63E54AFE19EE1A6F00C7AC2F /* CoreServices.framework in Frameworks */,
				63E54AFC19EE1A5100C7AC2F /* OpenGL.framework in Frameworks */,
				63E54AF219EE1A1300C7AC2F /* AudioToolbox.framework in Frameworks */,
				63E54AF319EE1A1300C7AC2F /* AudioUnit.framework in Frameworks */,
				63E54AF419EE1A1300C7AC2F /* CoreAudio.framework in Frameworks */,
				63E54AF519EE1A1300C7AC2F /* CoreGraphics.framework in Frameworks */,
				63E54AF619EE1A1300C7AC2F /* CoreLocation.framework in Frameworks */,
				63E54AF719EE1A1300C7AC2F /* GameKit.framework in Frameworks */,
				63E54AF819EE1A1300C7AC2F /* QuartzCore.framework in Frameworks */,
				63E54AF919EE1A1300C7AC2F /* StoreKit.framework in Frameworks */,
				63E54AFA19EE1A1300C7AC2F /* SystemConfiguration.framework in Frameworks */,
				63E54AE819EE1A1200C7AC2F /* Foundation.framework in Frameworks */,
				63E54AC119EE179700C7AC2F /* libbox2d.a in Frameworks */,
				63E54AC319EE179700C7AC2F /* libcontrib.a in Frameworks */,
				63E54AC419EE179700C7AC2F /* libcrypto.a in Frameworks */,
				BD02B4281AB7B5A7006743DE /* libmoai-apple.a in Frameworks */,
				63E54AC519EE179700C7AC2F /* libcurl.a in Frameworks */,
				63E54AC619EE179700C7AC2F /* libexpat.a in Frameworks */,
				63E54AC719EE179700C7AC2F /* libfreetype.a in Frameworks */,
				63E54AC819EE179700C7AC2F /* libglew.a in Frameworks */,
				63E54AC919EE179700C7AC2F /* libjansson.a in Frameworks */,
				BD02B4291AB7B5A7006743DE /* libmoai-audiosampler.a in Frameworks */,
				63E54ACA19EE179700C7AC2F /* libjpg.a in Frameworks */,
				63E54ACB19EE179700C7AC2F /* libluacrypto.a in Frameworks */,
				63E54ACC19EE179700C7AC2F /* libluacurl.a in Frameworks */,
				63E54ACD19EE179700C7AC2F /* libluafilesystem.a in Frameworks */,
				63E54ACE19EE179700C7AC2F /* libluajit.a in Frameworks */,
				BD02B42C1AB7B5A7006743DE /* libpvr.a in Frameworks */,
				63E54ACF19EE179700C7AC2F /* libluasocket.a in Frameworks */,
				63E54AD019EE179700C7AC2F /* libluasql.a in Frameworks */,
				63E54AD119EE179700C7AC2F /* libmoai-box2d.a in Frameworks */,
				63E54AD319EE179700C7AC2F /* libmoai-core.a in Frameworks */,
				BD02B42B1AB7B5A7006743DE /* libmoai-sdl.a in Frameworks */,
				63E54AD419EE179700C7AC2F /* libmoai-http-client.a in Frameworks */,
				63E54AD519EE179700C7AC2F /* libmoai-luaext.a in Frameworks */,
				63E54AD619EE179700C7AC2F /* libmoai-sim.a in Frameworks */,
				63E54AD719EE179700C7AC2F /* libmoai-untz.a in Frameworks */,
				BD02B42A1AB7B5A7006743DE /* libmoai-http-server.a in Frameworks */,
				63E54AD819EE179700C7AC2F /* libmoai-util.a in Frameworks */,
				63E54AD919EE179700C7AC2F /* libmongoose.a in Frameworks */,
				63E54ADA19EE179700C7AC2F /* libogg.a in Frameworks */,
				63F755911A3C370900EF9127 /* libzlcrypto.a in Frameworks */,
				63E54ADB19EE179700C7AC2F /* libpng.a in Frameworks */,
				63E54ADC19EE179700C7AC2F /* libSDL2.a in Frameworks */,
				63E54ADD19EE179700C7AC2F /* libSDL2main.a in Frameworks */,
				63E54ADE19EE179700C7AC2F /* libsfmt.a in Frameworks */,
				63E54ADF19EE179700C7AC2F /* libsqlite3.a in Frameworks */,
				63E54AE019EE179700C7AC2F /* libssl.a in Frameworks */,
				63E54AE119EE179700C7AC2F /* libtinyxml.a in Frameworks */,
				BD02B42D1AB7B5A7006743DE /* libwebp.a in Frameworks */,
				63E54AE219EE179700C7AC2F /* libtlsf.a in Frameworks */,
				63E54AE319EE179700C7AC2F /* libuntz.a in Frameworks */,
				63E54AE419EE179700C7AC2F /* libvorbis.a in Frameworks */,
				63E54AE519EE179700C7AC2F /* libzlcore.a in Frameworks */,
				63E54AE619EE179700C7AC2F /* libzlib.a in Frameworks */,
				63E54AE719EE179700C7AC2F /* libzlvfs.a in Frameworks */,
			);
			runOnlyForDeploymentPostprocessing = 0;
		};
/* End PBXFrameworksBuildPhase section */

/* Begin PBXGroup section */
		63157D5619FCAE84009018A3 /* lib */ = {
			isa = PBXGroup;
			children = (
				BD02B4221AB7B5A7006743DE /* libmoai-apple.a */,
				BD02B4231AB7B5A7006743DE /* libmoai-audiosampler.a */,
				BD02B4241AB7B5A7006743DE /* libmoai-http-server.a */,
				BD02B4251AB7B5A7006743DE /* libmoai-sdl.a */,
				BD02B4261AB7B5A7006743DE /* libpvr.a */,
				BD02B4271AB7B5A7006743DE /* libwebp.a */,
				63E54A9A19EE179600C7AC2F /* libbox2d.a */,
				63E54A9C19EE179600C7AC2F /* libcontrib.a */,
				63E54A9D19EE179600C7AC2F /* libcrypto.a */,
				63E54A9E19EE179600C7AC2F /* libcurl.a */,
				63E54A9F19EE179600C7AC2F /* libexpat.a */,
				63E54AA019EE179600C7AC2F /* libfreetype.a */,
				63E54AA119EE179600C7AC2F /* libglew.a */,
				63E54AA219EE179600C7AC2F /* libjansson.a */,
				63E54AA319EE179600C7AC2F /* libjpg.a */,
				63E54AA419EE179600C7AC2F /* libluacrypto.a */,
				63E54AA519EE179600C7AC2F /* libluacurl.a */,
				63E54AA619EE179600C7AC2F /* libluafilesystem.a */,
				63E54AA719EE179600C7AC2F /* libluajit.a */,
				63E54AA819EE179600C7AC2F /* libluasocket.a */,
				63E54AA919EE179600C7AC2F /* libluasql.a */,
				63E54AAA19EE179600C7AC2F /* libmoai-box2d.a */,
				63E54AAC19EE179600C7AC2F /* libmoai-core.a */,
				63E54AAD19EE179600C7AC2F /* libmoai-http-client.a */,
				63E54AAE19EE179600C7AC2F /* libmoai-luaext.a */,
				63E54AAF19EE179600C7AC2F /* libmoai-sim.a */,
				63E54AB019EE179600C7AC2F /* libmoai-untz.a */,
				63E54AB119EE179600C7AC2F /* libmoai-util.a */,
				63E54AB219EE179600C7AC2F /* libmongoose.a */,
				63E54AB319EE179600C7AC2F /* libogg.a */,
				63E54AB419EE179600C7AC2F /* libpng.a */,
				63E54AB519EE179600C7AC2F /* libSDL2.a */,
				63E54AB619EE179600C7AC2F /* libSDL2main.a */,
				63E54AB719EE179600C7AC2F /* libsfmt.a */,
				63E54AB819EE179600C7AC2F /* libsqlite3.a */,
				63E54AB919EE179700C7AC2F /* libssl.a */,
				63E54ABA19EE179700C7AC2F /* libtinyxml.a */,
				63E54ABB19EE179700C7AC2F /* libtlsf.a */,
				63E54ABC19EE179700C7AC2F /* libuntz.a */,
				63E54ABD19EE179700C7AC2F /* libvorbis.a */,
				63157D6019FCB57D009018A3 /* libmoai-crypto.a */,
				63157D6119FCB57D009018A3 /* libtess.a */,
				63E54ABE19EE179700C7AC2F /* libzlcore.a */,
				63F755901A3C370900EF9127 /* libzlcrypto.a */,
				63E54ABF19EE179700C7AC2F /* libzlib.a */,
				63E54AC019EE179700C7AC2F /* libzlvfs.a */,
			);
			name = lib;
			path = lib/lib;
			sourceTree = "<group>";
		};
		63157D5D19FCB418009018A3 /* lua */ = {
			isa = PBXGroup;
			children = (
				63157D5B19FCB407009018A3 /* bootstrap.lua */,
			);
			name = lua;
			sourceTree = "<group>";
		};
		63E54A6219EE14DF00C7AC2F = {
			isa = PBXGroup;
			children = (
				63157D5E19FCB4F0009018A3 /* anim-basic */,
				63157D5619FCAE84009018A3 /* lib */,
				63E54A7419EE14DF00C7AC2F /* app */,
				63E54A6D19EE14DF00C7AC2F /* Frameworks */,
				63E54A6C19EE14DF00C7AC2F /* Products */,
			);
			sourceTree = "<group>";
		};
		63E54A6C19EE14DF00C7AC2F /* Products */ = {
			isa = PBXGroup;
			children = (
				63E54A6B19EE14DF00C7AC2F /* Moai Template.app */,
			);
			name = Products;
			sourceTree = "<group>";
		};
		63E54A6D19EE14DF00C7AC2F /* Frameworks */ = {
			isa = PBXGroup;
			children = (
				63E54B0619EE1C4B00C7AC2F /* Carbon.framework */,
				63E54B0319EE1B4D00C7AC2F /* IOKit.framework */,
				63E54B0119EE1B1F00C7AC2F /* ForceFeedback.framework */,
				63E54AFF19EE1A7900C7AC2F /* ApplicationServices.framework */,
				63E54AFD19EE1A6F00C7AC2F /* CoreServices.framework */,
				63E54AFB19EE1A5100C7AC2F /* OpenGL.framework */,
				63E54AE919EE1A1200C7AC2F /* AudioToolbox.framework */,
				63E54AEA19EE1A1200C7AC2F /* AudioUnit.framework */,
				63E54AEB19EE1A1200C7AC2F /* CoreAudio.framework */,
				63E54AEC19EE1A1300C7AC2F /* CoreGraphics.framework */,
				63E54AED19EE1A1300C7AC2F /* CoreLocation.framework */,
				63E54AEE19EE1A1300C7AC2F /* GameKit.framework */,
				63E54AEF19EE1A1300C7AC2F /* QuartzCore.framework */,
				63E54AF019EE1A1300C7AC2F /* StoreKit.framework */,
				63E54AF119EE1A1300C7AC2F /* SystemConfiguration.framework */,
				63E54A6E19EE14DF00C7AC2F /* Cocoa.framework */,
				63E54A7019EE14DF00C7AC2F /* Other Frameworks */,
			);
			name = Frameworks;
			sourceTree = "<group>";
		};
		63E54A7019EE14DF00C7AC2F /* Other Frameworks */ = {
			isa = PBXGroup;
			children = (
				63E54A7119EE14DF00C7AC2F /* AppKit.framework */,
				63E54A7219EE14DF00C7AC2F /* CoreData.framework */,
				63E54A7319EE14DF00C7AC2F /* Foundation.framework */,
			);
			name = "Other Frameworks";
			sourceTree = "<group>";
		};
		63E54A7419EE14DF00C7AC2F /* app */ = {
			isa = PBXGroup;
			children = (
				63157D5D19FCB418009018A3 /* lua */,
				63E54A8B19EE170700C7AC2F /* host-modules */,
				63E54A9219EE170700C7AC2F /* host-sdl */,
				63E54A7519EE14DF00C7AC2F /* Supporting Files */,
			);
			path = app;
			sourceTree = "<group>";
		};
		63E54A7519EE14DF00C7AC2F /* Supporting Files */ = {
			isa = PBXGroup;
			children = (
				635014991A162880000E237F /* Icon-120.png */,
				63E54A7619EE14DF00C7AC2F /* Moai Template-Info.plist */,
				63E54A7719EE14DF00C7AC2F /* InfoPlist.strings */,
			);
			name = "Supporting Files";
			sourceTree = "<group>";
		};
		63E54A8B19EE170700C7AC2F /* host-modules */ = {
			isa = PBXGroup;
			children = (
				BD02B41D1AB7B53F006743DE /* aku_plugins.cpp */,
				BD02B41F1AB7B53F006743DE /* aku_plugins.h */,
				63157D6419FCB5A1009018A3 /* aku_modules_util.cpp */,
				63157D6519FCB5A1009018A3 /* aku_modules_util.h */,
				63E54A8C19EE170700C7AC2F /* aku_modules.cpp */,
				63E54A8D19EE170700C7AC2F /* aku_modules.h */,
				63E54A8E19EE170700C7AC2F /* aku_modules_config.h */,
			);
			path = "host-modules";
			sourceTree = "<group>";
		};
		63E54A9219EE170700C7AC2F /* host-sdl */ = {
			isa = PBXGroup;
			children = (
				BD02B4171AB7B508006743DE /* SDLJoystick.cpp */,
				BD02B4181AB7B508006743DE /* SDLJoystick.h */,
				BD02B4191AB7B508006743DE /* SDLKeyCodeMapping.cpp */,
				BD02B41A1AB7B508006743DE /* SDLKeyCodeMapping.h */,
				63E54A9319EE170700C7AC2F /* SDLHost.cpp */,
				63E54A9419EE170700C7AC2F /* SDLHost.h */,
				63E54A9519EE170700C7AC2F /* SDLHostMain.cpp */,
			);
			path = "host-sdl";
			sourceTree = "<group>";
		};
/* End PBXGroup section */

/* Begin PBXNativeTarget section */
		63E54A6A19EE14DF00C7AC2F /* Moai Template */ = {
			isa = PBXNativeTarget;
			buildConfigurationList = 63E54A8819EE14DF00C7AC2F /* Build configuration list for PBXNativeTarget "Moai Template" */;
			buildPhases = (
				63E54A6719EE14DF00C7AC2F /* Sources */,
				63E54A6819EE14DF00C7AC2F /* Frameworks */,
				63E54A6919EE14DF00C7AC2F /* Resources */,
			);
			buildRules = (
			);
			dependencies = (
			);
			name = "Moai Template";
			productName = "Moai Template";
			productReference = 63E54A6B19EE14DF00C7AC2F /* Moai Template.app */;
			productType = "com.apple.product-type.application";
		};
/* End PBXNativeTarget section */

/* Begin PBXProject section */
		63E54A6319EE14DF00C7AC2F /* Project object */ = {
			isa = PBXProject;
			attributes = {
				LastUpgradeCheck = 0610;
				ORGANIZATIONNAME = david;
			};
			buildConfigurationList = 63E54A6619EE14DF00C7AC2F /* Build configuration list for PBXProject "Moai Template" */;
			compatibilityVersion = "Xcode 3.2";
			developmentRegion = English;
			hasScannedForEncodings = 0;
			knownRegions = (
				en,
			);
			mainGroup = 63E54A6219EE14DF00C7AC2F;
			productRefGroup = 63E54A6C19EE14DF00C7AC2F /* Products */;
			projectDirPath = "";
			projectRoot = "";
			targets = (
				63E54A6A19EE14DF00C7AC2F /* Moai Template */,
			);
		};
/* End PBXProject section */

/* Begin PBXResourcesBuildPhase section */
		63E54A6919EE14DF00C7AC2F /* Resources */ = {
			isa = PBXResourcesBuildPhase;
			buildActionMask = 2147483647;
			files = (
				6350149A1A162880000E237F /* Icon-120.png in Resources */,
				63E54A7919EE14DF00C7AC2F /* InfoPlist.strings in Resources */,
				63157D5F19FCB4F0009018A3 /* anim-basic in Resources */,
				63157D5C19FCB407009018A3 /* bootstrap.lua in Resources */,
			);
			runOnlyForDeploymentPostprocessing = 0;
		};
/* End PBXResourcesBuildPhase section */

/* Begin PBXSourcesBuildPhase section */
		63E54A6719EE14DF00C7AC2F /* Sources */ = {
			isa = PBXSourcesBuildPhase;
			buildActionMask = 2147483647;
			files = (
				BD02B41B1AB7B508006743DE /* SDLJoystick.cpp in Sources */,
				BD02B4201AB7B53F006743DE /* aku_plugins.cpp in Sources */,
				BD02B41C1AB7B508006743DE /* SDLKeyCodeMapping.cpp in Sources */,
				63E54A9619EE170700C7AC2F /* aku_modules.cpp in Sources */,
				63E54A9819EE170700C7AC2F /* SDLHost.cpp in Sources */,
				63E54A9919EE170700C7AC2F /* SDLHostMain.cpp in Sources */,
				63157D6619FCB5A1009018A3 /* aku_modules_util.cpp in Sources */,
			);
			runOnlyForDeploymentPostprocessing = 0;
		};
/* End PBXSourcesBuildPhase section */

/* Begin PBXVariantGroup section */
		63E54A7719EE14DF00C7AC2F /* InfoPlist.strings */ = {
			isa = PBXVariantGroup;
			children = (
				63E54A7819EE14DF00C7AC2F /* en */,
			);
			name = InfoPlist.strings;
			sourceTree = "<group>";
		};
/* End PBXVariantGroup section */

/* Begin XCBuildConfiguration section */
		63E54A8619EE14DF00C7AC2F /* Debug */ = {
			isa = XCBuildConfiguration;
			buildSettings = {
				ALWAYS_SEARCH_USER_PATHS = NO;
				CLANG_CXX_LANGUAGE_STANDARD = "gnu++0x";
				CLANG_CXX_LIBRARY = "libc++";
				CLANG_WARN_CONSTANT_CONVERSION = YES;
				CLANG_WARN_EMPTY_BODY = YES;
				CLANG_WARN_ENUM_CONVERSION = YES;
				CLANG_WARN_INT_CONVERSION = YES;
				CLANG_WARN__DUPLICATE_METHOD_MATCH = YES;
				COPY_PHASE_STRIP = NO;
				GCC_C_LANGUAGE_STANDARD = gnu99;
				GCC_DYNAMIC_NO_PIC = NO;
				GCC_ENABLE_OBJC_EXCEPTIONS = YES;
				GCC_OPTIMIZATION_LEVEL = 0;
				GCC_PREPROCESSOR_DEFINITIONS = (
					"DEBUG=1",
					"$(inherited)",
				);
				GCC_SYMBOLS_PRIVATE_EXTERN = NO;
				GCC_WARN_64_TO_32_BIT_CONVERSION = YES;
				GCC_WARN_ABOUT_RETURN_TYPE = YES;
				GCC_WARN_UNINITIALIZED_AUTOS = YES;
				GCC_WARN_UNUSED_VARIABLE = YES;
				MACOSX_DEPLOYMENT_TARGET = 10.8;
				ONLY_ACTIVE_ARCH = YES;
				SDKROOT = macosx;
			};
			name = Debug;
		};
		63E54A8719EE14DF00C7AC2F /* Release */ = {
			isa = XCBuildConfiguration;
			buildSettings = {
				ALWAYS_SEARCH_USER_PATHS = NO;
				CLANG_CXX_LANGUAGE_STANDARD = "gnu++0x";
				CLANG_CXX_LIBRARY = "libc++";
				CLANG_WARN_CONSTANT_CONVERSION = YES;
				CLANG_WARN_EMPTY_BODY = YES;
				CLANG_WARN_ENUM_CONVERSION = YES;
				CLANG_WARN_INT_CONVERSION = YES;
				CLANG_WARN__DUPLICATE_METHOD_MATCH = YES;
				COPY_PHASE_STRIP = YES;
				DEBUG_INFORMATION_FORMAT = "dwarf-with-dsym";
				GCC_C_LANGUAGE_STANDARD = gnu99;
				GCC_ENABLE_OBJC_EXCEPTIONS = YES;
				GCC_WARN_64_TO_32_BIT_CONVERSION = YES;
				GCC_WARN_ABOUT_RETURN_TYPE = YES;
				GCC_WARN_UNINITIALIZED_AUTOS = YES;
				GCC_WARN_UNUSED_VARIABLE = YES;
				MACOSX_DEPLOYMENT_TARGET = 10.8;
				SDKROOT = macosx;
			};
			name = Release;
		};
		63E54A8919EE14DF00C7AC2F /* Debug */ = {
			isa = XCBuildConfiguration;
			buildSettings = {
				CLANG_CXX_LIBRARY = "libc++";
				COMBINE_HIDPI_IMAGES = YES;
				GCC_PRECOMPILE_PREFIX_HEADER = YES;
				GCC_PREFIX_HEADER = "";
				GCC_PREPROCESSOR_DEFINITIONS = (
					"AKU_WITH_SDL=1",
					"_DEBUG=1",
					"DEBUG=1",
					"$(inherited)",
				);
				HEADER_SEARCH_PATHS = (
					"\"$(SRCROOT)/lib/include\"",
					"\"$(SRCROOT)/app\"",
					"\"$(SRCROOT)/lib/include/SDL2\"",
				);
				INFOPLIST_FILE = "$(SRCROOT)/app/Moai Template-Info.plist";
				LIBRARY_SEARCH_PATHS = (
					"$(inherited)",
					"\"$(SRCROOT)/lib/lib\"",
					"$(PROJECT_DIR)/lib/lib",
				);
				OTHER_CFLAGS = (
					"-include",
					"zl-vfs/zl_replace.h",
				);
				OTHER_LDFLAGS = (
					"-pagezero_size",
					10000,
					"-image_base",
					100000000,
				);
				PRODUCT_NAME = "$(TARGET_NAME)";
				WRAPPER_EXTENSION = app;
			};
			name = Debug;
		};
		63E54A8A19EE14DF00C7AC2F /* Release */ = {
			isa = XCBuildConfiguration;
			buildSettings = {
				CLANG_CXX_LIBRARY = "libc++";
				COMBINE_HIDPI_IMAGES = YES;
				GCC_PRECOMPILE_PREFIX_HEADER = YES;
				GCC_PREFIX_HEADER = "";
				GCC_PREPROCESSOR_DEFINITIONS = (
					"AKU_WITH_SDL=1",
					"$(inherited)",
				);
				HEADER_SEARCH_PATHS = (
					"\"$(SRCROOT)/lib/include\"",
					"\"$(SRCROOT)/app\"",
					"\"$(SRCROOT)/lib/include/SDL2\"",
				);
				INFOPLIST_FILE = "$(SRCROOT)/app/Moai Template-Info.plist";
				LIBRARY_SEARCH_PATHS = (
					"$(inherited)",
					"\"$(SRCROOT)/lib/lib\"",
					"$(PROJECT_DIR)/lib/lib",
				);
				OTHER_CFLAGS = (
					"-include",
					"zl-vfs/zl_replace.h",
				);
				OTHER_LDFLAGS = (
					"-pagezero_size",
					10000,
					"-image_base",
					100000000,
				);
				PRODUCT_NAME = "$(TARGET_NAME)";
				WRAPPER_EXTENSION = app;
			};
			name = Release;
		};
/* End XCBuildConfiguration section */

/* Begin XCConfigurationList section */
		63E54A6619EE14DF00C7AC2F /* Build configuration list for PBXProject "Moai Template" */ = {
			isa = XCConfigurationList;
			buildConfigurations = (
				63E54A8619EE14DF00C7AC2F /* Debug */,
				63E54A8719EE14DF00C7AC2F /* Release */,
			);
			defaultConfigurationIsVisible = 0;
			defaultConfigurationName = Release;
		};
		63E54A8819EE14DF00C7AC2F /* Build configuration list for PBXNativeTarget "Moai Template" */ = {
			isa = XCConfigurationList;
			buildConfigurations = (
				63E54A8919EE14DF00C7AC2F /* Debug */,
				63E54A8A19EE14DF00C7AC2F /* Release */,
			);
			defaultConfigurationIsVisible = 0;
			defaultConfigurationName = Release;
		};
/* End XCConfigurationList section */
	};
	rootObject = 63E54A6319EE14DF00C7AC2F /* Project object */;
}
